{
  "version": 4,
  "terraform_version": "1.12.2",
  "serial": 821,
  "lineage": "4aaed915-dd6a-68d5-9613-eeba63ae6877",
  "outputs": {},
  "resources": [
    {
      "module": "module.crashplan",
      "mode": "managed",
      "type": "proxmox_vm_qemu",
      "name": "crashplan",
      "provider": "module.crashplan.provider[\"registry.terraform.io/telmate/proxmox\"]",
      "instances": [
        {
          "index_key": 0,
          "schema_version": 0,
          "attributes": {
            "additional_wait": 5,
            "agent": 0,
            "agent_timeout": 90,
            "args": "",
            "automatic_reboot": true,
            "balloon": 0,
            "bios": "seabios",
            "boot": "c",
            "bootdisk": "scsi0",
            "ci_wait": null,
            "cicustom": "",
            "cipassword": "obo74Cle",
            "ciupgrade": false,
            "ciuser": "kevin",
            "clone": "ubuntu-cloud",
            "clone_id": null,
            "clone_wait": 10,
            "cores": 0,
            "cpu": [
              {
                "affinity": "",
                "cores": 4,
                "flags": [],
                "limit": 0,
                "numa": false,
                "sockets": 1,
                "type": "host",
                "units": 0,
                "vcores": 0
              }
            ],
            "cpu_type": "",
            "current_node": "pve",
            "default_ipv4_address": "192.168.11.7",
            "default_ipv6_address": "",
            "define_connection_info": true,
            "desc": "tf description",
            "disk": [],
            "disks": [
              {
                "ide": [
                  {
                    "ide0": [],
                    "ide1": [],
                    "ide2": [
                      {
                        "cdrom": [
                          {
                            "iso": "",
                            "passthrough": false
                          }
                        ],
                        "cloudinit": [],
                        "disk": [],
                        "ignore": false,
                        "passthrough": []
                      }
                    ],
                    "ide3": [
                      {
                        "cdrom": [],
                        "cloudinit": [
                          {
                            "storage": "ceph"
                          }
                        ],
                        "disk": [],
                        "ignore": false,
                        "passthrough": []
                      }
                    ]
                  }
                ],
                "sata": [],
                "scsi": [
                  {
                    "scsi0": [
                      {
                        "cdrom": [],
                        "cloudinit": [],
                        "disk": [
                          {
                            "asyncio": "",
                            "backup": true,
                            "cache": "",
                            "discard": false,
                            "emulatessd": false,
                            "format": "raw",
                            "id": 0,
                            "iops_r_burst": 0,
                            "iops_r_burst_length": 0,
                            "iops_r_concurrent": 0,
                            "iops_wr_burst": 0,
                            "iops_wr_burst_length": 0,
                            "iops_wr_concurrent": 0,
                            "iothread": false,
                            "linked_disk_id": -1,
                            "mbps_r_burst": 0,
                            "mbps_r_concurrent": 0,
                            "mbps_wr_burst": 0,
                            "mbps_wr_concurrent": 0,
                            "readonly": false,
                            "replicate": true,
                            "serial": "",
                            "size": "16G",
                            "storage": "ceph",
                            "wwn": ""
                          }
                        ],
                        "ignore": false,
                        "passthrough": []
                      }
                    ],
                    "scsi1": [],
                    "scsi10": [],
                    "scsi11": [],
                    "scsi12": [],
                    "scsi13": [],
                    "scsi14": [],
                    "scsi15": [],
                    "scsi16": [],
                    "scsi17": [],
                    "scsi18": [],
                    "scsi19": [],
                    "scsi2": [],
                    "scsi20": [],
                    "scsi21": [],
                    "scsi22": [],
                    "scsi23": [],
                    "scsi24": [],
                    "scsi25": [],
                    "scsi26": [],
                    "scsi27": [],
                    "scsi28": [],
                    "scsi29": [],
                    "scsi3": [],
                    "scsi30": [],
                    "scsi4": [],
                    "scsi5": [],
                    "scsi6": [],
                    "scsi7": [],
                    "scsi8": [],
                    "scsi9": []
                  }
                ],
                "virtio": []
              }
            ],
            "efidisk": [],
            "force_create": false,
            "force_recreate_on_change_of": null,
            "full_clone": true,
            "hagroup": "",
            "hastate": "",
            "hostpci": [],
            "hotplug": "network,disk,usb",
            "id": "pve/qemu/114",
            "ipconfig0": "ip=192.168.11.7/24,gw=192.168.11.1",
            "ipconfig1": "",
            "ipconfig10": "",
            "ipconfig11": "",
            "ipconfig12": "",
            "ipconfig13": "",
            "ipconfig14": "",
            "ipconfig15": "",
            "ipconfig2": "",
            "ipconfig3": "",
            "ipconfig4": "",
            "ipconfig5": "",
            "ipconfig6": "",
            "ipconfig7": "",
            "ipconfig8": "",
            "ipconfig9": "",
            "kvm": true,
            "linked_vmid": 0,
            "machine": "",
            "memory": 8000,
            "name": "crashplan",
            "nameserver": "",
            "network": [
              {
                "bridge": "vmbr0",
                "firewall": false,
                "id": 0,
                "link_down": false,
                "macaddr": "b6:16:15:d1:05:00",
                "model": "virtio",
                "mtu": 0,
                "queues": 0,
                "rate": 0,
                "tag": 0
              }
            ],
            "numa": false,
            "onboot": true,
            "os_network_config": null,
            "os_type": "ubuntu",
            "pci": [],
            "pcis": [],
            "pool": "HA-3",
            "protection": false,
            "pxe": null,
            "qemu_os": "other",
            "reboot_required": false,
            "scsihw": "virtio-scsi-pci",
            "searchdomain": "",
            "serial": [
              {
                "id": 0,
                "type": "socket"
              }
            ],
            "skip_ipv4": false,
            "skip_ipv6": false,
            "smbios": [
              {
                "family": "",
                "manufacturer": "",
                "product": "",
                "serial": "",
                "sku": "",
                "uuid": "ebb177d4-979e-4d41-948e-976c3e4526c3",
                "version": ""
              }
            ],
            "sockets": 0,
            "ssh_forward_ip": null,
            "ssh_host": "192.168.11.7",
            "ssh_port": "22",
            "ssh_private_key": null,
            "ssh_user": null,
            "sshkeys": "ssh-ed25519 AAAAC3NzaC1lZDI1NTE5AAAAIGBHWpYk7FDrlGcuQF1zYauvWa62Kmwj5Z/C/ksB0eK4 kevin@bessie\nssh-rsa AAAAB3NzaC1yc2EAAAADAQABAAABgQDCfKdycPd96nMVRwU166yImlMSlgjlClJP/JpDx6fUx4xECkpxfiRWyBELTmyFp1loC0ABLL6p86GQEeriABsuOkb9zwOiUTxvJEfwuVPKULvE3kt0nZrQQd0KpGFZ2qbhlTNAUVshU0eYGONevh9AwvjkGLZxakiwIl0XF1X/RzbotYmT7D4hA7yy2/8I97hMTL7a5xSLNMJpfd6rNzq9GwX/o4b06iJjlkyMmgUJevWst4ATb9XAgkJwuuPjXM9dSJi5MwjWYkwH0zCJvutPJ5Z28oy7M1R3+oCbGh+7xNmcOhrCcceV4Z5sq3uYOy/kRR3osCU2pFgirs9TxPwqLHTTiPlcxOvAaACNK9tQDSqI+XwNecBKt4NgvbavI4WgcilqAe3lmUlMskJllEwUi3QrnSGP53LaHu2PRxrPTLfLZI5DKReKzB29FE7ZsMiOCbcTB4SJrBRmxfVB7VSNepqqmLh3RyHb0vRWidKshsz9PXb1Zynpn7nGcbMKxFE= kevin@ansible\nssh-rsa AAAAB3NzaC1yc2EAAAADAQABAAABgQCqAJpgMNAvZsnnWEfg4vqU0LpmhNYN1+Pv9D8op3EGrCUHCmLAE9ur732ycHxBr7oKCe/G4xIV/kHivQglkGT0RrFdSNs5JY8gNo/CRICFVLsuBJPftX6b7pBdpIiEcvUugeqMJccxZ34fkiqE+z78v1T4vYSfTJwdRIiT243vJ/DxxLma3XyJgZTPi+2YTKYGKQsIHYicVeR838+mA/4hpTnRc0Oxqn1JPurhQ5wPptlUgpQCY5wGWn2Y17E8SnOmLq303SIvFdYAwZ8rxNJGm+vMuO4sUibcU4gszKI+wUR8lZtdQ2PihbHCxxF0RRtZIVYxZuy2KJsDsu2NRIxNgTU2k+Op+3igGYckYG2eJ814qScUL/KC3HcpBX2S808sT1QwfI4CxL0C3TWYKLsKqJWHLRahbnd6XPMRwi6EXrFxg5qWDD+RgWUND2Gr+2L2dTST8bvDehWbwUA+DeF2pMMT/QT1E7N9Dv71x+nx2MmiFKku9b8uA/AnngUKBn0= kevin@terraform\nssh-rsa AAAAB3NzaC1yc2EAAAADAQABAAABgQC5x5BmaQDMNAAPUXQ20hfeYzjcH4EenG4db8qPGhlojL5V2838XWNHKAn3+SBSnKDXONjomGB8ZXafILV9hr1BXRKoP/1HOj6IlhujJSk9lDWx5WOvRoZmBeLFuExkLJSlIU62eOAzXvxwHWgCHip947OV1toUy5GpPc+LUri9fHB9b4MV1BiNDA0Ad0rc2fjxQ2HOU5wq+g+zbTKB3HqewjfEdE56/6OHmXvJIXvucOCTFKep7r5nc6KFWt1I7r7eG+uZqDKotyfBHXe9nqh2dXkBYkT6G7+cRZSumhPsa2CMTGzY7aeHjKq1pJ2RYdFkp1jbUo+l2gLw5WPXZ2ugduR8aiwLazAMUN0+dhguMvomB+KbXUJfq1TEEuzdAohbxL6DNhBYXsXbJJwAEM+ovGT66tsl4+MFvjL+wO6X2d60EHfBxcFW0B7OQoE8bl7kg5ZBrobPjzN9g8dkGTwObWk+N9hCSSB+DUzz9osF+Q7gkv4TOWIT4M4WtrqGel8= kevin@fedora\n",
            "startup": "",
            "tablet": true,
            "tags": "",
            "target_node": "pve",
            "target_nodes": null,
            "timeouts": null,
            "tpm_state": [],
            "unused_disk": [],
            "usb": [],
            "usbs": [],
            "vcpus": 0,
            "vga": [],
            "vm_state": "running",
            "vmid": 114
          },
          "sensitive_attributes": [
            [
              {
                "type": "get_attr",
                "value": "cipassword"
              }
            ],
            [
              {
                "type": "get_attr",
                "value": "ssh_private_key"
              }
            ]
          ],
          "identity_schema_version": 0,
          "private": "eyJlMmJmYjczMC1lY2FhLTExZTYtOGY4OC0zNDM2M2JjN2M0YzAiOnsiY3JlYXRlIjoxMjAwMDAwMDAwMDAwLCJkZWZhdWx0IjoxMjAwMDAwMDAwMDAwLCJkZWxldGUiOjEyMDAwMDAwMDAwMDAsInJlYWQiOjEyMDAwMDAwMDAwMDAsInVwZGF0ZSI6MTIwMDAwMDAwMDAwMH19"
        }
      ]
    },
    {
      "module": "module.db-dev1",
      "mode": "managed",
      "type": "proxmox_vm_qemu",
      "name": "db-dev1",
      "provider": "module.db-dev1.provider[\"registry.terraform.io/telmate/proxmox\"]",
      "instances": [
        {
          "index_key": 0,
          "schema_version": 0,
          "attributes": {
            "additional_wait": 5,
            "agent": 0,
            "agent_timeout": 90,
            "args": "",
            "automatic_reboot": true,
            "balloon": 0,
            "bios": "seabios",
            "boot": "c",
            "bootdisk": "scsi0",
            "ci_wait": null,
            "cicustom": "",
            "cipassword": "obo74Cle",
            "ciupgrade": false,
            "ciuser": "kevin",
            "clone": "ubuntu-2404-cloud",
            "clone_id": null,
            "clone_wait": 10,
            "cores": 0,
            "cpu": [
              {
                "affinity": "",
                "cores": 4,
                "flags": [],
                "limit": 0,
                "numa": false,
                "sockets": 1,
                "type": "host",
                "units": 0,
                "vcores": 0
              }
            ],
            "cpu_type": "",
            "current_node": "nuc1",
            "default_ipv4_address": "192.168.80.51",
            "default_ipv6_address": "",
            "define_connection_info": true,
            "desc": "tf description",
            "disk": [],
            "disks": [
              {
                "ide": [
                  {
                    "ide0": [],
                    "ide1": [],
                    "ide2": [
                      {
                        "cdrom": [
                          {
                            "iso": "",
                            "passthrough": false
                          }
                        ],
                        "cloudinit": [],
                        "disk": [],
                        "ignore": false,
                        "passthrough": []
                      }
                    ],
                    "ide3": [
                      {
                        "cdrom": [],
                        "cloudinit": [
                          {
                            "storage": "ceph"
                          }
                        ],
                        "disk": [],
                        "ignore": false,
                        "passthrough": []
                      }
                    ]
                  }
                ],
                "sata": [],
                "scsi": [
                  {
                    "scsi0": [
                      {
                        "cdrom": [],
                        "cloudinit": [],
                        "disk": [
                          {
                            "asyncio": "",
                            "backup": true,
                            "cache": "",
                            "discard": false,
                            "emulatessd": false,
                            "format": "raw",
                            "id": 0,
                            "iops_r_burst": 0,
                            "iops_r_burst_length": 0,
                            "iops_r_concurrent": 0,
                            "iops_wr_burst": 0,
                            "iops_wr_burst_length": 0,
                            "iops_wr_concurrent": 0,
                            "iothread": false,
                            "linked_disk_id": -1,
                            "mbps_r_burst": 0,
                            "mbps_r_concurrent": 0,
                            "mbps_wr_burst": 0,
                            "mbps_wr_concurrent": 0,
                            "readonly": false,
                            "replicate": true,
                            "serial": "",
                            "size": "8G",
                            "storage": "ceph",
                            "wwn": ""
                          }
                        ],
                        "ignore": false,
                        "passthrough": []
                      }
                    ],
                    "scsi1": [],
                    "scsi10": [],
                    "scsi11": [],
                    "scsi12": [],
                    "scsi13": [],
                    "scsi14": [],
                    "scsi15": [],
                    "scsi16": [],
                    "scsi17": [],
                    "scsi18": [],
                    "scsi19": [],
                    "scsi2": [],
                    "scsi20": [],
                    "scsi21": [],
                    "scsi22": [],
                    "scsi23": [],
                    "scsi24": [],
                    "scsi25": [],
                    "scsi26": [],
                    "scsi27": [],
                    "scsi28": [],
                    "scsi29": [],
                    "scsi3": [],
                    "scsi30": [],
                    "scsi4": [],
                    "scsi5": [],
                    "scsi6": [],
                    "scsi7": [],
                    "scsi8": [],
                    "scsi9": []
                  }
                ],
                "virtio": []
              }
            ],
            "efidisk": [],
            "force_create": false,
            "force_recreate_on_change_of": null,
            "full_clone": true,
            "hagroup": "",
            "hastate": "",
            "hostpci": [],
            "hotplug": "network,disk,usb",
            "id": "nuc1/qemu/108",
            "ipconfig0": "ip=192.168.80.51/24,gw=192.168.80.1",
            "ipconfig1": "",
            "ipconfig10": "",
            "ipconfig11": "",
            "ipconfig12": "",
            "ipconfig13": "",
            "ipconfig14": "",
            "ipconfig15": "",
            "ipconfig2": "",
            "ipconfig3": "",
            "ipconfig4": "",
            "ipconfig5": "",
            "ipconfig6": "",
            "ipconfig7": "",
            "ipconfig8": "",
            "ipconfig9": "",
            "kvm": true,
            "linked_vmid": 0,
            "machine": "",
            "memory": 2048,
            "name": "db-dev1",
            "nameserver": "",
            "network": [
              {
                "bridge": "vmbr0",
                "firewall": false,
                "id": 0,
                "link_down": false,
                "macaddr": "96:7c:92:e4:d8:db",
                "model": "virtio",
                "mtu": 0,
                "queues": 0,
                "rate": 0,
                "tag": 80
              }
            ],
            "numa": false,
            "onboot": true,
            "os_network_config": null,
            "os_type": "ubuntu",
            "pci": [],
            "pcis": [],
            "pool": "HA-1",
            "protection": false,
            "pxe": null,
            "qemu_os": "other",
            "reboot_required": false,
            "scsihw": "virtio-scsi-pci",
            "searchdomain": "",
            "serial": [
              {
                "id": 0,
                "type": "socket"
              }
            ],
            "skip_ipv4": false,
            "skip_ipv6": false,
            "smbios": [
              {
                "family": "",
                "manufacturer": "",
                "product": "",
                "serial": "",
                "sku": "",
                "uuid": "fa7fcab0-170d-4b8b-ab83-ffe02caf15a2",
                "version": ""
              }
            ],
            "sockets": 0,
            "ssh_forward_ip": null,
            "ssh_host": "192.168.80.51",
            "ssh_port": "22",
            "ssh_private_key": null,
            "ssh_user": null,
            "sshkeys": "ssh-ed25519 AAAAC3NzaC1lZDI1NTE5AAAAIGBHWpYk7FDrlGcuQF1zYauvWa62Kmwj5Z/C/ksB0eK4 kevin@bessie\nssh-rsa AAAAB3NzaC1yc2EAAAADAQABAAABgQDCfKdycPd96nMVRwU166yImlMSlgjlClJP/JpDx6fUx4xECkpxfiRWyBELTmyFp1loC0ABLL6p86GQEeriABsuOkb9zwOiUTxvJEfwuVPKULvE3kt0nZrQQd0KpGFZ2qbhlTNAUVshU0eYGONevh9AwvjkGLZxakiwIl0XF1X/RzbotYmT7D4hA7yy2/8I97hMTL7a5xSLNMJpfd6rNzq9GwX/o4b06iJjlkyMmgUJevWst4ATb9XAgkJwuuPjXM9dSJi5MwjWYkwH0zCJvutPJ5Z28oy7M1R3+oCbGh+7xNmcOhrCcceV4Z5sq3uYOy/kRR3osCU2pFgirs9TxPwqLHTTiPlcxOvAaACNK9tQDSqI+XwNecBKt4NgvbavI4WgcilqAe3lmUlMskJllEwUi3QrnSGP53LaHu2PRxrPTLfLZI5DKReKzB29FE7ZsMiOCbcTB4SJrBRmxfVB7VSNepqqmLh3RyHb0vRWidKshsz9PXb1Zynpn7nGcbMKxFE= kevin@ansible\nssh-rsa AAAAB3NzaC1yc2EAAAADAQABAAABgQCqAJpgMNAvZsnnWEfg4vqU0LpmhNYN1+Pv9D8op3EGrCUHCmLAE9ur732ycHxBr7oKCe/G4xIV/kHivQglkGT0RrFdSNs5JY8gNo/CRICFVLsuBJPftX6b7pBdpIiEcvUugeqMJccxZ34fkiqE+z78v1T4vYSfTJwdRIiT243vJ/DxxLma3XyJgZTPi+2YTKYGKQsIHYicVeR838+mA/4hpTnRc0Oxqn1JPurhQ5wPptlUgpQCY5wGWn2Y17E8SnOmLq303SIvFdYAwZ8rxNJGm+vMuO4sUibcU4gszKI+wUR8lZtdQ2PihbHCxxF0RRtZIVYxZuy2KJsDsu2NRIxNgTU2k+Op+3igGYckYG2eJ814qScUL/KC3HcpBX2S808sT1QwfI4CxL0C3TWYKLsKqJWHLRahbnd6XPMRwi6EXrFxg5qWDD+RgWUND2Gr+2L2dTST8bvDehWbwUA+DeF2pMMT/QT1E7N9Dv71x+nx2MmiFKku9b8uA/AnngUKBn0= kevin@terraform\nssh-rsa AAAAB3NzaC1yc2EAAAADAQABAAABgQC5x5BmaQDMNAAPUXQ20hfeYzjcH4EenG4db8qPGhlojL5V2838XWNHKAn3+SBSnKDXONjomGB8ZXafILV9hr1BXRKoP/1HOj6IlhujJSk9lDWx5WOvRoZmBeLFuExkLJSlIU62eOAzXvxwHWgCHip947OV1toUy5GpPc+LUri9fHB9b4MV1BiNDA0Ad0rc2fjxQ2HOU5wq+g+zbTKB3HqewjfEdE56/6OHmXvJIXvucOCTFKep7r5nc6KFWt1I7r7eG+uZqDKotyfBHXe9nqh2dXkBYkT6G7+cRZSumhPsa2CMTGzY7aeHjKq1pJ2RYdFkp1jbUo+l2gLw5WPXZ2ugduR8aiwLazAMUN0+dhguMvomB+KbXUJfq1TEEuzdAohbxL6DNhBYXsXbJJwAEM+ovGT66tsl4+MFvjL+wO6X2d60EHfBxcFW0B7OQoE8bl7kg5ZBrobPjzN9g8dkGTwObWk+N9hCSSB+DUzz9osF+Q7gkv4TOWIT4M4WtrqGel8= kevin@fedora\n",
            "startup": "",
            "tablet": true,
            "tags": "",
            "target_node": "nuc1",
            "target_nodes": null,
            "timeouts": null,
            "tpm_state": [],
            "unused_disk": [],
            "usb": [],
            "usbs": [],
            "vcpus": 0,
            "vga": [],
            "vm_state": "running",
            "vmid": 108
          },
          "sensitive_attributes": [
            [
              {
                "type": "get_attr",
                "value": "cipassword"
              }
            ],
            [
              {
                "type": "get_attr",
                "value": "ssh_private_key"
              }
            ]
          ],
          "identity_schema_version": 0,
          "private": "eyJlMmJmYjczMC1lY2FhLTExZTYtOGY4OC0zNDM2M2JjN2M0YzAiOnsiY3JlYXRlIjoxMjAwMDAwMDAwMDAwLCJkZWZhdWx0IjoxMjAwMDAwMDAwMDAwLCJkZWxldGUiOjEyMDAwMDAwMDAwMDAsInJlYWQiOjEyMDAwMDAwMDAwMDAsInVwZGF0ZSI6MTIwMDAwMDAwMDAwMH19"
        }
      ]
    },
    {
      "module": "module.db-dev2",
      "mode": "managed",
      "type": "proxmox_vm_qemu",
      "name": "db-dev2",
      "provider": "module.db-dev2.provider[\"registry.terraform.io/telmate/proxmox\"]",
      "instances": [
        {
          "index_key": 0,
          "schema_version": 0,
          "attributes": {
            "additional_wait": 5,
            "agent": 0,
            "agent_timeout": 90,
            "args": "",
            "automatic_reboot": true,
            "balloon": 0,
            "bios": "seabios",
            "boot": "c",
            "bootdisk": "scsi0",
            "ci_wait": null,
            "cicustom": "",
            "cipassword": "obo74Cle",
            "ciupgrade": false,
            "ciuser": "kevin",
            "clone": "ubuntu-2404-cloud",
            "clone_id": null,
            "clone_wait": 10,
            "cores": 0,
            "cpu": [
              {
                "affinity": "",
                "cores": 2,
                "flags": [],
                "limit": 0,
                "numa": false,
                "sockets": 1,
                "type": "host",
                "units": 0,
                "vcores": 0
              }
            ],
            "cpu_type": "",
            "current_node": "nuc2",
            "default_ipv4_address": "192.168.80.52",
            "default_ipv6_address": "",
            "define_connection_info": true,
            "desc": "tf description",
            "disk": [],
            "disks": [
              {
                "ide": [
                  {
                    "ide0": [],
                    "ide1": [],
                    "ide2": [
                      {
                        "cdrom": [
                          {
                            "iso": "",
                            "passthrough": false
                          }
                        ],
                        "cloudinit": [],
                        "disk": [],
                        "ignore": false,
                        "passthrough": []
                      }
                    ],
                    "ide3": [
                      {
                        "cdrom": [],
                        "cloudinit": [
                          {
                            "storage": "ceph"
                          }
                        ],
                        "disk": [],
                        "ignore": false,
                        "passthrough": []
                      }
                    ]
                  }
                ],
                "sata": [],
                "scsi": [
                  {
                    "scsi0": [
                      {
                        "cdrom": [],
                        "cloudinit": [],
                        "disk": [
                          {
                            "asyncio": "",
                            "backup": true,
                            "cache": "",
                            "discard": false,
                            "emulatessd": false,
                            "format": "raw",
                            "id": 0,
                            "iops_r_burst": 0,
                            "iops_r_burst_length": 0,
                            "iops_r_concurrent": 0,
                            "iops_wr_burst": 0,
                            "iops_wr_burst_length": 0,
                            "iops_wr_concurrent": 0,
                            "iothread": false,
                            "linked_disk_id": -1,
                            "mbps_r_burst": 0,
                            "mbps_r_concurrent": 0,
                            "mbps_wr_burst": 0,
                            "mbps_wr_concurrent": 0,
                            "readonly": false,
                            "replicate": true,
                            "serial": "",
                            "size": "8G",
                            "storage": "ceph",
                            "wwn": ""
                          }
                        ],
                        "ignore": false,
                        "passthrough": []
                      }
                    ],
                    "scsi1": [],
                    "scsi10": [],
                    "scsi11": [],
                    "scsi12": [],
                    "scsi13": [],
                    "scsi14": [],
                    "scsi15": [],
                    "scsi16": [],
                    "scsi17": [],
                    "scsi18": [],
                    "scsi19": [],
                    "scsi2": [],
                    "scsi20": [],
                    "scsi21": [],
                    "scsi22": [],
                    "scsi23": [],
                    "scsi24": [],
                    "scsi25": [],
                    "scsi26": [],
                    "scsi27": [],
                    "scsi28": [],
                    "scsi29": [],
                    "scsi3": [],
                    "scsi30": [],
                    "scsi4": [],
                    "scsi5": [],
                    "scsi6": [],
                    "scsi7": [],
                    "scsi8": [],
                    "scsi9": []
                  }
                ],
                "virtio": []
              }
            ],
            "efidisk": [],
            "force_create": false,
            "force_recreate_on_change_of": null,
            "full_clone": true,
            "hagroup": "",
            "hastate": "",
            "hostpci": [],
            "hotplug": "network,disk,usb",
            "id": "nuc2/qemu/140",
            "ipconfig0": "ip=192.168.80.52/24,gw=192.168.80.1",
            "ipconfig1": "",
            "ipconfig10": "",
            "ipconfig11": "",
            "ipconfig12": "",
            "ipconfig13": "",
            "ipconfig14": "",
            "ipconfig15": "",
            "ipconfig2": "",
            "ipconfig3": "",
            "ipconfig4": "",
            "ipconfig5": "",
            "ipconfig6": "",
            "ipconfig7": "",
            "ipconfig8": "",
            "ipconfig9": "",
            "kvm": true,
            "linked_vmid": 0,
            "machine": "",
            "memory": 2048,
            "name": "db-dev2",
            "nameserver": "",
            "network": [
              {
                "bridge": "vmbr0",
                "firewall": false,
                "id": 0,
                "link_down": false,
                "macaddr": "4e:6c:71:2d:6b:85",
                "model": "virtio",
                "mtu": 0,
                "queues": 0,
                "rate": 0,
                "tag": 80
              }
            ],
            "numa": false,
            "onboot": true,
            "os_network_config": null,
            "os_type": "ubuntu",
            "pci": [],
            "pcis": [],
            "pool": "HA-2",
            "protection": false,
            "pxe": null,
            "qemu_os": "other",
            "reboot_required": false,
            "scsihw": "virtio-scsi-pci",
            "searchdomain": "",
            "serial": [
              {
                "id": 0,
                "type": "socket"
              }
            ],
            "skip_ipv4": false,
            "skip_ipv6": false,
            "smbios": [
              {
                "family": "",
                "manufacturer": "",
                "product": "",
                "serial": "",
                "sku": "",
                "uuid": "ea08bc94-5c1f-4300-9bd6-9b418d1802f5",
                "version": ""
              }
            ],
            "sockets": 0,
            "ssh_forward_ip": null,
            "ssh_host": "192.168.80.52",
            "ssh_port": "22",
            "ssh_private_key": null,
            "ssh_user": null,
            "sshkeys": "ssh-ed25519 AAAAC3NzaC1lZDI1NTE5AAAAIGBHWpYk7FDrlGcuQF1zYauvWa62Kmwj5Z/C/ksB0eK4 kevin@bessie\nssh-rsa AAAAB3NzaC1yc2EAAAADAQABAAABgQDCfKdycPd96nMVRwU166yImlMSlgjlClJP/JpDx6fUx4xECkpxfiRWyBELTmyFp1loC0ABLL6p86GQEeriABsuOkb9zwOiUTxvJEfwuVPKULvE3kt0nZrQQd0KpGFZ2qbhlTNAUVshU0eYGONevh9AwvjkGLZxakiwIl0XF1X/RzbotYmT7D4hA7yy2/8I97hMTL7a5xSLNMJpfd6rNzq9GwX/o4b06iJjlkyMmgUJevWst4ATb9XAgkJwuuPjXM9dSJi5MwjWYkwH0zCJvutPJ5Z28oy7M1R3+oCbGh+7xNmcOhrCcceV4Z5sq3uYOy/kRR3osCU2pFgirs9TxPwqLHTTiPlcxOvAaACNK9tQDSqI+XwNecBKt4NgvbavI4WgcilqAe3lmUlMskJllEwUi3QrnSGP53LaHu2PRxrPTLfLZI5DKReKzB29FE7ZsMiOCbcTB4SJrBRmxfVB7VSNepqqmLh3RyHb0vRWidKshsz9PXb1Zynpn7nGcbMKxFE= kevin@ansible\nssh-rsa AAAAB3NzaC1yc2EAAAADAQABAAABgQCqAJpgMNAvZsnnWEfg4vqU0LpmhNYN1+Pv9D8op3EGrCUHCmLAE9ur732ycHxBr7oKCe/G4xIV/kHivQglkGT0RrFdSNs5JY8gNo/CRICFVLsuBJPftX6b7pBdpIiEcvUugeqMJccxZ34fkiqE+z78v1T4vYSfTJwdRIiT243vJ/DxxLma3XyJgZTPi+2YTKYGKQsIHYicVeR838+mA/4hpTnRc0Oxqn1JPurhQ5wPptlUgpQCY5wGWn2Y17E8SnOmLq303SIvFdYAwZ8rxNJGm+vMuO4sUibcU4gszKI+wUR8lZtdQ2PihbHCxxF0RRtZIVYxZuy2KJsDsu2NRIxNgTU2k+Op+3igGYckYG2eJ814qScUL/KC3HcpBX2S808sT1QwfI4CxL0C3TWYKLsKqJWHLRahbnd6XPMRwi6EXrFxg5qWDD+RgWUND2Gr+2L2dTST8bvDehWbwUA+DeF2pMMT/QT1E7N9Dv71x+nx2MmiFKku9b8uA/AnngUKBn0= kevin@terraform\nssh-rsa AAAAB3NzaC1yc2EAAAADAQABAAABgQC5x5BmaQDMNAAPUXQ20hfeYzjcH4EenG4db8qPGhlojL5V2838XWNHKAn3+SBSnKDXONjomGB8ZXafILV9hr1BXRKoP/1HOj6IlhujJSk9lDWx5WOvRoZmBeLFuExkLJSlIU62eOAzXvxwHWgCHip947OV1toUy5GpPc+LUri9fHB9b4MV1BiNDA0Ad0rc2fjxQ2HOU5wq+g+zbTKB3HqewjfEdE56/6OHmXvJIXvucOCTFKep7r5nc6KFWt1I7r7eG+uZqDKotyfBHXe9nqh2dXkBYkT6G7+cRZSumhPsa2CMTGzY7aeHjKq1pJ2RYdFkp1jbUo+l2gLw5WPXZ2ugduR8aiwLazAMUN0+dhguMvomB+KbXUJfq1TEEuzdAohbxL6DNhBYXsXbJJwAEM+ovGT66tsl4+MFvjL+wO6X2d60EHfBxcFW0B7OQoE8bl7kg5ZBrobPjzN9g8dkGTwObWk+N9hCSSB+DUzz9osF+Q7gkv4TOWIT4M4WtrqGel8= kevin@fedora\n",
            "startup": "",
            "tablet": true,
            "tags": "",
            "target_node": "nuc2",
            "target_nodes": null,
            "timeouts": null,
            "tpm_state": [],
            "unused_disk": [],
            "usb": [],
            "usbs": [],
            "vcpus": 0,
            "vga": [],
            "vm_state": "running",
            "vmid": 140
          },
          "sensitive_attributes": [
            [
              {
                "type": "get_attr",
                "value": "cipassword"
              }
            ],
            [
              {
                "type": "get_attr",
                "value": "ssh_private_key"
              }
            ]
          ],
          "identity_schema_version": 0,
          "private": "eyJlMmJmYjczMC1lY2FhLTExZTYtOGY4OC0zNDM2M2JjN2M0YzAiOnsiY3JlYXRlIjoxMjAwMDAwMDAwMDAwLCJkZWZhdWx0IjoxMjAwMDAwMDAwMDAwLCJkZWxldGUiOjEyMDAwMDAwMDAwMDAsInJlYWQiOjEyMDAwMDAwMDAwMDAsInVwZGF0ZSI6MTIwMDAwMDAwMDAwMH19"
        }
      ]
    },
    {
      "module": "module.db-dev3",
      "mode": "managed",
      "type": "proxmox_vm_qemu",
      "name": "db-dev3",
      "provider": "module.db-dev3.provider[\"registry.terraform.io/telmate/proxmox\"]",
      "instances": [
        {
          "index_key": 0,
          "schema_version": 0,
          "attributes": {
            "additional_wait": 5,
            "agent": 0,
            "agent_timeout": 90,
            "args": "",
            "automatic_reboot": true,
            "balloon": 0,
            "bios": "seabios",
            "boot": "c",
            "bootdisk": "scsi0",
            "ci_wait": null,
            "cicustom": "",
            "cipassword": "obo74Cle",
            "ciupgrade": false,
            "ciuser": "kevin",
            "clone": "ubuntu-2404-cloud",
            "clone_id": null,
            "clone_wait": 10,
            "cores": 0,
            "cpu": [
              {
                "affinity": "",
                "cores": 2,
                "flags": [],
                "limit": 0,
                "numa": false,
                "sockets": 1,
                "type": "host",
                "units": 0,
                "vcores": 0
              }
            ],
            "cpu_type": "",
            "current_node": "nuc3",
            "default_ipv4_address": "192.168.80.53",
            "default_ipv6_address": "",
            "define_connection_info": true,
            "desc": "tf description",
            "disk": [],
            "disks": [
              {
                "ide": [
                  {
                    "ide0": [],
                    "ide1": [],
                    "ide2": [
                      {
                        "cdrom": [
                          {
                            "iso": "",
                            "passthrough": false
                          }
                        ],
                        "cloudinit": [],
                        "disk": [],
                        "ignore": false,
                        "passthrough": []
                      }
                    ],
                    "ide3": [
                      {
                        "cdrom": [],
                        "cloudinit": [
                          {
                            "storage": "ceph"
                          }
                        ],
                        "disk": [],
                        "ignore": false,
                        "passthrough": []
                      }
                    ]
                  }
                ],
                "sata": [],
                "scsi": [
                  {
                    "scsi0": [
                      {
                        "cdrom": [],
                        "cloudinit": [],
                        "disk": [
                          {
                            "asyncio": "",
                            "backup": true,
                            "cache": "",
                            "discard": false,
                            "emulatessd": false,
                            "format": "raw",
                            "id": 0,
                            "iops_r_burst": 0,
                            "iops_r_burst_length": 0,
                            "iops_r_concurrent": 0,
                            "iops_wr_burst": 0,
                            "iops_wr_burst_length": 0,
                            "iops_wr_concurrent": 0,
                            "iothread": false,
                            "linked_disk_id": -1,
                            "mbps_r_burst": 0,
                            "mbps_r_concurrent": 0,
                            "mbps_wr_burst": 0,
                            "mbps_wr_concurrent": 0,
                            "readonly": false,
                            "replicate": true,
                            "serial": "",
                            "size": "8G",
                            "storage": "ceph",
                            "wwn": ""
                          }
                        ],
                        "ignore": false,
                        "passthrough": []
                      }
                    ],
                    "scsi1": [],
                    "scsi10": [],
                    "scsi11": [],
                    "scsi12": [],
                    "scsi13": [],
                    "scsi14": [],
                    "scsi15": [],
                    "scsi16": [],
                    "scsi17": [],
                    "scsi18": [],
                    "scsi19": [],
                    "scsi2": [],
                    "scsi20": [],
                    "scsi21": [],
                    "scsi22": [],
                    "scsi23": [],
                    "scsi24": [],
                    "scsi25": [],
                    "scsi26": [],
                    "scsi27": [],
                    "scsi28": [],
                    "scsi29": [],
                    "scsi3": [],
                    "scsi30": [],
                    "scsi4": [],
                    "scsi5": [],
                    "scsi6": [],
                    "scsi7": [],
                    "scsi8": [],
                    "scsi9": []
                  }
                ],
                "virtio": []
              }
            ],
            "efidisk": [],
            "force_create": false,
            "force_recreate_on_change_of": null,
            "full_clone": true,
            "hagroup": "",
            "hastate": "",
            "hostpci": [],
            "hotplug": "network,disk,usb",
            "id": "nuc3/qemu/139",
            "ipconfig0": "ip=192.168.80.53/24,gw=192.168.80.1",
            "ipconfig1": "",
            "ipconfig10": "",
            "ipconfig11": "",
            "ipconfig12": "",
            "ipconfig13": "",
            "ipconfig14": "",
            "ipconfig15": "",
            "ipconfig2": "",
            "ipconfig3": "",
            "ipconfig4": "",
            "ipconfig5": "",
            "ipconfig6": "",
            "ipconfig7": "",
            "ipconfig8": "",
            "ipconfig9": "",
            "kvm": true,
            "linked_vmid": 0,
            "machine": "",
            "memory": 2048,
            "name": "db-dev3",
            "nameserver": "",
            "network": [
              {
                "bridge": "vmbr0",
                "firewall": false,
                "id": 0,
                "link_down": false,
                "macaddr": "3e:b9:d0:83:d6:49",
                "model": "virtio",
                "mtu": 0,
                "queues": 0,
                "rate": 0,
                "tag": 80
              }
            ],
            "numa": false,
            "onboot": true,
            "os_network_config": null,
            "os_type": "ubuntu",
            "pci": [],
            "pcis": [],
            "pool": "HA-3",
            "protection": false,
            "pxe": null,
            "qemu_os": "other",
            "reboot_required": false,
            "scsihw": "virtio-scsi-pci",
            "searchdomain": "",
            "serial": [
              {
                "id": 0,
                "type": "socket"
              }
            ],
            "skip_ipv4": false,
            "skip_ipv6": false,
            "smbios": [
              {
                "family": "",
                "manufacturer": "",
                "product": "",
                "serial": "",
                "sku": "",
                "uuid": "1b679a33-87c7-4804-b552-088a69716936",
                "version": ""
              }
            ],
            "sockets": 0,
            "ssh_forward_ip": null,
            "ssh_host": "192.168.80.53",
            "ssh_port": "22",
            "ssh_private_key": null,
            "ssh_user": null,
            "sshkeys": "ssh-ed25519 AAAAC3NzaC1lZDI1NTE5AAAAIGBHWpYk7FDrlGcuQF1zYauvWa62Kmwj5Z/C/ksB0eK4 kevin@bessie\nssh-rsa AAAAB3NzaC1yc2EAAAADAQABAAABgQDCfKdycPd96nMVRwU166yImlMSlgjlClJP/JpDx6fUx4xECkpxfiRWyBELTmyFp1loC0ABLL6p86GQEeriABsuOkb9zwOiUTxvJEfwuVPKULvE3kt0nZrQQd0KpGFZ2qbhlTNAUVshU0eYGONevh9AwvjkGLZxakiwIl0XF1X/RzbotYmT7D4hA7yy2/8I97hMTL7a5xSLNMJpfd6rNzq9GwX/o4b06iJjlkyMmgUJevWst4ATb9XAgkJwuuPjXM9dSJi5MwjWYkwH0zCJvutPJ5Z28oy7M1R3+oCbGh+7xNmcOhrCcceV4Z5sq3uYOy/kRR3osCU2pFgirs9TxPwqLHTTiPlcxOvAaACNK9tQDSqI+XwNecBKt4NgvbavI4WgcilqAe3lmUlMskJllEwUi3QrnSGP53LaHu2PRxrPTLfLZI5DKReKzB29FE7ZsMiOCbcTB4SJrBRmxfVB7VSNepqqmLh3RyHb0vRWidKshsz9PXb1Zynpn7nGcbMKxFE= kevin@ansible\nssh-rsa AAAAB3NzaC1yc2EAAAADAQABAAABgQCqAJpgMNAvZsnnWEfg4vqU0LpmhNYN1+Pv9D8op3EGrCUHCmLAE9ur732ycHxBr7oKCe/G4xIV/kHivQglkGT0RrFdSNs5JY8gNo/CRICFVLsuBJPftX6b7pBdpIiEcvUugeqMJccxZ34fkiqE+z78v1T4vYSfTJwdRIiT243vJ/DxxLma3XyJgZTPi+2YTKYGKQsIHYicVeR838+mA/4hpTnRc0Oxqn1JPurhQ5wPptlUgpQCY5wGWn2Y17E8SnOmLq303SIvFdYAwZ8rxNJGm+vMuO4sUibcU4gszKI+wUR8lZtdQ2PihbHCxxF0RRtZIVYxZuy2KJsDsu2NRIxNgTU2k+Op+3igGYckYG2eJ814qScUL/KC3HcpBX2S808sT1QwfI4CxL0C3TWYKLsKqJWHLRahbnd6XPMRwi6EXrFxg5qWDD+RgWUND2Gr+2L2dTST8bvDehWbwUA+DeF2pMMT/QT1E7N9Dv71x+nx2MmiFKku9b8uA/AnngUKBn0= kevin@terraform\nssh-rsa AAAAB3NzaC1yc2EAAAADAQABAAABgQC5x5BmaQDMNAAPUXQ20hfeYzjcH4EenG4db8qPGhlojL5V2838XWNHKAn3+SBSnKDXONjomGB8ZXafILV9hr1BXRKoP/1HOj6IlhujJSk9lDWx5WOvRoZmBeLFuExkLJSlIU62eOAzXvxwHWgCHip947OV1toUy5GpPc+LUri9fHB9b4MV1BiNDA0Ad0rc2fjxQ2HOU5wq+g+zbTKB3HqewjfEdE56/6OHmXvJIXvucOCTFKep7r5nc6KFWt1I7r7eG+uZqDKotyfBHXe9nqh2dXkBYkT6G7+cRZSumhPsa2CMTGzY7aeHjKq1pJ2RYdFkp1jbUo+l2gLw5WPXZ2ugduR8aiwLazAMUN0+dhguMvomB+KbXUJfq1TEEuzdAohbxL6DNhBYXsXbJJwAEM+ovGT66tsl4+MFvjL+wO6X2d60EHfBxcFW0B7OQoE8bl7kg5ZBrobPjzN9g8dkGTwObWk+N9hCSSB+DUzz9osF+Q7gkv4TOWIT4M4WtrqGel8= kevin@fedora\n",
            "startup": "",
            "tablet": true,
            "tags": "",
            "target_node": "nuc3",
            "target_nodes": null,
            "timeouts": null,
            "tpm_state": [],
            "unused_disk": [],
            "usb": [],
            "usbs": [],
            "vcpus": 0,
            "vga": [],
            "vm_state": "running",
            "vmid": 139
          },
          "sensitive_attributes": [
            [
              {
                "type": "get_attr",
                "value": "cipassword"
              }
            ],
            [
              {
                "type": "get_attr",
                "value": "ssh_private_key"
              }
            ]
          ],
          "identity_schema_version": 0,
          "private": "eyJlMmJmYjczMC1lY2FhLTExZTYtOGY4OC0zNDM2M2JjN2M0YzAiOnsiY3JlYXRlIjoxMjAwMDAwMDAwMDAwLCJkZWZhdWx0IjoxMjAwMDAwMDAwMDAwLCJkZWxldGUiOjEyMDAwMDAwMDAwMDAsInJlYWQiOjEyMDAwMDAwMDAwMDAsInVwZGF0ZSI6MTIwMDAwMDAwMDAwMH19"
        }
      ]
    },
    {
      "module": "module.db-prod1",
      "mode": "managed",
      "type": "proxmox_vm_qemu",
      "name": "db-prod1",
      "provider": "module.db-prod1.provider[\"registry.terraform.io/telmate/proxmox\"]",
      "instances": [
        {
          "index_key": 0,
          "schema_version": 0,
          "attributes": {
            "additional_wait": 5,
            "agent": 0,
            "agent_timeout": 90,
            "args": "",
            "automatic_reboot": true,
            "balloon": 0,
            "bios": "seabios",
            "boot": "c",
            "bootdisk": "scsi0",
            "ci_wait": null,
            "cicustom": null,
            "cipassword": "obo74Cle",
            "ciupgrade": false,
            "ciuser": "kevin",
            "clone": "ubuntu-2404-cloud",
            "clone_id": null,
            "clone_wait": 10,
            "cores": 0,
            "cpu": [
              {
                "affinity": "",
                "cores": 4,
                "flags": [],
                "limit": 0,
                "numa": false,
                "sockets": 1,
                "type": "host",
                "units": 0,
                "vcores": 0
              }
            ],
            "cpu_type": "",
            "current_node": "nuc1",
            "default_ipv4_address": "192.168.80.61",
            "default_ipv6_address": "",
            "define_connection_info": true,
            "desc": "tf description",
            "disk": [],
            "disks": [
              {
                "ide": [
                  {
                    "ide0": [],
                    "ide1": [],
                    "ide2": [
                      {
                        "cdrom": [
                          {
                            "iso": "",
                            "passthrough": false
                          }
                        ],
                        "cloudinit": [],
                        "disk": [],
                        "ignore": false,
                        "passthrough": []
                      }
                    ],
                    "ide3": [
                      {
                        "cdrom": [],
                        "cloudinit": [
                          {
                            "storage": "ceph"
                          }
                        ],
                        "disk": [],
                        "ignore": false,
                        "passthrough": []
                      }
                    ]
                  }
                ],
                "sata": [],
                "scsi": [
                  {
                    "scsi0": [
                      {
                        "cdrom": [],
                        "cloudinit": [],
                        "disk": [
                          {
                            "asyncio": "",
                            "backup": true,
                            "cache": "",
                            "discard": false,
                            "emulatessd": false,
                            "format": "raw",
                            "id": 0,
                            "iops_r_burst": 0,
                            "iops_r_burst_length": 0,
                            "iops_r_concurrent": 0,
                            "iops_wr_burst": 0,
                            "iops_wr_burst_length": 0,
                            "iops_wr_concurrent": 0,
                            "iothread": false,
                            "linked_disk_id": -1,
                            "mbps_r_burst": 0,
                            "mbps_r_concurrent": 0,
                            "mbps_wr_burst": 0,
                            "mbps_wr_concurrent": 0,
                            "readonly": false,
                            "replicate": true,
                            "serial": "",
                            "size": "8G",
                            "storage": "ceph",
                            "wwn": ""
                          }
                        ],
                        "ignore": false,
                        "passthrough": []
                      }
                    ],
                    "scsi1": [],
                    "scsi10": [],
                    "scsi11": [],
                    "scsi12": [],
                    "scsi13": [],
                    "scsi14": [],
                    "scsi15": [],
                    "scsi16": [],
                    "scsi17": [],
                    "scsi18": [],
                    "scsi19": [],
                    "scsi2": [],
                    "scsi20": [],
                    "scsi21": [],
                    "scsi22": [],
                    "scsi23": [],
                    "scsi24": [],
                    "scsi25": [],
                    "scsi26": [],
                    "scsi27": [],
                    "scsi28": [],
                    "scsi29": [],
                    "scsi3": [],
                    "scsi30": [],
                    "scsi4": [],
                    "scsi5": [],
                    "scsi6": [],
                    "scsi7": [],
                    "scsi8": [],
                    "scsi9": []
                  }
                ],
                "virtio": []
              }
            ],
            "efidisk": [],
            "force_create": false,
            "force_recreate_on_change_of": null,
            "full_clone": true,
            "hagroup": "",
            "hastate": "",
            "hostpci": [],
            "hotplug": "network,disk,usb",
            "id": "nuc1/qemu/103",
            "ipconfig0": "ip=192.168.80.61/24,gw=192.168.80.1",
            "ipconfig1": null,
            "ipconfig10": null,
            "ipconfig11": null,
            "ipconfig12": null,
            "ipconfig13": null,
            "ipconfig14": null,
            "ipconfig15": null,
            "ipconfig2": null,
            "ipconfig3": null,
            "ipconfig4": null,
            "ipconfig5": null,
            "ipconfig6": null,
            "ipconfig7": null,
            "ipconfig8": null,
            "ipconfig9": null,
            "kvm": true,
            "linked_vmid": 0,
            "machine": "",
            "memory": 2048,
            "name": "db-prod1",
            "nameserver": null,
            "network": [
              {
                "bridge": "vmbr0",
                "firewall": false,
                "id": 0,
                "link_down": false,
                "macaddr": "bc:24:11:5e:f3:41",
                "model": "virtio",
                "mtu": 0,
                "queues": 0,
                "rate": 0,
                "tag": 80
              }
            ],
            "numa": false,
            "onboot": true,
            "os_network_config": null,
            "os_type": "ubuntu",
            "pci": [],
            "pcis": [],
            "pool": "HA-1",
            "protection": false,
            "pxe": null,
            "qemu_os": "other",
            "reboot_required": false,
            "scsihw": "virtio-scsi-pci",
            "searchdomain": null,
            "serial": [
              {
                "id": 0,
                "type": "socket"
              }
            ],
            "skip_ipv4": false,
            "skip_ipv6": false,
            "smbios": [
              {
                "family": "",
                "manufacturer": "",
                "product": "",
                "serial": "",
                "sku": "",
                "uuid": "137ab5fd-d31f-4a83-84e7-a256f7e935f2",
                "version": ""
              }
            ],
            "sockets": 0,
            "ssh_forward_ip": null,
            "ssh_host": "192.168.80.61",
            "ssh_port": "22",
            "ssh_private_key": null,
            "ssh_user": null,
            "sshkeys": "ssh-ed25519 AAAAC3NzaC1lZDI1NTE5AAAAIGBHWpYk7FDrlGcuQF1zYauvWa62Kmwj5Z/C/ksB0eK4 kevin@bessie\nssh-rsa AAAAB3NzaC1yc2EAAAADAQABAAABgQDCfKdycPd96nMVRwU166yImlMSlgjlClJP/JpDx6fUx4xECkpxfiRWyBELTmyFp1loC0ABLL6p86GQEeriABsuOkb9zwOiUTxvJEfwuVPKULvE3kt0nZrQQd0KpGFZ2qbhlTNAUVshU0eYGONevh9AwvjkGLZxakiwIl0XF1X/RzbotYmT7D4hA7yy2/8I97hMTL7a5xSLNMJpfd6rNzq9GwX/o4b06iJjlkyMmgUJevWst4ATb9XAgkJwuuPjXM9dSJi5MwjWYkwH0zCJvutPJ5Z28oy7M1R3+oCbGh+7xNmcOhrCcceV4Z5sq3uYOy/kRR3osCU2pFgirs9TxPwqLHTTiPlcxOvAaACNK9tQDSqI+XwNecBKt4NgvbavI4WgcilqAe3lmUlMskJllEwUi3QrnSGP53LaHu2PRxrPTLfLZI5DKReKzB29FE7ZsMiOCbcTB4SJrBRmxfVB7VSNepqqmLh3RyHb0vRWidKshsz9PXb1Zynpn7nGcbMKxFE= kevin@ansible\nssh-rsa AAAAB3NzaC1yc2EAAAADAQABAAABgQCqAJpgMNAvZsnnWEfg4vqU0LpmhNYN1+Pv9D8op3EGrCUHCmLAE9ur732ycHxBr7oKCe/G4xIV/kHivQglkGT0RrFdSNs5JY8gNo/CRICFVLsuBJPftX6b7pBdpIiEcvUugeqMJccxZ34fkiqE+z78v1T4vYSfTJwdRIiT243vJ/DxxLma3XyJgZTPi+2YTKYGKQsIHYicVeR838+mA/4hpTnRc0Oxqn1JPurhQ5wPptlUgpQCY5wGWn2Y17E8SnOmLq303SIvFdYAwZ8rxNJGm+vMuO4sUibcU4gszKI+wUR8lZtdQ2PihbHCxxF0RRtZIVYxZuy2KJsDsu2NRIxNgTU2k+Op+3igGYckYG2eJ814qScUL/KC3HcpBX2S808sT1QwfI4CxL0C3TWYKLsKqJWHLRahbnd6XPMRwi6EXrFxg5qWDD+RgWUND2Gr+2L2dTST8bvDehWbwUA+DeF2pMMT/QT1E7N9Dv71x+nx2MmiFKku9b8uA/AnngUKBn0= kevin@terraform\nssh-rsa AAAAB3NzaC1yc2EAAAADAQABAAABgQC5x5BmaQDMNAAPUXQ20hfeYzjcH4EenG4db8qPGhlojL5V2838XWNHKAn3+SBSnKDXONjomGB8ZXafILV9hr1BXRKoP/1HOj6IlhujJSk9lDWx5WOvRoZmBeLFuExkLJSlIU62eOAzXvxwHWgCHip947OV1toUy5GpPc+LUri9fHB9b4MV1BiNDA0Ad0rc2fjxQ2HOU5wq+g+zbTKB3HqewjfEdE56/6OHmXvJIXvucOCTFKep7r5nc6KFWt1I7r7eG+uZqDKotyfBHXe9nqh2dXkBYkT6G7+cRZSumhPsa2CMTGzY7aeHjKq1pJ2RYdFkp1jbUo+l2gLw5WPXZ2ugduR8aiwLazAMUN0+dhguMvomB+KbXUJfq1TEEuzdAohbxL6DNhBYXsXbJJwAEM+ovGT66tsl4+MFvjL+wO6X2d60EHfBxcFW0B7OQoE8bl7kg5ZBrobPjzN9g8dkGTwObWk+N9hCSSB+DUzz9osF+Q7gkv4TOWIT4M4WtrqGel8= kevin@fedora\n",
            "startup": "",
            "tablet": true,
            "tags": "",
            "target_node": "nuc1",
            "target_nodes": null,
            "timeouts": null,
            "tpm_state": [],
            "unused_disk": [],
            "usb": [],
            "usbs": [],
            "vcpus": 0,
            "vga": [],
            "vm_state": "running",
            "vmid": 103
          },
          "sensitive_attributes": [
            [
              {
                "type": "get_attr",
                "value": "cipassword"
              }
            ],
            [
              {
                "type": "get_attr",
                "value": "ssh_private_key"
              }
            ]
          ],
          "identity_schema_version": 0,
          "private": "eyJlMmJmYjczMC1lY2FhLTExZTYtOGY4OC0zNDM2M2JjN2M0YzAiOnsiY3JlYXRlIjoxMjAwMDAwMDAwMDAwLCJkZWZhdWx0IjoxMjAwMDAwMDAwMDAwLCJkZWxldGUiOjEyMDAwMDAwMDAwMDAsInJlYWQiOjEyMDAwMDAwMDAwMDAsInVwZGF0ZSI6MTIwMDAwMDAwMDAwMH19"
        }
      ]
    },
    {
      "module": "module.db-prod2",
      "mode": "managed",
      "type": "proxmox_vm_qemu",
      "name": "db-prod2",
      "provider": "module.db-prod2.provider[\"registry.terraform.io/telmate/proxmox\"]",
      "instances": [
        {
          "index_key": 0,
          "schema_version": 0,
          "attributes": {
            "additional_wait": 5,
            "agent": 0,
            "agent_timeout": 90,
            "args": "",
            "automatic_reboot": true,
            "balloon": 0,
            "bios": "seabios",
            "boot": "c",
            "bootdisk": "scsi0",
            "ci_wait": null,
            "cicustom": null,
            "cipassword": "obo74Cle",
            "ciupgrade": false,
            "ciuser": "kevin",
            "clone": "ubuntu-2404-cloud",
            "clone_id": null,
            "clone_wait": 10,
            "cores": 0,
            "cpu": [
              {
                "affinity": "",
                "cores": 2,
                "flags": [],
                "limit": 0,
                "numa": false,
                "sockets": 1,
                "type": "host",
                "units": 0,
                "vcores": 0
              }
            ],
            "cpu_type": "",
            "current_node": "nuc2",
            "default_ipv4_address": "192.168.80.62",
            "default_ipv6_address": "",
            "define_connection_info": true,
            "desc": "tf description",
            "disk": [],
            "disks": [
              {
                "ide": [
                  {
                    "ide0": [],
                    "ide1": [],
                    "ide2": [
                      {
                        "cdrom": [
                          {
                            "iso": "",
                            "passthrough": false
                          }
                        ],
                        "cloudinit": [],
                        "disk": [],
                        "ignore": false,
                        "passthrough": []
                      }
                    ],
                    "ide3": [
                      {
                        "cdrom": [],
                        "cloudinit": [
                          {
                            "storage": "ceph"
                          }
                        ],
                        "disk": [],
                        "ignore": false,
                        "passthrough": []
                      }
                    ]
                  }
                ],
                "sata": [],
                "scsi": [
                  {
                    "scsi0": [
                      {
                        "cdrom": [],
                        "cloudinit": [],
                        "disk": [
                          {
                            "asyncio": "",
                            "backup": true,
                            "cache": "",
                            "discard": false,
                            "emulatessd": false,
                            "format": "raw",
                            "id": 0,
                            "iops_r_burst": 0,
                            "iops_r_burst_length": 0,
                            "iops_r_concurrent": 0,
                            "iops_wr_burst": 0,
                            "iops_wr_burst_length": 0,
                            "iops_wr_concurrent": 0,
                            "iothread": false,
                            "linked_disk_id": -1,
                            "mbps_r_burst": 0,
                            "mbps_r_concurrent": 0,
                            "mbps_wr_burst": 0,
                            "mbps_wr_concurrent": 0,
                            "readonly": false,
                            "replicate": true,
                            "serial": "",
                            "size": "8G",
                            "storage": "ceph",
                            "wwn": ""
                          }
                        ],
                        "ignore": false,
                        "passthrough": []
                      }
                    ],
                    "scsi1": [],
                    "scsi10": [],
                    "scsi11": [],
                    "scsi12": [],
                    "scsi13": [],
                    "scsi14": [],
                    "scsi15": [],
                    "scsi16": [],
                    "scsi17": [],
                    "scsi18": [],
                    "scsi19": [],
                    "scsi2": [],
                    "scsi20": [],
                    "scsi21": [],
                    "scsi22": [],
                    "scsi23": [],
                    "scsi24": [],
                    "scsi25": [],
                    "scsi26": [],
                    "scsi27": [],
                    "scsi28": [],
                    "scsi29": [],
                    "scsi3": [],
                    "scsi30": [],
                    "scsi4": [],
                    "scsi5": [],
                    "scsi6": [],
                    "scsi7": [],
                    "scsi8": [],
                    "scsi9": []
                  }
                ],
                "virtio": []
              }
            ],
            "efidisk": [],
            "force_create": false,
            "force_recreate_on_change_of": null,
            "full_clone": true,
            "hagroup": "",
            "hastate": "",
            "hostpci": [],
            "hotplug": "network,disk,usb",
            "id": "nuc2/qemu/142",
            "ipconfig0": "ip=192.168.80.62/24,gw=192.168.80.1",
            "ipconfig1": null,
            "ipconfig10": null,
            "ipconfig11": null,
            "ipconfig12": null,
            "ipconfig13": null,
            "ipconfig14": null,
            "ipconfig15": null,
            "ipconfig2": null,
            "ipconfig3": null,
            "ipconfig4": null,
            "ipconfig5": null,
            "ipconfig6": null,
            "ipconfig7": null,
            "ipconfig8": null,
            "ipconfig9": null,
            "kvm": true,
            "linked_vmid": 0,
            "machine": "",
            "memory": 2048,
            "name": "db-prod2",
            "nameserver": null,
            "network": [
              {
                "bridge": "vmbr0",
                "firewall": false,
                "id": 0,
                "link_down": false,
                "macaddr": "bc:24:11:56:5d:1e",
                "model": "virtio",
                "mtu": 0,
                "queues": 0,
                "rate": 0,
                "tag": 80
              }
            ],
            "numa": false,
            "onboot": true,
            "os_network_config": null,
            "os_type": "ubuntu",
            "pci": [],
            "pcis": [],
            "pool": "HA-2",
            "protection": false,
            "pxe": null,
            "qemu_os": "other",
            "reboot_required": false,
            "scsihw": "virtio-scsi-pci",
            "searchdomain": null,
            "serial": [
              {
                "id": 0,
                "type": "socket"
              }
            ],
            "skip_ipv4": false,
            "skip_ipv6": false,
            "smbios": [
              {
                "family": "",
                "manufacturer": "",
                "product": "",
                "serial": "",
                "sku": "",
                "uuid": "40f716f8-f4ed-49bc-979d-d15ae3edb8d9",
                "version": ""
              }
            ],
            "sockets": 0,
            "ssh_forward_ip": null,
            "ssh_host": "192.168.80.62",
            "ssh_port": "22",
            "ssh_private_key": null,
            "ssh_user": null,
            "sshkeys": "ssh-ed25519 AAAAC3NzaC1lZDI1NTE5AAAAIGBHWpYk7FDrlGcuQF1zYauvWa62Kmwj5Z/C/ksB0eK4 kevin@bessie\nssh-rsa AAAAB3NzaC1yc2EAAAADAQABAAABgQDCfKdycPd96nMVRwU166yImlMSlgjlClJP/JpDx6fUx4xECkpxfiRWyBELTmyFp1loC0ABLL6p86GQEeriABsuOkb9zwOiUTxvJEfwuVPKULvE3kt0nZrQQd0KpGFZ2qbhlTNAUVshU0eYGONevh9AwvjkGLZxakiwIl0XF1X/RzbotYmT7D4hA7yy2/8I97hMTL7a5xSLNMJpfd6rNzq9GwX/o4b06iJjlkyMmgUJevWst4ATb9XAgkJwuuPjXM9dSJi5MwjWYkwH0zCJvutPJ5Z28oy7M1R3+oCbGh+7xNmcOhrCcceV4Z5sq3uYOy/kRR3osCU2pFgirs9TxPwqLHTTiPlcxOvAaACNK9tQDSqI+XwNecBKt4NgvbavI4WgcilqAe3lmUlMskJllEwUi3QrnSGP53LaHu2PRxrPTLfLZI5DKReKzB29FE7ZsMiOCbcTB4SJrBRmxfVB7VSNepqqmLh3RyHb0vRWidKshsz9PXb1Zynpn7nGcbMKxFE= kevin@ansible\nssh-rsa AAAAB3NzaC1yc2EAAAADAQABAAABgQCqAJpgMNAvZsnnWEfg4vqU0LpmhNYN1+Pv9D8op3EGrCUHCmLAE9ur732ycHxBr7oKCe/G4xIV/kHivQglkGT0RrFdSNs5JY8gNo/CRICFVLsuBJPftX6b7pBdpIiEcvUugeqMJccxZ34fkiqE+z78v1T4vYSfTJwdRIiT243vJ/DxxLma3XyJgZTPi+2YTKYGKQsIHYicVeR838+mA/4hpTnRc0Oxqn1JPurhQ5wPptlUgpQCY5wGWn2Y17E8SnOmLq303SIvFdYAwZ8rxNJGm+vMuO4sUibcU4gszKI+wUR8lZtdQ2PihbHCxxF0RRtZIVYxZuy2KJsDsu2NRIxNgTU2k+Op+3igGYckYG2eJ814qScUL/KC3HcpBX2S808sT1QwfI4CxL0C3TWYKLsKqJWHLRahbnd6XPMRwi6EXrFxg5qWDD+RgWUND2Gr+2L2dTST8bvDehWbwUA+DeF2pMMT/QT1E7N9Dv71x+nx2MmiFKku9b8uA/AnngUKBn0= kevin@terraform\nssh-rsa AAAAB3NzaC1yc2EAAAADAQABAAABgQC5x5BmaQDMNAAPUXQ20hfeYzjcH4EenG4db8qPGhlojL5V2838XWNHKAn3+SBSnKDXONjomGB8ZXafILV9hr1BXRKoP/1HOj6IlhujJSk9lDWx5WOvRoZmBeLFuExkLJSlIU62eOAzXvxwHWgCHip947OV1toUy5GpPc+LUri9fHB9b4MV1BiNDA0Ad0rc2fjxQ2HOU5wq+g+zbTKB3HqewjfEdE56/6OHmXvJIXvucOCTFKep7r5nc6KFWt1I7r7eG+uZqDKotyfBHXe9nqh2dXkBYkT6G7+cRZSumhPsa2CMTGzY7aeHjKq1pJ2RYdFkp1jbUo+l2gLw5WPXZ2ugduR8aiwLazAMUN0+dhguMvomB+KbXUJfq1TEEuzdAohbxL6DNhBYXsXbJJwAEM+ovGT66tsl4+MFvjL+wO6X2d60EHfBxcFW0B7OQoE8bl7kg5ZBrobPjzN9g8dkGTwObWk+N9hCSSB+DUzz9osF+Q7gkv4TOWIT4M4WtrqGel8= kevin@fedora\n",
            "startup": "",
            "tablet": true,
            "tags": "",
            "target_node": "nuc2",
            "target_nodes": null,
            "timeouts": null,
            "tpm_state": [],
            "unused_disk": [],
            "usb": [],
            "usbs": [],
            "vcpus": 0,
            "vga": [],
            "vm_state": "running",
            "vmid": 142
          },
          "sensitive_attributes": [
            [
              {
                "type": "get_attr",
                "value": "cipassword"
              }
            ],
            [
              {
                "type": "get_attr",
                "value": "ssh_private_key"
              }
            ]
          ],
          "identity_schema_version": 0,
          "private": "eyJlMmJmYjczMC1lY2FhLTExZTYtOGY4OC0zNDM2M2JjN2M0YzAiOnsiY3JlYXRlIjoxMjAwMDAwMDAwMDAwLCJkZWZhdWx0IjoxMjAwMDAwMDAwMDAwLCJkZWxldGUiOjEyMDAwMDAwMDAwMDAsInJlYWQiOjEyMDAwMDAwMDAwMDAsInVwZGF0ZSI6MTIwMDAwMDAwMDAwMH19"
        }
      ]
    },
    {
      "module": "module.db-prod3",
      "mode": "managed",
      "type": "proxmox_vm_qemu",
      "name": "db-prod3",
      "provider": "module.db-prod3.provider[\"registry.terraform.io/telmate/proxmox\"]",
      "instances": [
        {
          "index_key": 0,
          "schema_version": 0,
          "attributes": {
            "additional_wait": 5,
            "agent": 0,
            "agent_timeout": 90,
            "args": "",
            "automatic_reboot": true,
            "balloon": 0,
            "bios": "seabios",
            "boot": "c",
            "bootdisk": "scsi0",
            "ci_wait": null,
            "cicustom": null,
            "cipassword": "obo74Cle",
            "ciupgrade": false,
            "ciuser": "kevin",
            "clone": "ubuntu-2404-cloud",
            "clone_id": null,
            "clone_wait": 10,
            "cores": 0,
            "cpu": [
              {
                "affinity": "",
                "cores": 2,
                "flags": [],
                "limit": 0,
                "numa": false,
                "sockets": 1,
                "type": "host",
                "units": 0,
                "vcores": 0
              }
            ],
            "cpu_type": "",
            "current_node": "nuc3",
            "default_ipv4_address": "192.168.80.63",
            "default_ipv6_address": "",
            "define_connection_info": true,
            "desc": "tf description",
            "disk": [],
            "disks": [
              {
                "ide": [
                  {
                    "ide0": [],
                    "ide1": [],
                    "ide2": [
                      {
                        "cdrom": [
                          {
                            "iso": "",
                            "passthrough": false
                          }
                        ],
                        "cloudinit": [],
                        "disk": [],
                        "ignore": false,
                        "passthrough": []
                      }
                    ],
                    "ide3": [
                      {
                        "cdrom": [],
                        "cloudinit": [
                          {
                            "storage": "ceph"
                          }
                        ],
                        "disk": [],
                        "ignore": false,
                        "passthrough": []
                      }
                    ]
                  }
                ],
                "sata": [],
                "scsi": [
                  {
                    "scsi0": [
                      {
                        "cdrom": [],
                        "cloudinit": [],
                        "disk": [
                          {
                            "asyncio": "",
                            "backup": true,
                            "cache": "",
                            "discard": false,
                            "emulatessd": false,
                            "format": "raw",
                            "id": 0,
                            "iops_r_burst": 0,
                            "iops_r_burst_length": 0,
                            "iops_r_concurrent": 0,
                            "iops_wr_burst": 0,
                            "iops_wr_burst_length": 0,
                            "iops_wr_concurrent": 0,
                            "iothread": false,
                            "linked_disk_id": -1,
                            "mbps_r_burst": 0,
                            "mbps_r_concurrent": 0,
                            "mbps_wr_burst": 0,
                            "mbps_wr_concurrent": 0,
                            "readonly": false,
                            "replicate": true,
                            "serial": "",
                            "size": "8G",
                            "storage": "ceph",
                            "wwn": ""
                          }
                        ],
                        "ignore": false,
                        "passthrough": []
                      }
                    ],
                    "scsi1": [],
                    "scsi10": [],
                    "scsi11": [],
                    "scsi12": [],
                    "scsi13": [],
                    "scsi14": [],
                    "scsi15": [],
                    "scsi16": [],
                    "scsi17": [],
                    "scsi18": [],
                    "scsi19": [],
                    "scsi2": [],
                    "scsi20": [],
                    "scsi21": [],
                    "scsi22": [],
                    "scsi23": [],
                    "scsi24": [],
                    "scsi25": [],
                    "scsi26": [],
                    "scsi27": [],
                    "scsi28": [],
                    "scsi29": [],
                    "scsi3": [],
                    "scsi30": [],
                    "scsi4": [],
                    "scsi5": [],
                    "scsi6": [],
                    "scsi7": [],
                    "scsi8": [],
                    "scsi9": []
                  }
                ],
                "virtio": []
              }
            ],
            "efidisk": [],
            "force_create": false,
            "force_recreate_on_change_of": null,
            "full_clone": true,
            "hagroup": "",
            "hastate": "",
            "hostpci": [],
            "hotplug": "network,disk,usb",
            "id": "nuc3/qemu/141",
            "ipconfig0": "ip=192.168.80.63/24,gw=192.168.80.1",
            "ipconfig1": null,
            "ipconfig10": null,
            "ipconfig11": null,
            "ipconfig12": null,
            "ipconfig13": null,
            "ipconfig14": null,
            "ipconfig15": null,
            "ipconfig2": null,
            "ipconfig3": null,
            "ipconfig4": null,
            "ipconfig5": null,
            "ipconfig6": null,
            "ipconfig7": null,
            "ipconfig8": null,
            "ipconfig9": null,
            "kvm": true,
            "linked_vmid": 0,
            "machine": "",
            "memory": 2048,
            "name": "db-prod3",
            "nameserver": null,
            "network": [
              {
                "bridge": "vmbr0",
                "firewall": false,
                "id": 0,
                "link_down": false,
                "macaddr": "bc:24:11:70:c3:bf",
                "model": "virtio",
                "mtu": 0,
                "queues": 0,
                "rate": 0,
                "tag": 80
              }
            ],
            "numa": false,
            "onboot": true,
            "os_network_config": null,
            "os_type": "ubuntu",
            "pci": [],
            "pcis": [],
            "pool": "HA-3",
            "protection": false,
            "pxe": null,
            "qemu_os": "other",
            "reboot_required": false,
            "scsihw": "virtio-scsi-pci",
            "searchdomain": null,
            "serial": [
              {
                "id": 0,
                "type": "socket"
              }
            ],
            "skip_ipv4": false,
            "skip_ipv6": false,
            "smbios": [
              {
                "family": "",
                "manufacturer": "",
                "product": "",
                "serial": "",
                "sku": "",
                "uuid": "90490f94-8b0c-4785-ab05-ba5be9aed636",
                "version": ""
              }
            ],
            "sockets": 0,
            "ssh_forward_ip": null,
            "ssh_host": "192.168.80.63",
            "ssh_port": "22",
            "ssh_private_key": null,
            "ssh_user": null,
            "sshkeys": "ssh-ed25519 AAAAC3NzaC1lZDI1NTE5AAAAIGBHWpYk7FDrlGcuQF1zYauvWa62Kmwj5Z/C/ksB0eK4 kevin@bessie\nssh-rsa AAAAB3NzaC1yc2EAAAADAQABAAABgQDCfKdycPd96nMVRwU166yImlMSlgjlClJP/JpDx6fUx4xECkpxfiRWyBELTmyFp1loC0ABLL6p86GQEeriABsuOkb9zwOiUTxvJEfwuVPKULvE3kt0nZrQQd0KpGFZ2qbhlTNAUVshU0eYGONevh9AwvjkGLZxakiwIl0XF1X/RzbotYmT7D4hA7yy2/8I97hMTL7a5xSLNMJpfd6rNzq9GwX/o4b06iJjlkyMmgUJevWst4ATb9XAgkJwuuPjXM9dSJi5MwjWYkwH0zCJvutPJ5Z28oy7M1R3+oCbGh+7xNmcOhrCcceV4Z5sq3uYOy/kRR3osCU2pFgirs9TxPwqLHTTiPlcxOvAaACNK9tQDSqI+XwNecBKt4NgvbavI4WgcilqAe3lmUlMskJllEwUi3QrnSGP53LaHu2PRxrPTLfLZI5DKReKzB29FE7ZsMiOCbcTB4SJrBRmxfVB7VSNepqqmLh3RyHb0vRWidKshsz9PXb1Zynpn7nGcbMKxFE= kevin@ansible\nssh-rsa AAAAB3NzaC1yc2EAAAADAQABAAABgQCqAJpgMNAvZsnnWEfg4vqU0LpmhNYN1+Pv9D8op3EGrCUHCmLAE9ur732ycHxBr7oKCe/G4xIV/kHivQglkGT0RrFdSNs5JY8gNo/CRICFVLsuBJPftX6b7pBdpIiEcvUugeqMJccxZ34fkiqE+z78v1T4vYSfTJwdRIiT243vJ/DxxLma3XyJgZTPi+2YTKYGKQsIHYicVeR838+mA/4hpTnRc0Oxqn1JPurhQ5wPptlUgpQCY5wGWn2Y17E8SnOmLq303SIvFdYAwZ8rxNJGm+vMuO4sUibcU4gszKI+wUR8lZtdQ2PihbHCxxF0RRtZIVYxZuy2KJsDsu2NRIxNgTU2k+Op+3igGYckYG2eJ814qScUL/KC3HcpBX2S808sT1QwfI4CxL0C3TWYKLsKqJWHLRahbnd6XPMRwi6EXrFxg5qWDD+RgWUND2Gr+2L2dTST8bvDehWbwUA+DeF2pMMT/QT1E7N9Dv71x+nx2MmiFKku9b8uA/AnngUKBn0= kevin@terraform\nssh-rsa AAAAB3NzaC1yc2EAAAADAQABAAABgQC5x5BmaQDMNAAPUXQ20hfeYzjcH4EenG4db8qPGhlojL5V2838XWNHKAn3+SBSnKDXONjomGB8ZXafILV9hr1BXRKoP/1HOj6IlhujJSk9lDWx5WOvRoZmBeLFuExkLJSlIU62eOAzXvxwHWgCHip947OV1toUy5GpPc+LUri9fHB9b4MV1BiNDA0Ad0rc2fjxQ2HOU5wq+g+zbTKB3HqewjfEdE56/6OHmXvJIXvucOCTFKep7r5nc6KFWt1I7r7eG+uZqDKotyfBHXe9nqh2dXkBYkT6G7+cRZSumhPsa2CMTGzY7aeHjKq1pJ2RYdFkp1jbUo+l2gLw5WPXZ2ugduR8aiwLazAMUN0+dhguMvomB+KbXUJfq1TEEuzdAohbxL6DNhBYXsXbJJwAEM+ovGT66tsl4+MFvjL+wO6X2d60EHfBxcFW0B7OQoE8bl7kg5ZBrobPjzN9g8dkGTwObWk+N9hCSSB+DUzz9osF+Q7gkv4TOWIT4M4WtrqGel8= kevin@fedora\n",
            "startup": "",
            "tablet": true,
            "tags": "",
            "target_node": "nuc3",
            "target_nodes": null,
            "timeouts": null,
            "tpm_state": [],
            "unused_disk": [],
            "usb": [],
            "usbs": [],
            "vcpus": 0,
            "vga": [],
            "vm_state": "running",
            "vmid": 141
          },
          "sensitive_attributes": [
            [
              {
                "type": "get_attr",
                "value": "cipassword"
              }
            ],
            [
              {
                "type": "get_attr",
                "value": "ssh_private_key"
              }
            ]
          ],
          "identity_schema_version": 0,
          "private": "eyJlMmJmYjczMC1lY2FhLTExZTYtOGY4OC0zNDM2M2JjN2M0YzAiOnsiY3JlYXRlIjoxMjAwMDAwMDAwMDAwLCJkZWZhdWx0IjoxMjAwMDAwMDAwMDAwLCJkZWxldGUiOjEyMDAwMDAwMDAwMDAsInJlYWQiOjEyMDAwMDAwMDAwMDAsInVwZGF0ZSI6MTIwMDAwMDAwMDAwMH19"
        }
      ]
    },
    {
      "module": "module.external-proxy1",
      "mode": "managed",
      "type": "proxmox_vm_qemu",
      "name": "external-proxy1",
      "provider": "module.external-proxy1.provider[\"registry.terraform.io/telmate/proxmox\"]",
      "instances": [
        {
          "index_key": 0,
          "schema_version": 0,
          "attributes": {
            "additional_wait": 5,
            "agent": 0,
            "agent_timeout": 90,
            "args": "",
            "automatic_reboot": true,
            "balloon": 0,
            "bios": "seabios",
            "boot": "c",
            "bootdisk": "scsi0",
            "ci_wait": null,
            "cicustom": "",
            "cipassword": "obo74Cle",
            "ciupgrade": false,
            "ciuser": "kevin",
            "clone": "ubuntu-2404-cloud",
            "clone_id": null,
            "clone_wait": 10,
            "cores": 0,
            "cpu": [
              {
                "affinity": "",
                "cores": 2,
                "flags": [],
                "limit": 0,
                "numa": false,
                "sockets": 1,
                "type": "host",
                "units": 0,
                "vcores": 0
              }
            ],
            "cpu_type": "",
            "current_node": "nuc1",
            "default_ipv4_address": "192.168.11.81",
            "default_ipv6_address": "",
            "define_connection_info": true,
            "desc": "tf description",
            "disk": [],
            "disks": [
              {
                "ide": [
                  {
                    "ide0": [],
                    "ide1": [],
                    "ide2": [
                      {
                        "cdrom": [
                          {
                            "iso": "",
                            "passthrough": false
                          }
                        ],
                        "cloudinit": [],
                        "disk": [],
                        "ignore": false,
                        "passthrough": []
                      }
                    ],
                    "ide3": [
                      {
                        "cdrom": [],
                        "cloudinit": [
                          {
                            "storage": "ceph"
                          }
                        ],
                        "disk": [],
                        "ignore": false,
                        "passthrough": []
                      }
                    ]
                  }
                ],
                "sata": [],
                "scsi": [
                  {
                    "scsi0": [
                      {
                        "cdrom": [],
                        "cloudinit": [],
                        "disk": [
                          {
                            "asyncio": "",
                            "backup": true,
                            "cache": "",
                            "discard": false,
                            "emulatessd": false,
                            "format": "raw",
                            "id": 0,
                            "iops_r_burst": 0,
                            "iops_r_burst_length": 0,
                            "iops_r_concurrent": 0,
                            "iops_wr_burst": 0,
                            "iops_wr_burst_length": 0,
                            "iops_wr_concurrent": 0,
                            "iothread": false,
                            "linked_disk_id": -1,
                            "mbps_r_burst": 0,
                            "mbps_r_concurrent": 0,
                            "mbps_wr_burst": 0,
                            "mbps_wr_concurrent": 0,
                            "readonly": false,
                            "replicate": true,
                            "serial": "",
                            "size": "8G",
                            "storage": "ceph",
                            "wwn": ""
                          }
                        ],
                        "ignore": false,
                        "passthrough": []
                      }
                    ],
                    "scsi1": [],
                    "scsi10": [],
                    "scsi11": [],
                    "scsi12": [],
                    "scsi13": [],
                    "scsi14": [],
                    "scsi15": [],
                    "scsi16": [],
                    "scsi17": [],
                    "scsi18": [],
                    "scsi19": [],
                    "scsi2": [],
                    "scsi20": [],
                    "scsi21": [],
                    "scsi22": [],
                    "scsi23": [],
                    "scsi24": [],
                    "scsi25": [],
                    "scsi26": [],
                    "scsi27": [],
                    "scsi28": [],
                    "scsi29": [],
                    "scsi3": [],
                    "scsi30": [],
                    "scsi4": [],
                    "scsi5": [],
                    "scsi6": [],
                    "scsi7": [],
                    "scsi8": [],
                    "scsi9": []
                  }
                ],
                "virtio": []
              }
            ],
            "efidisk": [],
            "force_create": false,
            "force_recreate_on_change_of": null,
            "full_clone": true,
            "hagroup": "",
            "hastate": "",
            "hostpci": [],
            "hotplug": "network,disk,usb",
            "id": "nuc1/qemu/109",
            "ipconfig0": "ip=192.168.11.81/24,gw=192.168.11.1",
            "ipconfig1": "",
            "ipconfig10": "",
            "ipconfig11": "",
            "ipconfig12": "",
            "ipconfig13": "",
            "ipconfig14": "",
            "ipconfig15": "",
            "ipconfig2": "",
            "ipconfig3": "",
            "ipconfig4": "",
            "ipconfig5": "",
            "ipconfig6": "",
            "ipconfig7": "",
            "ipconfig8": "",
            "ipconfig9": "",
            "kvm": true,
            "linked_vmid": 0,
            "machine": "",
            "memory": 1024,
            "name": "external-proxy1",
            "nameserver": "",
            "network": [
              {
                "bridge": "vmbr0",
                "firewall": false,
                "id": 0,
                "link_down": false,
                "macaddr": "ee:d0:d4:ae:00:be",
                "model": "virtio",
                "mtu": 0,
                "queues": 0,
                "rate": 0,
                "tag": 0
              }
            ],
            "numa": false,
            "onboot": true,
            "os_network_config": null,
            "os_type": "ubuntu",
            "pci": [],
            "pcis": [],
            "pool": "HA-1",
            "protection": false,
            "pxe": null,
            "qemu_os": "other",
            "reboot_required": false,
            "scsihw": "virtio-scsi-pci",
            "searchdomain": "",
            "serial": [
              {
                "id": 0,
                "type": "socket"
              }
            ],
            "skip_ipv4": false,
            "skip_ipv6": false,
            "smbios": [
              {
                "family": "",
                "manufacturer": "",
                "product": "",
                "serial": "",
                "sku": "",
                "uuid": "5354aed9-b8c7-479d-879b-84ae899bbf42",
                "version": ""
              }
            ],
            "sockets": 0,
            "ssh_forward_ip": null,
            "ssh_host": "192.168.11.81",
            "ssh_port": "22",
            "ssh_private_key": null,
            "ssh_user": null,
            "sshkeys": "ssh-ed25519 AAAAC3NzaC1lZDI1NTE5AAAAIGBHWpYk7FDrlGcuQF1zYauvWa62Kmwj5Z/C/ksB0eK4 kevin@bessie\nssh-rsa AAAAB3NzaC1yc2EAAAADAQABAAABgQDCfKdycPd96nMVRwU166yImlMSlgjlClJP/JpDx6fUx4xECkpxfiRWyBELTmyFp1loC0ABLL6p86GQEeriABsuOkb9zwOiUTxvJEfwuVPKULvE3kt0nZrQQd0KpGFZ2qbhlTNAUVshU0eYGONevh9AwvjkGLZxakiwIl0XF1X/RzbotYmT7D4hA7yy2/8I97hMTL7a5xSLNMJpfd6rNzq9GwX/o4b06iJjlkyMmgUJevWst4ATb9XAgkJwuuPjXM9dSJi5MwjWYkwH0zCJvutPJ5Z28oy7M1R3+oCbGh+7xNmcOhrCcceV4Z5sq3uYOy/kRR3osCU2pFgirs9TxPwqLHTTiPlcxOvAaACNK9tQDSqI+XwNecBKt4NgvbavI4WgcilqAe3lmUlMskJllEwUi3QrnSGP53LaHu2PRxrPTLfLZI5DKReKzB29FE7ZsMiOCbcTB4SJrBRmxfVB7VSNepqqmLh3RyHb0vRWidKshsz9PXb1Zynpn7nGcbMKxFE= kevin@ansible\nssh-rsa AAAAB3NzaC1yc2EAAAADAQABAAABgQCqAJpgMNAvZsnnWEfg4vqU0LpmhNYN1+Pv9D8op3EGrCUHCmLAE9ur732ycHxBr7oKCe/G4xIV/kHivQglkGT0RrFdSNs5JY8gNo/CRICFVLsuBJPftX6b7pBdpIiEcvUugeqMJccxZ34fkiqE+z78v1T4vYSfTJwdRIiT243vJ/DxxLma3XyJgZTPi+2YTKYGKQsIHYicVeR838+mA/4hpTnRc0Oxqn1JPurhQ5wPptlUgpQCY5wGWn2Y17E8SnOmLq303SIvFdYAwZ8rxNJGm+vMuO4sUibcU4gszKI+wUR8lZtdQ2PihbHCxxF0RRtZIVYxZuy2KJsDsu2NRIxNgTU2k+Op+3igGYckYG2eJ814qScUL/KC3HcpBX2S808sT1QwfI4CxL0C3TWYKLsKqJWHLRahbnd6XPMRwi6EXrFxg5qWDD+RgWUND2Gr+2L2dTST8bvDehWbwUA+DeF2pMMT/QT1E7N9Dv71x+nx2MmiFKku9b8uA/AnngUKBn0= kevin@terraform\nssh-rsa AAAAB3NzaC1yc2EAAAADAQABAAABgQC5x5BmaQDMNAAPUXQ20hfeYzjcH4EenG4db8qPGhlojL5V2838XWNHKAn3+SBSnKDXONjomGB8ZXafILV9hr1BXRKoP/1HOj6IlhujJSk9lDWx5WOvRoZmBeLFuExkLJSlIU62eOAzXvxwHWgCHip947OV1toUy5GpPc+LUri9fHB9b4MV1BiNDA0Ad0rc2fjxQ2HOU5wq+g+zbTKB3HqewjfEdE56/6OHmXvJIXvucOCTFKep7r5nc6KFWt1I7r7eG+uZqDKotyfBHXe9nqh2dXkBYkT6G7+cRZSumhPsa2CMTGzY7aeHjKq1pJ2RYdFkp1jbUo+l2gLw5WPXZ2ugduR8aiwLazAMUN0+dhguMvomB+KbXUJfq1TEEuzdAohbxL6DNhBYXsXbJJwAEM+ovGT66tsl4+MFvjL+wO6X2d60EHfBxcFW0B7OQoE8bl7kg5ZBrobPjzN9g8dkGTwObWk+N9hCSSB+DUzz9osF+Q7gkv4TOWIT4M4WtrqGel8= kevin@fedora\n",
            "startup": "",
            "tablet": true,
            "tags": "",
            "target_node": "nuc1",
            "target_nodes": null,
            "timeouts": null,
            "tpm_state": [],
            "unused_disk": [],
            "usb": [],
            "usbs": [],
            "vcpus": 0,
            "vga": [],
            "vm_state": "running",
            "vmid": 109
          },
          "sensitive_attributes": [
            [
              {
                "type": "get_attr",
                "value": "cipassword"
              }
            ],
            [
              {
                "type": "get_attr",
                "value": "ssh_private_key"
              }
            ]
          ],
          "identity_schema_version": 0,
          "private": "eyJlMmJmYjczMC1lY2FhLTExZTYtOGY4OC0zNDM2M2JjN2M0YzAiOnsiY3JlYXRlIjoxMjAwMDAwMDAwMDAwLCJkZWZhdWx0IjoxMjAwMDAwMDAwMDAwLCJkZWxldGUiOjEyMDAwMDAwMDAwMDAsInJlYWQiOjEyMDAwMDAwMDAwMDAsInVwZGF0ZSI6MTIwMDAwMDAwMDAwMH19"
        }
      ]
    },
    {
      "module": "module.external-proxy2",
      "mode": "managed",
      "type": "proxmox_vm_qemu",
      "name": "external-proxy2",
      "provider": "module.external-proxy2.provider[\"registry.terraform.io/telmate/proxmox\"]",
      "instances": [
        {
          "index_key": 0,
          "schema_version": 0,
          "attributes": {
            "additional_wait": 5,
            "agent": 0,
            "agent_timeout": 90,
            "args": "",
            "automatic_reboot": true,
            "balloon": 0,
            "bios": "seabios",
            "boot": "c",
            "bootdisk": "scsi0",
            "ci_wait": null,
            "cicustom": "",
            "cipassword": "obo74Cle",
            "ciupgrade": false,
            "ciuser": "kevin",
            "clone": "ubuntu-2404-cloud",
            "clone_id": null,
            "clone_wait": 10,
            "cores": 0,
            "cpu": [
              {
                "affinity": "",
                "cores": 2,
                "flags": [],
                "limit": 0,
                "numa": false,
                "sockets": 1,
                "type": "host",
                "units": 0,
                "vcores": 0
              }
            ],
            "cpu_type": "",
            "current_node": "nuc2",
            "default_ipv4_address": "192.168.11.82",
            "default_ipv6_address": "",
            "define_connection_info": true,
            "desc": "tf description",
            "disk": [],
            "disks": [
              {
                "ide": [
                  {
                    "ide0": [],
                    "ide1": [],
                    "ide2": [
                      {
                        "cdrom": [
                          {
                            "iso": "",
                            "passthrough": false
                          }
                        ],
                        "cloudinit": [],
                        "disk": [],
                        "ignore": false,
                        "passthrough": []
                      }
                    ],
                    "ide3": [
                      {
                        "cdrom": [],
                        "cloudinit": [
                          {
                            "storage": "ceph"
                          }
                        ],
                        "disk": [],
                        "ignore": false,
                        "passthrough": []
                      }
                    ]
                  }
                ],
                "sata": [],
                "scsi": [
                  {
                    "scsi0": [
                      {
                        "cdrom": [],
                        "cloudinit": [],
                        "disk": [
                          {
                            "asyncio": "",
                            "backup": true,
                            "cache": "",
                            "discard": false,
                            "emulatessd": false,
                            "format": "raw",
                            "id": 0,
                            "iops_r_burst": 0,
                            "iops_r_burst_length": 0,
                            "iops_r_concurrent": 0,
                            "iops_wr_burst": 0,
                            "iops_wr_burst_length": 0,
                            "iops_wr_concurrent": 0,
                            "iothread": false,
                            "linked_disk_id": -1,
                            "mbps_r_burst": 0,
                            "mbps_r_concurrent": 0,
                            "mbps_wr_burst": 0,
                            "mbps_wr_concurrent": 0,
                            "readonly": false,
                            "replicate": true,
                            "serial": "",
                            "size": "8G",
                            "storage": "ceph",
                            "wwn": ""
                          }
                        ],
                        "ignore": false,
                        "passthrough": []
                      }
                    ],
                    "scsi1": [],
                    "scsi10": [],
                    "scsi11": [],
                    "scsi12": [],
                    "scsi13": [],
                    "scsi14": [],
                    "scsi15": [],
                    "scsi16": [],
                    "scsi17": [],
                    "scsi18": [],
                    "scsi19": [],
                    "scsi2": [],
                    "scsi20": [],
                    "scsi21": [],
                    "scsi22": [],
                    "scsi23": [],
                    "scsi24": [],
                    "scsi25": [],
                    "scsi26": [],
                    "scsi27": [],
                    "scsi28": [],
                    "scsi29": [],
                    "scsi3": [],
                    "scsi30": [],
                    "scsi4": [],
                    "scsi5": [],
                    "scsi6": [],
                    "scsi7": [],
                    "scsi8": [],
                    "scsi9": []
                  }
                ],
                "virtio": []
              }
            ],
            "efidisk": [],
            "force_create": false,
            "force_recreate_on_change_of": null,
            "full_clone": true,
            "hagroup": "",
            "hastate": "",
            "hostpci": [],
            "hotplug": "network,disk,usb",
            "id": "nuc2/qemu/118",
            "ipconfig0": "ip=192.168.11.82/24,gw=192.168.11.1",
            "ipconfig1": "",
            "ipconfig10": "",
            "ipconfig11": "",
            "ipconfig12": "",
            "ipconfig13": "",
            "ipconfig14": "",
            "ipconfig15": "",
            "ipconfig2": "",
            "ipconfig3": "",
            "ipconfig4": "",
            "ipconfig5": "",
            "ipconfig6": "",
            "ipconfig7": "",
            "ipconfig8": "",
            "ipconfig9": "",
            "kvm": true,
            "linked_vmid": 0,
            "machine": "",
            "memory": 1024,
            "name": "external-proxy2",
            "nameserver": "",
            "network": [
              {
                "bridge": "vmbr0",
                "firewall": false,
                "id": 0,
                "link_down": false,
                "macaddr": "ae:e9:5a:61:bf:90",
                "model": "virtio",
                "mtu": 0,
                "queues": 0,
                "rate": 0,
                "tag": 0
              }
            ],
            "numa": false,
            "onboot": true,
            "os_network_config": null,
            "os_type": "ubuntu",
            "pci": [],
            "pcis": [],
            "pool": "HA-2",
            "protection": false,
            "pxe": null,
            "qemu_os": "other",
            "reboot_required": false,
            "scsihw": "virtio-scsi-pci",
            "searchdomain": "",
            "serial": [
              {
                "id": 0,
                "type": "socket"
              }
            ],
            "skip_ipv4": false,
            "skip_ipv6": false,
            "smbios": [
              {
                "family": "",
                "manufacturer": "",
                "product": "",
                "serial": "",
                "sku": "",
                "uuid": "b287bb98-6e9d-4cec-9239-dd0c101c9c0d",
                "version": ""
              }
            ],
            "sockets": 0,
            "ssh_forward_ip": null,
            "ssh_host": "192.168.11.82",
            "ssh_port": "22",
            "ssh_private_key": null,
            "ssh_user": null,
            "sshkeys": "ssh-ed25519 AAAAC3NzaC1lZDI1NTE5AAAAIGBHWpYk7FDrlGcuQF1zYauvWa62Kmwj5Z/C/ksB0eK4 kevin@bessie\nssh-rsa AAAAB3NzaC1yc2EAAAADAQABAAABgQDCfKdycPd96nMVRwU166yImlMSlgjlClJP/JpDx6fUx4xECkpxfiRWyBELTmyFp1loC0ABLL6p86GQEeriABsuOkb9zwOiUTxvJEfwuVPKULvE3kt0nZrQQd0KpGFZ2qbhlTNAUVshU0eYGONevh9AwvjkGLZxakiwIl0XF1X/RzbotYmT7D4hA7yy2/8I97hMTL7a5xSLNMJpfd6rNzq9GwX/o4b06iJjlkyMmgUJevWst4ATb9XAgkJwuuPjXM9dSJi5MwjWYkwH0zCJvutPJ5Z28oy7M1R3+oCbGh+7xNmcOhrCcceV4Z5sq3uYOy/kRR3osCU2pFgirs9TxPwqLHTTiPlcxOvAaACNK9tQDSqI+XwNecBKt4NgvbavI4WgcilqAe3lmUlMskJllEwUi3QrnSGP53LaHu2PRxrPTLfLZI5DKReKzB29FE7ZsMiOCbcTB4SJrBRmxfVB7VSNepqqmLh3RyHb0vRWidKshsz9PXb1Zynpn7nGcbMKxFE= kevin@ansible\nssh-rsa AAAAB3NzaC1yc2EAAAADAQABAAABgQCqAJpgMNAvZsnnWEfg4vqU0LpmhNYN1+Pv9D8op3EGrCUHCmLAE9ur732ycHxBr7oKCe/G4xIV/kHivQglkGT0RrFdSNs5JY8gNo/CRICFVLsuBJPftX6b7pBdpIiEcvUugeqMJccxZ34fkiqE+z78v1T4vYSfTJwdRIiT243vJ/DxxLma3XyJgZTPi+2YTKYGKQsIHYicVeR838+mA/4hpTnRc0Oxqn1JPurhQ5wPptlUgpQCY5wGWn2Y17E8SnOmLq303SIvFdYAwZ8rxNJGm+vMuO4sUibcU4gszKI+wUR8lZtdQ2PihbHCxxF0RRtZIVYxZuy2KJsDsu2NRIxNgTU2k+Op+3igGYckYG2eJ814qScUL/KC3HcpBX2S808sT1QwfI4CxL0C3TWYKLsKqJWHLRahbnd6XPMRwi6EXrFxg5qWDD+RgWUND2Gr+2L2dTST8bvDehWbwUA+DeF2pMMT/QT1E7N9Dv71x+nx2MmiFKku9b8uA/AnngUKBn0= kevin@terraform\nssh-rsa AAAAB3NzaC1yc2EAAAADAQABAAABgQC5x5BmaQDMNAAPUXQ20hfeYzjcH4EenG4db8qPGhlojL5V2838XWNHKAn3+SBSnKDXONjomGB8ZXafILV9hr1BXRKoP/1HOj6IlhujJSk9lDWx5WOvRoZmBeLFuExkLJSlIU62eOAzXvxwHWgCHip947OV1toUy5GpPc+LUri9fHB9b4MV1BiNDA0Ad0rc2fjxQ2HOU5wq+g+zbTKB3HqewjfEdE56/6OHmXvJIXvucOCTFKep7r5nc6KFWt1I7r7eG+uZqDKotyfBHXe9nqh2dXkBYkT6G7+cRZSumhPsa2CMTGzY7aeHjKq1pJ2RYdFkp1jbUo+l2gLw5WPXZ2ugduR8aiwLazAMUN0+dhguMvomB+KbXUJfq1TEEuzdAohbxL6DNhBYXsXbJJwAEM+ovGT66tsl4+MFvjL+wO6X2d60EHfBxcFW0B7OQoE8bl7kg5ZBrobPjzN9g8dkGTwObWk+N9hCSSB+DUzz9osF+Q7gkv4TOWIT4M4WtrqGel8= kevin@fedora\n",
            "startup": "",
            "tablet": true,
            "tags": "",
            "target_node": "nuc2",
            "target_nodes": null,
            "timeouts": null,
            "tpm_state": [],
            "unused_disk": [],
            "usb": [],
            "usbs": [],
            "vcpus": 0,
            "vga": [],
            "vm_state": "running",
            "vmid": 118
          },
          "sensitive_attributes": [
            [
              {
                "type": "get_attr",
                "value": "cipassword"
              }
            ],
            [
              {
                "type": "get_attr",
                "value": "ssh_private_key"
              }
            ]
          ],
          "identity_schema_version": 0,
          "private": "eyJlMmJmYjczMC1lY2FhLTExZTYtOGY4OC0zNDM2M2JjN2M0YzAiOnsiY3JlYXRlIjoxMjAwMDAwMDAwMDAwLCJkZWZhdWx0IjoxMjAwMDAwMDAwMDAwLCJkZWxldGUiOjEyMDAwMDAwMDAwMDAsInJlYWQiOjEyMDAwMDAwMDAwMDAsInVwZGF0ZSI6MTIwMDAwMDAwMDAwMH19"
        }
      ]
    },
    {
      "module": "module.immich",
      "mode": "managed",
      "type": "proxmox_vm_qemu",
      "name": "immich",
      "provider": "module.immich.provider[\"registry.terraform.io/telmate/proxmox\"]",
      "instances": [
        {
          "index_key": 0,
          "schema_version": 0,
          "attributes": {
            "additional_wait": 5,
            "agent": 0,
            "agent_timeout": 90,
            "args": "",
            "automatic_reboot": true,
            "balloon": 0,
            "bios": "seabios",
            "boot": "c",
            "bootdisk": "scsi0",
            "ci_wait": null,
            "cicustom": "",
            "cipassword": "obo74Cle",
            "ciupgrade": false,
            "ciuser": "kevin",
            "clone": "ubuntu-cloud",
            "clone_id": null,
            "clone_wait": 10,
            "cores": 0,
            "cpu": [
              {
                "affinity": "",
                "cores": 6,
                "flags": [],
                "limit": 0,
                "numa": false,
                "sockets": 1,
                "type": "host",
                "units": 0,
                "vcores": 0
              }
            ],
            "cpu_type": "",
            "current_node": "pve",
            "default_ipv4_address": "192.168.11.19",
            "default_ipv6_address": "",
            "define_connection_info": true,
            "desc": "tf description",
            "disk": [],
            "disks": [
              {
                "ide": [
                  {
                    "ide0": [],
                    "ide1": [],
                    "ide2": [
                      {
                        "cdrom": [
                          {
                            "iso": "",
                            "passthrough": false
                          }
                        ],
                        "cloudinit": [],
                        "disk": [],
                        "ignore": false,
                        "passthrough": []
                      }
                    ],
                    "ide3": [
                      {
                        "cdrom": [],
                        "cloudinit": [
                          {
                            "storage": "ceph"
                          }
                        ],
                        "disk": [],
                        "ignore": false,
                        "passthrough": []
                      }
                    ]
                  }
                ],
                "sata": [],
                "scsi": [
                  {
                    "scsi0": [
                      {
                        "cdrom": [],
                        "cloudinit": [],
                        "disk": [
                          {
                            "asyncio": "",
                            "backup": true,
                            "cache": "",
                            "discard": false,
                            "emulatessd": false,
                            "format": "raw",
                            "id": 0,
                            "iops_r_burst": 0,
                            "iops_r_burst_length": 0,
                            "iops_r_concurrent": 0,
                            "iops_wr_burst": 0,
                            "iops_wr_burst_length": 0,
                            "iops_wr_concurrent": 0,
                            "iothread": false,
                            "linked_disk_id": -1,
                            "mbps_r_burst": 0,
                            "mbps_r_concurrent": 0,
                            "mbps_wr_burst": 0,
                            "mbps_wr_concurrent": 0,
                            "readonly": false,
                            "replicate": true,
                            "serial": "",
                            "size": "16G",
                            "storage": "ceph",
                            "wwn": ""
                          }
                        ],
                        "ignore": false,
                        "passthrough": []
                      }
                    ],
                    "scsi1": [],
                    "scsi10": [],
                    "scsi11": [],
                    "scsi12": [],
                    "scsi13": [],
                    "scsi14": [],
                    "scsi15": [],
                    "scsi16": [],
                    "scsi17": [],
                    "scsi18": [],
                    "scsi19": [],
                    "scsi2": [],
                    "scsi20": [],
                    "scsi21": [],
                    "scsi22": [],
                    "scsi23": [],
                    "scsi24": [],
                    "scsi25": [],
                    "scsi26": [],
                    "scsi27": [],
                    "scsi28": [],
                    "scsi29": [],
                    "scsi3": [],
                    "scsi30": [],
                    "scsi4": [],
                    "scsi5": [],
                    "scsi6": [],
                    "scsi7": [],
                    "scsi8": [],
                    "scsi9": []
                  }
                ],
                "virtio": []
              }
            ],
            "efidisk": [],
            "force_create": false,
            "force_recreate_on_change_of": null,
            "full_clone": true,
            "hagroup": "",
            "hastate": "",
            "hostpci": [],
            "hotplug": "network,disk,usb",
            "id": "pve/qemu/143",
            "ipconfig0": "ip=192.168.11.19/24,gw=192.168.11.1",
            "ipconfig1": "",
            "ipconfig10": "",
            "ipconfig11": "",
            "ipconfig12": "",
            "ipconfig13": "",
            "ipconfig14": "",
            "ipconfig15": "",
            "ipconfig2": "",
            "ipconfig3": "",
            "ipconfig4": "",
            "ipconfig5": "",
            "ipconfig6": "",
            "ipconfig7": "",
            "ipconfig8": "",
            "ipconfig9": "",
            "kvm": true,
            "linked_vmid": 0,
            "machine": "",
            "memory": 6144,
            "name": "immich",
            "nameserver": "",
            "network": [
              {
                "bridge": "vmbr0",
                "firewall": false,
                "id": 0,
                "link_down": false,
                "macaddr": "9e:28:7d:01:cc:7b",
                "model": "virtio",
                "mtu": 0,
                "queues": 0,
                "rate": 0,
                "tag": 0
              }
            ],
            "numa": false,
            "onboot": true,
            "os_network_config": null,
            "os_type": "ubuntu",
            "pci": [],
            "pcis": [],
            "pool": "personal",
            "protection": false,
            "pxe": null,
            "qemu_os": "other",
            "reboot_required": false,
            "scsihw": "virtio-scsi-pci",
            "searchdomain": "",
            "serial": [
              {
                "id": 0,
                "type": "socket"
              }
            ],
            "skip_ipv4": false,
            "skip_ipv6": false,
            "smbios": [
              {
                "family": "",
                "manufacturer": "",
                "product": "",
                "serial": "",
                "sku": "",
                "uuid": "962e0221-5b16-4b95-a623-7ca7aa3eda65",
                "version": ""
              }
            ],
            "sockets": 0,
            "ssh_forward_ip": null,
            "ssh_host": "192.168.11.19",
            "ssh_port": "22",
            "ssh_private_key": null,
            "ssh_user": null,
            "sshkeys": "ssh-ed25519 AAAAC3NzaC1lZDI1NTE5AAAAIGBHWpYk7FDrlGcuQF1zYauvWa62Kmwj5Z/C/ksB0eK4 kevin@bessie\nssh-rsa AAAAB3NzaC1yc2EAAAADAQABAAABgQDCfKdycPd96nMVRwU166yImlMSlgjlClJP/JpDx6fUx4xECkpxfiRWyBELTmyFp1loC0ABLL6p86GQEeriABsuOkb9zwOiUTxvJEfwuVPKULvE3kt0nZrQQd0KpGFZ2qbhlTNAUVshU0eYGONevh9AwvjkGLZxakiwIl0XF1X/RzbotYmT7D4hA7yy2/8I97hMTL7a5xSLNMJpfd6rNzq9GwX/o4b06iJjlkyMmgUJevWst4ATb9XAgkJwuuPjXM9dSJi5MwjWYkwH0zCJvutPJ5Z28oy7M1R3+oCbGh+7xNmcOhrCcceV4Z5sq3uYOy/kRR3osCU2pFgirs9TxPwqLHTTiPlcxOvAaACNK9tQDSqI+XwNecBKt4NgvbavI4WgcilqAe3lmUlMskJllEwUi3QrnSGP53LaHu2PRxrPTLfLZI5DKReKzB29FE7ZsMiOCbcTB4SJrBRmxfVB7VSNepqqmLh3RyHb0vRWidKshsz9PXb1Zynpn7nGcbMKxFE= kevin@ansible\nssh-rsa AAAAB3NzaC1yc2EAAAADAQABAAABgQCqAJpgMNAvZsnnWEfg4vqU0LpmhNYN1+Pv9D8op3EGrCUHCmLAE9ur732ycHxBr7oKCe/G4xIV/kHivQglkGT0RrFdSNs5JY8gNo/CRICFVLsuBJPftX6b7pBdpIiEcvUugeqMJccxZ34fkiqE+z78v1T4vYSfTJwdRIiT243vJ/DxxLma3XyJgZTPi+2YTKYGKQsIHYicVeR838+mA/4hpTnRc0Oxqn1JPurhQ5wPptlUgpQCY5wGWn2Y17E8SnOmLq303SIvFdYAwZ8rxNJGm+vMuO4sUibcU4gszKI+wUR8lZtdQ2PihbHCxxF0RRtZIVYxZuy2KJsDsu2NRIxNgTU2k+Op+3igGYckYG2eJ814qScUL/KC3HcpBX2S808sT1QwfI4CxL0C3TWYKLsKqJWHLRahbnd6XPMRwi6EXrFxg5qWDD+RgWUND2Gr+2L2dTST8bvDehWbwUA+DeF2pMMT/QT1E7N9Dv71x+nx2MmiFKku9b8uA/AnngUKBn0= kevin@terraform\nssh-rsa AAAAB3NzaC1yc2EAAAADAQABAAABgQC5x5BmaQDMNAAPUXQ20hfeYzjcH4EenG4db8qPGhlojL5V2838XWNHKAn3+SBSnKDXONjomGB8ZXafILV9hr1BXRKoP/1HOj6IlhujJSk9lDWx5WOvRoZmBeLFuExkLJSlIU62eOAzXvxwHWgCHip947OV1toUy5GpPc+LUri9fHB9b4MV1BiNDA0Ad0rc2fjxQ2HOU5wq+g+zbTKB3HqewjfEdE56/6OHmXvJIXvucOCTFKep7r5nc6KFWt1I7r7eG+uZqDKotyfBHXe9nqh2dXkBYkT6G7+cRZSumhPsa2CMTGzY7aeHjKq1pJ2RYdFkp1jbUo+l2gLw5WPXZ2ugduR8aiwLazAMUN0+dhguMvomB+KbXUJfq1TEEuzdAohbxL6DNhBYXsXbJJwAEM+ovGT66tsl4+MFvjL+wO6X2d60EHfBxcFW0B7OQoE8bl7kg5ZBrobPjzN9g8dkGTwObWk+N9hCSSB+DUzz9osF+Q7gkv4TOWIT4M4WtrqGel8= kevin@fedora\n",
            "startup": "",
            "tablet": true,
            "tags": "",
            "target_node": "pve",
            "target_nodes": null,
            "timeouts": null,
            "tpm_state": [],
            "unused_disk": [],
            "usb": [],
            "usbs": [],
            "vcpus": 0,
            "vga": [],
            "vm_state": "running",
            "vmid": 143
          },
          "sensitive_attributes": [
            [
              {
                "type": "get_attr",
                "value": "cipassword"
              }
            ],
            [
              {
                "type": "get_attr",
                "value": "ssh_private_key"
              }
            ]
          ],
          "identity_schema_version": 0,
          "private": "eyJlMmJmYjczMC1lY2FhLTExZTYtOGY4OC0zNDM2M2JjN2M0YzAiOnsiY3JlYXRlIjoxMjAwMDAwMDAwMDAwLCJkZWZhdWx0IjoxMjAwMDAwMDAwMDAwLCJkZWxldGUiOjEyMDAwMDAwMDAwMDAsInJlYWQiOjEyMDAwMDAwMDAwMDAsInVwZGF0ZSI6MTIwMDAwMDAwMDAwMH19"
        }
      ]
    },
    {
      "module": "module.internal-proxy1",
      "mode": "managed",
      "type": "proxmox_vm_qemu",
      "name": "internal-proxy1",
      "provider": "module.internal-proxy1.provider[\"registry.terraform.io/telmate/proxmox\"]",
      "instances": [
        {
          "index_key": 0,
          "schema_version": 0,
          "attributes": {
            "additional_wait": 5,
            "agent": 0,
            "agent_timeout": 90,
            "args": "",
            "automatic_reboot": true,
            "balloon": 0,
            "bios": "seabios",
            "boot": "c",
            "bootdisk": "scsi0",
            "ci_wait": null,
            "cicustom": "",
            "cipassword": "obo74Cle",
            "ciupgrade": false,
            "ciuser": "kevin",
            "clone": "ubuntu-2404-cloud",
            "clone_id": null,
            "clone_wait": 10,
            "cores": 0,
            "cpu": [
              {
                "affinity": "",
                "cores": 2,
                "flags": [],
                "limit": 0,
                "numa": false,
                "sockets": 1,
                "type": "host",
                "units": 0,
                "vcores": 0
              }
            ],
            "cpu_type": "",
            "current_node": "nuc1",
            "default_ipv4_address": "192.168.11.41",
            "default_ipv6_address": "",
            "define_connection_info": true,
            "desc": "tf description",
            "disk": [],
            "disks": [
              {
                "ide": [
                  {
                    "ide0": [],
                    "ide1": [],
                    "ide2": [
                      {
                        "cdrom": [
                          {
                            "iso": "",
                            "passthrough": false
                          }
                        ],
                        "cloudinit": [],
                        "disk": [],
                        "ignore": false,
                        "passthrough": []
                      }
                    ],
                    "ide3": [
                      {
                        "cdrom": [],
                        "cloudinit": [
                          {
                            "storage": "ceph"
                          }
                        ],
                        "disk": [],
                        "ignore": false,
                        "passthrough": []
                      }
                    ]
                  }
                ],
                "sata": [],
                "scsi": [
                  {
                    "scsi0": [
                      {
                        "cdrom": [],
                        "cloudinit": [],
                        "disk": [
                          {
                            "asyncio": "",
                            "backup": true,
                            "cache": "",
                            "discard": false,
                            "emulatessd": false,
                            "format": "raw",
                            "id": 0,
                            "iops_r_burst": 0,
                            "iops_r_burst_length": 0,
                            "iops_r_concurrent": 0,
                            "iops_wr_burst": 0,
                            "iops_wr_burst_length": 0,
                            "iops_wr_concurrent": 0,
                            "iothread": false,
                            "linked_disk_id": -1,
                            "mbps_r_burst": 0,
                            "mbps_r_concurrent": 0,
                            "mbps_wr_burst": 0,
                            "mbps_wr_concurrent": 0,
                            "readonly": false,
                            "replicate": true,
                            "serial": "",
                            "size": "8G",
                            "storage": "ceph",
                            "wwn": ""
                          }
                        ],
                        "ignore": false,
                        "passthrough": []
                      }
                    ],
                    "scsi1": [],
                    "scsi10": [],
                    "scsi11": [],
                    "scsi12": [],
                    "scsi13": [],
                    "scsi14": [],
                    "scsi15": [],
                    "scsi16": [],
                    "scsi17": [],
                    "scsi18": [],
                    "scsi19": [],
                    "scsi2": [],
                    "scsi20": [],
                    "scsi21": [],
                    "scsi22": [],
                    "scsi23": [],
                    "scsi24": [],
                    "scsi25": [],
                    "scsi26": [],
                    "scsi27": [],
                    "scsi28": [],
                    "scsi29": [],
                    "scsi3": [],
                    "scsi30": [],
                    "scsi4": [],
                    "scsi5": [],
                    "scsi6": [],
                    "scsi7": [],
                    "scsi8": [],
                    "scsi9": []
                  }
                ],
                "virtio": []
              }
            ],
            "efidisk": [],
            "force_create": false,
            "force_recreate_on_change_of": null,
            "full_clone": true,
            "hagroup": "",
            "hastate": "",
            "hostpci": [],
            "hotplug": "network,disk,usb",
            "id": "nuc1/qemu/127",
            "ipconfig0": "ip=192.168.11.41/24,gw=192.168.11.1",
            "ipconfig1": "",
            "ipconfig10": "",
            "ipconfig11": "",
            "ipconfig12": "",
            "ipconfig13": "",
            "ipconfig14": "",
            "ipconfig15": "",
            "ipconfig2": "",
            "ipconfig3": "",
            "ipconfig4": "",
            "ipconfig5": "",
            "ipconfig6": "",
            "ipconfig7": "",
            "ipconfig8": "",
            "ipconfig9": "",
            "kvm": true,
            "linked_vmid": 0,
            "machine": "",
            "memory": 1024,
            "name": "internal-proxy1",
            "nameserver": "",
            "network": [
              {
                "bridge": "vmbr0",
                "firewall": false,
                "id": 0,
                "link_down": false,
                "macaddr": "aa:e7:3b:89:64:64",
                "model": "virtio",
                "mtu": 0,
                "queues": 0,
                "rate": 0,
                "tag": 0
              }
            ],
            "numa": false,
            "onboot": true,
            "os_network_config": null,
            "os_type": "ubuntu",
            "pci": [],
            "pcis": [],
            "pool": "HA-1",
            "protection": false,
            "pxe": null,
            "qemu_os": "other",
            "reboot_required": false,
            "scsihw": "virtio-scsi-pci",
            "searchdomain": "",
            "serial": [
              {
                "id": 0,
                "type": "socket"
              }
            ],
            "skip_ipv4": false,
            "skip_ipv6": false,
            "smbios": [
              {
                "family": "",
                "manufacturer": "",
                "product": "",
                "serial": "",
                "sku": "",
                "uuid": "babeed15-46f7-41a4-b7ac-658c45e72e50",
                "version": ""
              }
            ],
            "sockets": 0,
            "ssh_forward_ip": null,
            "ssh_host": "192.168.11.41",
            "ssh_port": "22",
            "ssh_private_key": null,
            "ssh_user": null,
            "sshkeys": "ssh-ed25519 AAAAC3NzaC1lZDI1NTE5AAAAIGBHWpYk7FDrlGcuQF1zYauvWa62Kmwj5Z/C/ksB0eK4 kevin@bessie\nssh-rsa AAAAB3NzaC1yc2EAAAADAQABAAABgQDCfKdycPd96nMVRwU166yImlMSlgjlClJP/JpDx6fUx4xECkpxfiRWyBELTmyFp1loC0ABLL6p86GQEeriABsuOkb9zwOiUTxvJEfwuVPKULvE3kt0nZrQQd0KpGFZ2qbhlTNAUVshU0eYGONevh9AwvjkGLZxakiwIl0XF1X/RzbotYmT7D4hA7yy2/8I97hMTL7a5xSLNMJpfd6rNzq9GwX/o4b06iJjlkyMmgUJevWst4ATb9XAgkJwuuPjXM9dSJi5MwjWYkwH0zCJvutPJ5Z28oy7M1R3+oCbGh+7xNmcOhrCcceV4Z5sq3uYOy/kRR3osCU2pFgirs9TxPwqLHTTiPlcxOvAaACNK9tQDSqI+XwNecBKt4NgvbavI4WgcilqAe3lmUlMskJllEwUi3QrnSGP53LaHu2PRxrPTLfLZI5DKReKzB29FE7ZsMiOCbcTB4SJrBRmxfVB7VSNepqqmLh3RyHb0vRWidKshsz9PXb1Zynpn7nGcbMKxFE= kevin@ansible\nssh-rsa AAAAB3NzaC1yc2EAAAADAQABAAABgQCqAJpgMNAvZsnnWEfg4vqU0LpmhNYN1+Pv9D8op3EGrCUHCmLAE9ur732ycHxBr7oKCe/G4xIV/kHivQglkGT0RrFdSNs5JY8gNo/CRICFVLsuBJPftX6b7pBdpIiEcvUugeqMJccxZ34fkiqE+z78v1T4vYSfTJwdRIiT243vJ/DxxLma3XyJgZTPi+2YTKYGKQsIHYicVeR838+mA/4hpTnRc0Oxqn1JPurhQ5wPptlUgpQCY5wGWn2Y17E8SnOmLq303SIvFdYAwZ8rxNJGm+vMuO4sUibcU4gszKI+wUR8lZtdQ2PihbHCxxF0RRtZIVYxZuy2KJsDsu2NRIxNgTU2k+Op+3igGYckYG2eJ814qScUL/KC3HcpBX2S808sT1QwfI4CxL0C3TWYKLsKqJWHLRahbnd6XPMRwi6EXrFxg5qWDD+RgWUND2Gr+2L2dTST8bvDehWbwUA+DeF2pMMT/QT1E7N9Dv71x+nx2MmiFKku9b8uA/AnngUKBn0= kevin@terraform\nssh-rsa AAAAB3NzaC1yc2EAAAADAQABAAABgQC5x5BmaQDMNAAPUXQ20hfeYzjcH4EenG4db8qPGhlojL5V2838XWNHKAn3+SBSnKDXONjomGB8ZXafILV9hr1BXRKoP/1HOj6IlhujJSk9lDWx5WOvRoZmBeLFuExkLJSlIU62eOAzXvxwHWgCHip947OV1toUy5GpPc+LUri9fHB9b4MV1BiNDA0Ad0rc2fjxQ2HOU5wq+g+zbTKB3HqewjfEdE56/6OHmXvJIXvucOCTFKep7r5nc6KFWt1I7r7eG+uZqDKotyfBHXe9nqh2dXkBYkT6G7+cRZSumhPsa2CMTGzY7aeHjKq1pJ2RYdFkp1jbUo+l2gLw5WPXZ2ugduR8aiwLazAMUN0+dhguMvomB+KbXUJfq1TEEuzdAohbxL6DNhBYXsXbJJwAEM+ovGT66tsl4+MFvjL+wO6X2d60EHfBxcFW0B7OQoE8bl7kg5ZBrobPjzN9g8dkGTwObWk+N9hCSSB+DUzz9osF+Q7gkv4TOWIT4M4WtrqGel8= kevin@fedora\n",
            "startup": "",
            "tablet": true,
            "tags": "",
            "target_node": "nuc1",
            "target_nodes": null,
            "timeouts": null,
            "tpm_state": [],
            "unused_disk": [],
            "usb": [],
            "usbs": [],
            "vcpus": 0,
            "vga": [],
            "vm_state": "running",
            "vmid": 127
          },
          "sensitive_attributes": [
            [
              {
                "type": "get_attr",
                "value": "cipassword"
              }
            ],
            [
              {
                "type": "get_attr",
                "value": "ssh_private_key"
              }
            ]
          ],
          "identity_schema_version": 0,
          "private": "eyJlMmJmYjczMC1lY2FhLTExZTYtOGY4OC0zNDM2M2JjN2M0YzAiOnsiY3JlYXRlIjoxMjAwMDAwMDAwMDAwLCJkZWZhdWx0IjoxMjAwMDAwMDAwMDAwLCJkZWxldGUiOjEyMDAwMDAwMDAwMDAsInJlYWQiOjEyMDAwMDAwMDAwMDAsInVwZGF0ZSI6MTIwMDAwMDAwMDAwMH19"
        }
      ]
    },
    {
      "module": "module.internal-proxy2",
      "mode": "managed",
      "type": "proxmox_vm_qemu",
      "name": "internal-proxy2",
      "provider": "module.internal-proxy2.provider[\"registry.terraform.io/telmate/proxmox\"]",
      "instances": [
        {
          "index_key": 0,
          "schema_version": 0,
          "attributes": {
            "additional_wait": 5,
            "agent": 0,
            "agent_timeout": 90,
            "args": "",
            "automatic_reboot": true,
            "balloon": 0,
            "bios": "seabios",
            "boot": "c",
            "bootdisk": "scsi0",
            "ci_wait": null,
            "cicustom": "",
            "cipassword": "obo74Cle",
            "ciupgrade": false,
            "ciuser": "kevin",
            "clone": "ubuntu-2404-cloud",
            "clone_id": null,
            "clone_wait": 10,
            "cores": 0,
            "cpu": [
              {
                "affinity": "",
                "cores": 2,
                "flags": [],
                "limit": 0,
                "numa": false,
                "sockets": 1,
                "type": "host",
                "units": 0,
                "vcores": 0
              }
            ],
            "cpu_type": "",
            "current_node": "nuc2",
            "default_ipv4_address": "192.168.11.42",
            "default_ipv6_address": "",
            "define_connection_info": true,
            "desc": "tf description",
            "disk": [],
            "disks": [
              {
                "ide": [
                  {
                    "ide0": [],
                    "ide1": [],
                    "ide2": [
                      {
                        "cdrom": [
                          {
                            "iso": "",
                            "passthrough": false
                          }
                        ],
                        "cloudinit": [],
                        "disk": [],
                        "ignore": false,
                        "passthrough": []
                      }
                    ],
                    "ide3": [
                      {
                        "cdrom": [],
                        "cloudinit": [
                          {
                            "storage": "ceph"
                          }
                        ],
                        "disk": [],
                        "ignore": false,
                        "passthrough": []
                      }
                    ]
                  }
                ],
                "sata": [],
                "scsi": [
                  {
                    "scsi0": [
                      {
                        "cdrom": [],
                        "cloudinit": [],
                        "disk": [
                          {
                            "asyncio": "",
                            "backup": true,
                            "cache": "",
                            "discard": false,
                            "emulatessd": false,
                            "format": "raw",
                            "id": 0,
                            "iops_r_burst": 0,
                            "iops_r_burst_length": 0,
                            "iops_r_concurrent": 0,
                            "iops_wr_burst": 0,
                            "iops_wr_burst_length": 0,
                            "iops_wr_concurrent": 0,
                            "iothread": false,
                            "linked_disk_id": -1,
                            "mbps_r_burst": 0,
                            "mbps_r_concurrent": 0,
                            "mbps_wr_burst": 0,
                            "mbps_wr_concurrent": 0,
                            "readonly": false,
                            "replicate": true,
                            "serial": "",
                            "size": "8G",
                            "storage": "ceph",
                            "wwn": ""
                          }
                        ],
                        "ignore": false,
                        "passthrough": []
                      }
                    ],
                    "scsi1": [],
                    "scsi10": [],
                    "scsi11": [],
                    "scsi12": [],
                    "scsi13": [],
                    "scsi14": [],
                    "scsi15": [],
                    "scsi16": [],
                    "scsi17": [],
                    "scsi18": [],
                    "scsi19": [],
                    "scsi2": [],
                    "scsi20": [],
                    "scsi21": [],
                    "scsi22": [],
                    "scsi23": [],
                    "scsi24": [],
                    "scsi25": [],
                    "scsi26": [],
                    "scsi27": [],
                    "scsi28": [],
                    "scsi29": [],
                    "scsi3": [],
                    "scsi30": [],
                    "scsi4": [],
                    "scsi5": [],
                    "scsi6": [],
                    "scsi7": [],
                    "scsi8": [],
                    "scsi9": []
                  }
                ],
                "virtio": []
              }
            ],
            "efidisk": [],
            "force_create": false,
            "force_recreate_on_change_of": null,
            "full_clone": true,
            "hagroup": "",
            "hastate": "",
            "hostpci": [],
            "hotplug": "network,disk,usb",
            "id": "nuc2/qemu/125",
            "ipconfig0": "ip=192.168.11.42/24,gw=192.168.11.1",
            "ipconfig1": "",
            "ipconfig10": "",
            "ipconfig11": "",
            "ipconfig12": "",
            "ipconfig13": "",
            "ipconfig14": "",
            "ipconfig15": "",
            "ipconfig2": "",
            "ipconfig3": "",
            "ipconfig4": "",
            "ipconfig5": "",
            "ipconfig6": "",
            "ipconfig7": "",
            "ipconfig8": "",
            "ipconfig9": "",
            "kvm": true,
            "linked_vmid": 0,
            "machine": "",
            "memory": 1024,
            "name": "internal-proxy2",
            "nameserver": "",
            "network": [
              {
                "bridge": "vmbr0",
                "firewall": false,
                "id": 0,
                "link_down": false,
                "macaddr": "c2:d5:e3:f5:c7:19",
                "model": "virtio",
                "mtu": 0,
                "queues": 0,
                "rate": 0,
                "tag": 0
              }
            ],
            "numa": false,
            "onboot": true,
            "os_network_config": null,
            "os_type": "ubuntu",
            "pci": [],
            "pcis": [],
            "pool": "HA-2",
            "protection": false,
            "pxe": null,
            "qemu_os": "other",
            "reboot_required": false,
            "scsihw": "virtio-scsi-pci",
            "searchdomain": "",
            "serial": [
              {
                "id": 0,
                "type": "socket"
              }
            ],
            "skip_ipv4": false,
            "skip_ipv6": false,
            "smbios": [
              {
                "family": "",
                "manufacturer": "",
                "product": "",
                "serial": "",
                "sku": "",
                "uuid": "91a8eb1a-e181-4413-a450-9a30d9446a64",
                "version": ""
              }
            ],
            "sockets": 0,
            "ssh_forward_ip": null,
            "ssh_host": "192.168.11.42",
            "ssh_port": "22",
            "ssh_private_key": null,
            "ssh_user": null,
            "sshkeys": "ssh-ed25519 AAAAC3NzaC1lZDI1NTE5AAAAIGBHWpYk7FDrlGcuQF1zYauvWa62Kmwj5Z/C/ksB0eK4 kevin@bessie\nssh-rsa AAAAB3NzaC1yc2EAAAADAQABAAABgQDCfKdycPd96nMVRwU166yImlMSlgjlClJP/JpDx6fUx4xECkpxfiRWyBELTmyFp1loC0ABLL6p86GQEeriABsuOkb9zwOiUTxvJEfwuVPKULvE3kt0nZrQQd0KpGFZ2qbhlTNAUVshU0eYGONevh9AwvjkGLZxakiwIl0XF1X/RzbotYmT7D4hA7yy2/8I97hMTL7a5xSLNMJpfd6rNzq9GwX/o4b06iJjlkyMmgUJevWst4ATb9XAgkJwuuPjXM9dSJi5MwjWYkwH0zCJvutPJ5Z28oy7M1R3+oCbGh+7xNmcOhrCcceV4Z5sq3uYOy/kRR3osCU2pFgirs9TxPwqLHTTiPlcxOvAaACNK9tQDSqI+XwNecBKt4NgvbavI4WgcilqAe3lmUlMskJllEwUi3QrnSGP53LaHu2PRxrPTLfLZI5DKReKzB29FE7ZsMiOCbcTB4SJrBRmxfVB7VSNepqqmLh3RyHb0vRWidKshsz9PXb1Zynpn7nGcbMKxFE= kevin@ansible\nssh-rsa AAAAB3NzaC1yc2EAAAADAQABAAABgQCqAJpgMNAvZsnnWEfg4vqU0LpmhNYN1+Pv9D8op3EGrCUHCmLAE9ur732ycHxBr7oKCe/G4xIV/kHivQglkGT0RrFdSNs5JY8gNo/CRICFVLsuBJPftX6b7pBdpIiEcvUugeqMJccxZ34fkiqE+z78v1T4vYSfTJwdRIiT243vJ/DxxLma3XyJgZTPi+2YTKYGKQsIHYicVeR838+mA/4hpTnRc0Oxqn1JPurhQ5wPptlUgpQCY5wGWn2Y17E8SnOmLq303SIvFdYAwZ8rxNJGm+vMuO4sUibcU4gszKI+wUR8lZtdQ2PihbHCxxF0RRtZIVYxZuy2KJsDsu2NRIxNgTU2k+Op+3igGYckYG2eJ814qScUL/KC3HcpBX2S808sT1QwfI4CxL0C3TWYKLsKqJWHLRahbnd6XPMRwi6EXrFxg5qWDD+RgWUND2Gr+2L2dTST8bvDehWbwUA+DeF2pMMT/QT1E7N9Dv71x+nx2MmiFKku9b8uA/AnngUKBn0= kevin@terraform\nssh-rsa AAAAB3NzaC1yc2EAAAADAQABAAABgQC5x5BmaQDMNAAPUXQ20hfeYzjcH4EenG4db8qPGhlojL5V2838XWNHKAn3+SBSnKDXONjomGB8ZXafILV9hr1BXRKoP/1HOj6IlhujJSk9lDWx5WOvRoZmBeLFuExkLJSlIU62eOAzXvxwHWgCHip947OV1toUy5GpPc+LUri9fHB9b4MV1BiNDA0Ad0rc2fjxQ2HOU5wq+g+zbTKB3HqewjfEdE56/6OHmXvJIXvucOCTFKep7r5nc6KFWt1I7r7eG+uZqDKotyfBHXe9nqh2dXkBYkT6G7+cRZSumhPsa2CMTGzY7aeHjKq1pJ2RYdFkp1jbUo+l2gLw5WPXZ2ugduR8aiwLazAMUN0+dhguMvomB+KbXUJfq1TEEuzdAohbxL6DNhBYXsXbJJwAEM+ovGT66tsl4+MFvjL+wO6X2d60EHfBxcFW0B7OQoE8bl7kg5ZBrobPjzN9g8dkGTwObWk+N9hCSSB+DUzz9osF+Q7gkv4TOWIT4M4WtrqGel8= kevin@fedora\n",
            "startup": "",
            "tablet": true,
            "tags": "",
            "target_node": "nuc2",
            "target_nodes": null,
            "timeouts": null,
            "tpm_state": [],
            "unused_disk": [],
            "usb": [],
            "usbs": [],
            "vcpus": 0,
            "vga": [],
            "vm_state": "running",
            "vmid": 125
          },
          "sensitive_attributes": [
            [
              {
                "type": "get_attr",
                "value": "cipassword"
              }
            ],
            [
              {
                "type": "get_attr",
                "value": "ssh_private_key"
              }
            ]
          ],
          "identity_schema_version": 0,
          "private": "eyJlMmJmYjczMC1lY2FhLTExZTYtOGY4OC0zNDM2M2JjN2M0YzAiOnsiY3JlYXRlIjoxMjAwMDAwMDAwMDAwLCJkZWZhdWx0IjoxMjAwMDAwMDAwMDAwLCJkZWxldGUiOjEyMDAwMDAwMDAwMDAsInJlYWQiOjEyMDAwMDAwMDAwMDAsInVwZGF0ZSI6MTIwMDAwMDAwMDAwMH19"
        }
      ]
    },
    {
      "module": "module.jfkhome-prod1",
      "mode": "managed",
      "type": "proxmox_vm_qemu",
      "name": "jfkhome-prod1",
      "provider": "module.jfkhome-prod1.provider[\"registry.terraform.io/telmate/proxmox\"]",
      "instances": [
        {
          "index_key": 0,
          "schema_version": 0,
          "attributes": {
            "additional_wait": 5,
            "agent": 0,
            "agent_timeout": 90,
            "args": "",
            "automatic_reboot": true,
            "balloon": 0,
            "bios": "seabios",
            "boot": "c",
            "bootdisk": "scsi0",
            "ci_wait": null,
            "cicustom": "",
            "cipassword": "obo74Cle",
            "ciupgrade": false,
            "ciuser": "kevin",
            "clone": "ubuntu-2404-cloud",
            "clone_id": null,
            "clone_wait": 10,
            "cores": 0,
            "cpu": [
              {
                "affinity": "",
                "cores": 1,
                "flags": [],
                "limit": 0,
                "numa": false,
                "sockets": 1,
                "type": "host",
                "units": 0,
                "vcores": 0
              }
            ],
            "cpu_type": "",
            "current_node": "pve",
            "default_ipv4_address": "192.168.80.14",
            "default_ipv6_address": "",
            "define_connection_info": true,
            "desc": "tf description",
            "disk": [],
            "disks": [
              {
                "ide": [
                  {
                    "ide0": [],
                    "ide1": [],
                    "ide2": [
                      {
                        "cdrom": [
                          {
                            "iso": "",
                            "passthrough": false
                          }
                        ],
                        "cloudinit": [],
                        "disk": [],
                        "ignore": false,
                        "passthrough": []
                      }
                    ],
                    "ide3": [
                      {
                        "cdrom": [],
                        "cloudinit": [
                          {
                            "storage": "ceph"
                          }
                        ],
                        "disk": [],
                        "ignore": false,
                        "passthrough": []
                      }
                    ]
                  }
                ],
                "sata": [],
                "scsi": [
                  {
                    "scsi0": [
                      {
                        "cdrom": [],
                        "cloudinit": [],
                        "disk": [
                          {
                            "asyncio": "",
                            "backup": true,
                            "cache": "",
                            "discard": false,
                            "emulatessd": false,
                            "format": "raw",
                            "id": 0,
                            "iops_r_burst": 0,
                            "iops_r_burst_length": 0,
                            "iops_r_concurrent": 0,
                            "iops_wr_burst": 0,
                            "iops_wr_burst_length": 0,
                            "iops_wr_concurrent": 0,
                            "iothread": false,
                            "linked_disk_id": -1,
                            "mbps_r_burst": 0,
                            "mbps_r_concurrent": 0,
                            "mbps_wr_burst": 0,
                            "mbps_wr_concurrent": 0,
                            "readonly": false,
                            "replicate": true,
                            "serial": "",
                            "size": "12G",
                            "storage": "ceph",
                            "wwn": ""
                          }
                        ],
                        "ignore": false,
                        "passthrough": []
                      }
                    ],
                    "scsi1": [],
                    "scsi10": [],
                    "scsi11": [],
                    "scsi12": [],
                    "scsi13": [],
                    "scsi14": [],
                    "scsi15": [],
                    "scsi16": [],
                    "scsi17": [],
                    "scsi18": [],
                    "scsi19": [],
                    "scsi2": [],
                    "scsi20": [],
                    "scsi21": [],
                    "scsi22": [],
                    "scsi23": [],
                    "scsi24": [],
                    "scsi25": [],
                    "scsi26": [],
                    "scsi27": [],
                    "scsi28": [],
                    "scsi29": [],
                    "scsi3": [],
                    "scsi30": [],
                    "scsi4": [],
                    "scsi5": [],
                    "scsi6": [],
                    "scsi7": [],
                    "scsi8": [],
                    "scsi9": []
                  }
                ],
                "virtio": []
              }
            ],
            "efidisk": [],
            "force_create": false,
            "force_recreate_on_change_of": null,
            "full_clone": true,
            "hagroup": "",
            "hastate": "",
            "hostpci": [],
            "hotplug": "network,disk,usb",
            "id": "pve/qemu/106",
            "ipconfig0": "ip=192.168.80.14/24,gw=192.168.80.1",
            "ipconfig1": "",
            "ipconfig10": "",
            "ipconfig11": "",
            "ipconfig12": "",
            "ipconfig13": "",
            "ipconfig14": "",
            "ipconfig15": "",
            "ipconfig2": "",
            "ipconfig3": "",
            "ipconfig4": "",
            "ipconfig5": "",
            "ipconfig6": "",
            "ipconfig7": "",
            "ipconfig8": "",
            "ipconfig9": "",
            "kvm": true,
            "linked_vmid": 0,
            "machine": "",
            "memory": 1024,
            "name": "jfkhome-prod1",
            "nameserver": "",
            "network": [
              {
                "bridge": "vmbr0",
                "firewall": false,
                "id": 0,
                "link_down": false,
                "macaddr": "f6:f3:78:94:eb:28",
                "model": "virtio",
                "mtu": 0,
                "queues": 0,
                "rate": 0,
                "tag": 80
              }
            ],
            "numa": false,
            "onboot": true,
            "os_network_config": null,
            "os_type": "ubuntu",
            "pci": [],
            "pcis": [],
            "pool": "personal",
            "protection": false,
            "pxe": null,
            "qemu_os": "other",
            "reboot_required": false,
            "scsihw": "virtio-scsi-pci",
            "searchdomain": "",
            "serial": [
              {
                "id": 0,
                "type": "socket"
              }
            ],
            "skip_ipv4": false,
            "skip_ipv6": false,
            "smbios": [
              {
                "family": "",
                "manufacturer": "",
                "product": "",
                "serial": "",
                "sku": "",
                "uuid": "52b90203-693d-4bf7-80de-758702dd489b",
                "version": ""
              }
            ],
            "sockets": 0,
            "ssh_forward_ip": null,
            "ssh_host": "192.168.80.14",
            "ssh_port": "22",
            "ssh_private_key": null,
            "ssh_user": null,
            "sshkeys": "ssh-ed25519 AAAAC3NzaC1lZDI1NTE5AAAAIGBHWpYk7FDrlGcuQF1zYauvWa62Kmwj5Z/C/ksB0eK4 kevin@bessie\nssh-rsa AAAAB3NzaC1yc2EAAAADAQABAAABgQDCfKdycPd96nMVRwU166yImlMSlgjlClJP/JpDx6fUx4xECkpxfiRWyBELTmyFp1loC0ABLL6p86GQEeriABsuOkb9zwOiUTxvJEfwuVPKULvE3kt0nZrQQd0KpGFZ2qbhlTNAUVshU0eYGONevh9AwvjkGLZxakiwIl0XF1X/RzbotYmT7D4hA7yy2/8I97hMTL7a5xSLNMJpfd6rNzq9GwX/o4b06iJjlkyMmgUJevWst4ATb9XAgkJwuuPjXM9dSJi5MwjWYkwH0zCJvutPJ5Z28oy7M1R3+oCbGh+7xNmcOhrCcceV4Z5sq3uYOy/kRR3osCU2pFgirs9TxPwqLHTTiPlcxOvAaACNK9tQDSqI+XwNecBKt4NgvbavI4WgcilqAe3lmUlMskJllEwUi3QrnSGP53LaHu2PRxrPTLfLZI5DKReKzB29FE7ZsMiOCbcTB4SJrBRmxfVB7VSNepqqmLh3RyHb0vRWidKshsz9PXb1Zynpn7nGcbMKxFE= kevin@ansible\nssh-rsa AAAAB3NzaC1yc2EAAAADAQABAAABgQCqAJpgMNAvZsnnWEfg4vqU0LpmhNYN1+Pv9D8op3EGrCUHCmLAE9ur732ycHxBr7oKCe/G4xIV/kHivQglkGT0RrFdSNs5JY8gNo/CRICFVLsuBJPftX6b7pBdpIiEcvUugeqMJccxZ34fkiqE+z78v1T4vYSfTJwdRIiT243vJ/DxxLma3XyJgZTPi+2YTKYGKQsIHYicVeR838+mA/4hpTnRc0Oxqn1JPurhQ5wPptlUgpQCY5wGWn2Y17E8SnOmLq303SIvFdYAwZ8rxNJGm+vMuO4sUibcU4gszKI+wUR8lZtdQ2PihbHCxxF0RRtZIVYxZuy2KJsDsu2NRIxNgTU2k+Op+3igGYckYG2eJ814qScUL/KC3HcpBX2S808sT1QwfI4CxL0C3TWYKLsKqJWHLRahbnd6XPMRwi6EXrFxg5qWDD+RgWUND2Gr+2L2dTST8bvDehWbwUA+DeF2pMMT/QT1E7N9Dv71x+nx2MmiFKku9b8uA/AnngUKBn0= kevin@terraform\nssh-rsa AAAAB3NzaC1yc2EAAAADAQABAAABgQC5x5BmaQDMNAAPUXQ20hfeYzjcH4EenG4db8qPGhlojL5V2838XWNHKAn3+SBSnKDXONjomGB8ZXafILV9hr1BXRKoP/1HOj6IlhujJSk9lDWx5WOvRoZmBeLFuExkLJSlIU62eOAzXvxwHWgCHip947OV1toUy5GpPc+LUri9fHB9b4MV1BiNDA0Ad0rc2fjxQ2HOU5wq+g+zbTKB3HqewjfEdE56/6OHmXvJIXvucOCTFKep7r5nc6KFWt1I7r7eG+uZqDKotyfBHXe9nqh2dXkBYkT6G7+cRZSumhPsa2CMTGzY7aeHjKq1pJ2RYdFkp1jbUo+l2gLw5WPXZ2ugduR8aiwLazAMUN0+dhguMvomB+KbXUJfq1TEEuzdAohbxL6DNhBYXsXbJJwAEM+ovGT66tsl4+MFvjL+wO6X2d60EHfBxcFW0B7OQoE8bl7kg5ZBrobPjzN9g8dkGTwObWk+N9hCSSB+DUzz9osF+Q7gkv4TOWIT4M4WtrqGel8= kevin@fedora\n",
            "startup": "",
            "tablet": true,
            "tags": "",
            "target_node": "pve",
            "target_nodes": null,
            "timeouts": null,
            "tpm_state": [],
            "unused_disk": [],
            "usb": [],
            "usbs": [],
            "vcpus": 0,
            "vga": [],
            "vm_state": "running",
            "vmid": 106
          },
          "sensitive_attributes": [
            [
              {
                "type": "get_attr",
                "value": "cipassword"
              }
            ],
            [
              {
                "type": "get_attr",
                "value": "ssh_private_key"
              }
            ]
          ],
          "identity_schema_version": 0,
          "private": "eyJlMmJmYjczMC1lY2FhLTExZTYtOGY4OC0zNDM2M2JjN2M0YzAiOnsiY3JlYXRlIjoxMjAwMDAwMDAwMDAwLCJkZWZhdWx0IjoxMjAwMDAwMDAwMDAwLCJkZWxldGUiOjEyMDAwMDAwMDAwMDAsInJlYWQiOjEyMDAwMDAwMDAwMDAsInVwZGF0ZSI6MTIwMDAwMDAwMDAwMH19"
        }
      ]
    },
    {
      "module": "module.koscinski-dev1",
      "mode": "managed",
      "type": "proxmox_vm_qemu",
      "name": "koscinski-dev1",
      "provider": "module.koscinski-dev1.provider[\"registry.terraform.io/telmate/proxmox\"]",
      "instances": [
        {
          "index_key": 0,
          "schema_version": 0,
          "attributes": {
            "additional_wait": 5,
            "agent": 0,
            "agent_timeout": 90,
            "args": "",
            "automatic_reboot": true,
            "balloon": 0,
            "bios": "seabios",
            "boot": "c",
            "bootdisk": "scsi0",
            "ci_wait": null,
            "cicustom": "",
            "cipassword": "obo74Cle",
            "ciupgrade": false,
            "ciuser": "kevin",
            "clone": "ubuntu-2404-cloud",
            "clone_id": null,
            "clone_wait": 10,
            "cores": 0,
            "cpu": [
              {
                "affinity": "",
                "cores": 2,
                "flags": [],
                "limit": 0,
                "numa": false,
                "sockets": 1,
                "type": "host",
                "units": 0,
                "vcores": 0
              }
            ],
            "cpu_type": "",
            "current_node": "nuc1",
            "default_ipv4_address": "192.168.80.64",
            "default_ipv6_address": "",
            "define_connection_info": true,
            "desc": "tf description",
            "disk": [],
            "disks": [
              {
                "ide": [
                  {
                    "ide0": [],
                    "ide1": [],
                    "ide2": [
                      {
                        "cdrom": [
                          {
                            "iso": "",
                            "passthrough": false
                          }
                        ],
                        "cloudinit": [],
                        "disk": [],
                        "ignore": false,
                        "passthrough": []
                      }
                    ],
                    "ide3": [
                      {
                        "cdrom": [],
                        "cloudinit": [
                          {
                            "storage": "ceph"
                          }
                        ],
                        "disk": [],
                        "ignore": false,
                        "passthrough": []
                      }
                    ]
                  }
                ],
                "sata": [],
                "scsi": [
                  {
                    "scsi0": [
                      {
                        "cdrom": [],
                        "cloudinit": [],
                        "disk": [
                          {
                            "asyncio": "",
                            "backup": true,
                            "cache": "",
                            "discard": false,
                            "emulatessd": false,
                            "format": "raw",
                            "id": 0,
                            "iops_r_burst": 0,
                            "iops_r_burst_length": 0,
                            "iops_r_concurrent": 0,
                            "iops_wr_burst": 0,
                            "iops_wr_burst_length": 0,
                            "iops_wr_concurrent": 0,
                            "iothread": false,
                            "linked_disk_id": -1,
                            "mbps_r_burst": 0,
                            "mbps_r_concurrent": 0,
                            "mbps_wr_burst": 0,
                            "mbps_wr_concurrent": 0,
                            "readonly": false,
                            "replicate": true,
                            "serial": "",
                            "size": "8G",
                            "storage": "ceph",
                            "wwn": ""
                          }
                        ],
                        "ignore": false,
                        "passthrough": []
                      }
                    ],
                    "scsi1": [],
                    "scsi10": [],
                    "scsi11": [],
                    "scsi12": [],
                    "scsi13": [],
                    "scsi14": [],
                    "scsi15": [],
                    "scsi16": [],
                    "scsi17": [],
                    "scsi18": [],
                    "scsi19": [],
                    "scsi2": [],
                    "scsi20": [],
                    "scsi21": [],
                    "scsi22": [],
                    "scsi23": [],
                    "scsi24": [],
                    "scsi25": [],
                    "scsi26": [],
                    "scsi27": [],
                    "scsi28": [],
                    "scsi29": [],
                    "scsi3": [],
                    "scsi30": [],
                    "scsi4": [],
                    "scsi5": [],
                    "scsi6": [],
                    "scsi7": [],
                    "scsi8": [],
                    "scsi9": []
                  }
                ],
                "virtio": []
              }
            ],
            "efidisk": [],
            "force_create": false,
            "force_recreate_on_change_of": null,
            "full_clone": true,
            "hagroup": "",
            "hastate": "",
            "hostpci": [],
            "hotplug": "network,disk,usb",
            "id": "nuc1/qemu/145",
            "ipconfig0": "ip=192.168.80.64/24,gw=192.168.80.1",
            "ipconfig1": "",
            "ipconfig10": "",
            "ipconfig11": "",
            "ipconfig12": "",
            "ipconfig13": "",
            "ipconfig14": "",
            "ipconfig15": "",
            "ipconfig2": "",
            "ipconfig3": "",
            "ipconfig4": "",
            "ipconfig5": "",
            "ipconfig6": "",
            "ipconfig7": "",
            "ipconfig8": "",
            "ipconfig9": "",
            "kvm": true,
            "linked_vmid": 0,
            "machine": "",
            "memory": 2048,
            "name": "koscinski-dev1",
            "nameserver": "",
            "network": [
              {
                "bridge": "vmbr0",
                "firewall": false,
                "id": 0,
                "link_down": false,
                "macaddr": "9a:e4:2a:57:ba:c6",
                "model": "virtio",
                "mtu": 0,
                "queues": 0,
                "rate": 0,
                "tag": 80
              }
            ],
            "numa": false,
            "onboot": true,
            "os_network_config": null,
            "os_type": "ubuntu",
            "pci": [],
            "pcis": [],
            "pool": "HA-1",
            "protection": false,
            "pxe": null,
            "qemu_os": "other",
            "reboot_required": false,
            "scsihw": "virtio-scsi-pci",
            "searchdomain": "",
            "serial": [
              {
                "id": 0,
                "type": "socket"
              }
            ],
            "skip_ipv4": false,
            "skip_ipv6": false,
            "smbios": [
              {
                "family": "",
                "manufacturer": "",
                "product": "",
                "serial": "",
                "sku": "",
                "uuid": "b5f206ef-9bea-4635-8104-6499594602fe",
                "version": ""
              }
            ],
            "sockets": 0,
            "ssh_forward_ip": null,
            "ssh_host": "192.168.80.64",
            "ssh_port": "22",
            "ssh_private_key": null,
            "ssh_user": null,
            "sshkeys": "ssh-ed25519 AAAAC3NzaC1lZDI1NTE5AAAAIGBHWpYk7FDrlGcuQF1zYauvWa62Kmwj5Z/C/ksB0eK4 kevin@bessie\nssh-rsa AAAAB3NzaC1yc2EAAAADAQABAAABgQDCfKdycPd96nMVRwU166yImlMSlgjlClJP/JpDx6fUx4xECkpxfiRWyBELTmyFp1loC0ABLL6p86GQEeriABsuOkb9zwOiUTxvJEfwuVPKULvE3kt0nZrQQd0KpGFZ2qbhlTNAUVshU0eYGONevh9AwvjkGLZxakiwIl0XF1X/RzbotYmT7D4hA7yy2/8I97hMTL7a5xSLNMJpfd6rNzq9GwX/o4b06iJjlkyMmgUJevWst4ATb9XAgkJwuuPjXM9dSJi5MwjWYkwH0zCJvutPJ5Z28oy7M1R3+oCbGh+7xNmcOhrCcceV4Z5sq3uYOy/kRR3osCU2pFgirs9TxPwqLHTTiPlcxOvAaACNK9tQDSqI+XwNecBKt4NgvbavI4WgcilqAe3lmUlMskJllEwUi3QrnSGP53LaHu2PRxrPTLfLZI5DKReKzB29FE7ZsMiOCbcTB4SJrBRmxfVB7VSNepqqmLh3RyHb0vRWidKshsz9PXb1Zynpn7nGcbMKxFE= kevin@ansible\nssh-rsa AAAAB3NzaC1yc2EAAAADAQABAAABgQCqAJpgMNAvZsnnWEfg4vqU0LpmhNYN1+Pv9D8op3EGrCUHCmLAE9ur732ycHxBr7oKCe/G4xIV/kHivQglkGT0RrFdSNs5JY8gNo/CRICFVLsuBJPftX6b7pBdpIiEcvUugeqMJccxZ34fkiqE+z78v1T4vYSfTJwdRIiT243vJ/DxxLma3XyJgZTPi+2YTKYGKQsIHYicVeR838+mA/4hpTnRc0Oxqn1JPurhQ5wPptlUgpQCY5wGWn2Y17E8SnOmLq303SIvFdYAwZ8rxNJGm+vMuO4sUibcU4gszKI+wUR8lZtdQ2PihbHCxxF0RRtZIVYxZuy2KJsDsu2NRIxNgTU2k+Op+3igGYckYG2eJ814qScUL/KC3HcpBX2S808sT1QwfI4CxL0C3TWYKLsKqJWHLRahbnd6XPMRwi6EXrFxg5qWDD+RgWUND2Gr+2L2dTST8bvDehWbwUA+DeF2pMMT/QT1E7N9Dv71x+nx2MmiFKku9b8uA/AnngUKBn0= kevin@terraform\nssh-rsa AAAAB3NzaC1yc2EAAAADAQABAAABgQC5x5BmaQDMNAAPUXQ20hfeYzjcH4EenG4db8qPGhlojL5V2838XWNHKAn3+SBSnKDXONjomGB8ZXafILV9hr1BXRKoP/1HOj6IlhujJSk9lDWx5WOvRoZmBeLFuExkLJSlIU62eOAzXvxwHWgCHip947OV1toUy5GpPc+LUri9fHB9b4MV1BiNDA0Ad0rc2fjxQ2HOU5wq+g+zbTKB3HqewjfEdE56/6OHmXvJIXvucOCTFKep7r5nc6KFWt1I7r7eG+uZqDKotyfBHXe9nqh2dXkBYkT6G7+cRZSumhPsa2CMTGzY7aeHjKq1pJ2RYdFkp1jbUo+l2gLw5WPXZ2ugduR8aiwLazAMUN0+dhguMvomB+KbXUJfq1TEEuzdAohbxL6DNhBYXsXbJJwAEM+ovGT66tsl4+MFvjL+wO6X2d60EHfBxcFW0B7OQoE8bl7kg5ZBrobPjzN9g8dkGTwObWk+N9hCSSB+DUzz9osF+Q7gkv4TOWIT4M4WtrqGel8= kevin@fedora\n",
            "startup": "",
            "tablet": true,
            "tags": "",
            "target_node": "nuc1",
            "target_nodes": null,
            "timeouts": null,
            "tpm_state": [],
            "unused_disk": [],
            "usb": [],
            "usbs": [],
            "vcpus": 0,
            "vga": [],
            "vm_state": "running",
            "vmid": 145
          },
          "sensitive_attributes": [
            [
              {
                "type": "get_attr",
                "value": "cipassword"
              }
            ],
            [
              {
                "type": "get_attr",
                "value": "ssh_private_key"
              }
            ]
          ],
          "identity_schema_version": 0,
          "private": "eyJlMmJmYjczMC1lY2FhLTExZTYtOGY4OC0zNDM2M2JjN2M0YzAiOnsiY3JlYXRlIjoxMjAwMDAwMDAwMDAwLCJkZWZhdWx0IjoxMjAwMDAwMDAwMDAwLCJkZWxldGUiOjEyMDAwMDAwMDAwMDAsInJlYWQiOjEyMDAwMDAwMDAwMDAsInVwZGF0ZSI6MTIwMDAwMDAwMDAwMH19"
        }
      ]
    },
    {
      "module": "module.koscinski-dev2",
      "mode": "managed",
      "type": "proxmox_vm_qemu",
      "name": "koscinski-dev2",
      "provider": "module.koscinski-dev2.provider[\"registry.terraform.io/telmate/proxmox\"]",
      "instances": [
        {
          "index_key": 0,
          "schema_version": 0,
          "attributes": {
            "additional_wait": 5,
            "agent": 0,
            "agent_timeout": 90,
            "args": "",
            "automatic_reboot": true,
            "balloon": 0,
            "bios": "seabios",
            "boot": "c",
            "bootdisk": "scsi0",
            "ci_wait": null,
            "cicustom": "",
            "cipassword": "obo74Cle",
            "ciupgrade": false,
            "ciuser": "kevin",
            "clone": "ubuntu-2404-cloud",
            "clone_id": null,
            "clone_wait": 10,
            "cores": 0,
            "cpu": [
              {
                "affinity": "",
                "cores": 2,
                "flags": [],
                "limit": 0,
                "numa": false,
                "sockets": 1,
                "type": "host",
                "units": 0,
                "vcores": 0
              }
            ],
            "cpu_type": "",
            "current_node": "nuc2",
            "default_ipv4_address": "192.168.80.65",
            "default_ipv6_address": "",
            "define_connection_info": true,
            "desc": "tf description",
            "disk": [],
            "disks": [
              {
                "ide": [
                  {
                    "ide0": [],
                    "ide1": [],
                    "ide2": [
                      {
                        "cdrom": [
                          {
                            "iso": "",
                            "passthrough": false
                          }
                        ],
                        "cloudinit": [],
                        "disk": [],
                        "ignore": false,
                        "passthrough": []
                      }
                    ],
                    "ide3": [
                      {
                        "cdrom": [],
                        "cloudinit": [
                          {
                            "storage": "ceph"
                          }
                        ],
                        "disk": [],
                        "ignore": false,
                        "passthrough": []
                      }
                    ]
                  }
                ],
                "sata": [],
                "scsi": [
                  {
                    "scsi0": [
                      {
                        "cdrom": [],
                        "cloudinit": [],
                        "disk": [
                          {
                            "asyncio": "",
                            "backup": true,
                            "cache": "",
                            "discard": false,
                            "emulatessd": false,
                            "format": "raw",
                            "id": 1,
                            "iops_r_burst": 0,
                            "iops_r_burst_length": 0,
                            "iops_r_concurrent": 0,
                            "iops_wr_burst": 0,
                            "iops_wr_burst_length": 0,
                            "iops_wr_concurrent": 0,
                            "iothread": false,
                            "linked_disk_id": -1,
                            "mbps_r_burst": 0,
                            "mbps_r_concurrent": 0,
                            "mbps_wr_burst": 0,
                            "mbps_wr_concurrent": 0,
                            "readonly": false,
                            "replicate": true,
                            "serial": "",
                            "size": "8G",
                            "storage": "ceph",
                            "wwn": ""
                          }
                        ],
                        "ignore": false,
                        "passthrough": []
                      }
                    ],
                    "scsi1": [],
                    "scsi10": [],
                    "scsi11": [],
                    "scsi12": [],
                    "scsi13": [],
                    "scsi14": [],
                    "scsi15": [],
                    "scsi16": [],
                    "scsi17": [],
                    "scsi18": [],
                    "scsi19": [],
                    "scsi2": [],
                    "scsi20": [],
                    "scsi21": [],
                    "scsi22": [],
                    "scsi23": [],
                    "scsi24": [],
                    "scsi25": [],
                    "scsi26": [],
                    "scsi27": [],
                    "scsi28": [],
                    "scsi29": [],
                    "scsi3": [],
                    "scsi30": [],
                    "scsi4": [],
                    "scsi5": [],
                    "scsi6": [],
                    "scsi7": [],
                    "scsi8": [],
                    "scsi9": []
                  }
                ],
                "virtio": []
              }
            ],
            "efidisk": [],
            "force_create": false,
            "force_recreate_on_change_of": null,
            "full_clone": true,
            "hagroup": "",
            "hastate": "",
            "hostpci": [],
            "hotplug": "network,disk,usb",
            "id": "nuc2/qemu/146",
            "ipconfig0": "ip=192.168.80.65/24,gw=192.168.80.1",
            "ipconfig1": "",
            "ipconfig10": "",
            "ipconfig11": "",
            "ipconfig12": "",
            "ipconfig13": "",
            "ipconfig14": "",
            "ipconfig15": "",
            "ipconfig2": "",
            "ipconfig3": "",
            "ipconfig4": "",
            "ipconfig5": "",
            "ipconfig6": "",
            "ipconfig7": "",
            "ipconfig8": "",
            "ipconfig9": "",
            "kvm": true,
            "linked_vmid": 0,
            "machine": "",
            "memory": 2048,
            "name": "koscinski-dev2",
            "nameserver": "",
            "network": [
              {
                "bridge": "vmbr0",
                "firewall": false,
                "id": 0,
                "link_down": false,
                "macaddr": "32:f5:1b:0f:1a:cc",
                "model": "virtio",
                "mtu": 0,
                "queues": 0,
                "rate": 0,
                "tag": 80
              }
            ],
            "numa": false,
            "onboot": true,
            "os_network_config": null,
            "os_type": "ubuntu",
            "pci": [],
            "pcis": [],
            "pool": "HA-2",
            "protection": false,
            "pxe": null,
            "qemu_os": "other",
            "reboot_required": false,
            "scsihw": "virtio-scsi-pci",
            "searchdomain": "",
            "serial": [
              {
                "id": 0,
                "type": "socket"
              }
            ],
            "skip_ipv4": false,
            "skip_ipv6": false,
            "smbios": [
              {
                "family": "",
                "manufacturer": "",
                "product": "",
                "serial": "",
                "sku": "",
                "uuid": "cb052202-51ec-41a1-a04f-f99bab23673a",
                "version": ""
              }
            ],
            "sockets": 0,
            "ssh_forward_ip": null,
            "ssh_host": "192.168.80.65",
            "ssh_port": "22",
            "ssh_private_key": null,
            "ssh_user": null,
            "sshkeys": "ssh-ed25519 AAAAC3NzaC1lZDI1NTE5AAAAIGBHWpYk7FDrlGcuQF1zYauvWa62Kmwj5Z/C/ksB0eK4 kevin@bessie\nssh-rsa AAAAB3NzaC1yc2EAAAADAQABAAABgQDCfKdycPd96nMVRwU166yImlMSlgjlClJP/JpDx6fUx4xECkpxfiRWyBELTmyFp1loC0ABLL6p86GQEeriABsuOkb9zwOiUTxvJEfwuVPKULvE3kt0nZrQQd0KpGFZ2qbhlTNAUVshU0eYGONevh9AwvjkGLZxakiwIl0XF1X/RzbotYmT7D4hA7yy2/8I97hMTL7a5xSLNMJpfd6rNzq9GwX/o4b06iJjlkyMmgUJevWst4ATb9XAgkJwuuPjXM9dSJi5MwjWYkwH0zCJvutPJ5Z28oy7M1R3+oCbGh+7xNmcOhrCcceV4Z5sq3uYOy/kRR3osCU2pFgirs9TxPwqLHTTiPlcxOvAaACNK9tQDSqI+XwNecBKt4NgvbavI4WgcilqAe3lmUlMskJllEwUi3QrnSGP53LaHu2PRxrPTLfLZI5DKReKzB29FE7ZsMiOCbcTB4SJrBRmxfVB7VSNepqqmLh3RyHb0vRWidKshsz9PXb1Zynpn7nGcbMKxFE= kevin@ansible\nssh-rsa AAAAB3NzaC1yc2EAAAADAQABAAABgQCqAJpgMNAvZsnnWEfg4vqU0LpmhNYN1+Pv9D8op3EGrCUHCmLAE9ur732ycHxBr7oKCe/G4xIV/kHivQglkGT0RrFdSNs5JY8gNo/CRICFVLsuBJPftX6b7pBdpIiEcvUugeqMJccxZ34fkiqE+z78v1T4vYSfTJwdRIiT243vJ/DxxLma3XyJgZTPi+2YTKYGKQsIHYicVeR838+mA/4hpTnRc0Oxqn1JPurhQ5wPptlUgpQCY5wGWn2Y17E8SnOmLq303SIvFdYAwZ8rxNJGm+vMuO4sUibcU4gszKI+wUR8lZtdQ2PihbHCxxF0RRtZIVYxZuy2KJsDsu2NRIxNgTU2k+Op+3igGYckYG2eJ814qScUL/KC3HcpBX2S808sT1QwfI4CxL0C3TWYKLsKqJWHLRahbnd6XPMRwi6EXrFxg5qWDD+RgWUND2Gr+2L2dTST8bvDehWbwUA+DeF2pMMT/QT1E7N9Dv71x+nx2MmiFKku9b8uA/AnngUKBn0= kevin@terraform\nssh-rsa AAAAB3NzaC1yc2EAAAADAQABAAABgQC5x5BmaQDMNAAPUXQ20hfeYzjcH4EenG4db8qPGhlojL5V2838XWNHKAn3+SBSnKDXONjomGB8ZXafILV9hr1BXRKoP/1HOj6IlhujJSk9lDWx5WOvRoZmBeLFuExkLJSlIU62eOAzXvxwHWgCHip947OV1toUy5GpPc+LUri9fHB9b4MV1BiNDA0Ad0rc2fjxQ2HOU5wq+g+zbTKB3HqewjfEdE56/6OHmXvJIXvucOCTFKep7r5nc6KFWt1I7r7eG+uZqDKotyfBHXe9nqh2dXkBYkT6G7+cRZSumhPsa2CMTGzY7aeHjKq1pJ2RYdFkp1jbUo+l2gLw5WPXZ2ugduR8aiwLazAMUN0+dhguMvomB+KbXUJfq1TEEuzdAohbxL6DNhBYXsXbJJwAEM+ovGT66tsl4+MFvjL+wO6X2d60EHfBxcFW0B7OQoE8bl7kg5ZBrobPjzN9g8dkGTwObWk+N9hCSSB+DUzz9osF+Q7gkv4TOWIT4M4WtrqGel8= kevin@fedora\n",
            "startup": "",
            "tablet": true,
            "tags": "",
            "target_node": "nuc2",
            "target_nodes": null,
            "timeouts": null,
            "tpm_state": [],
            "unused_disk": [],
            "usb": [],
            "usbs": [],
            "vcpus": 0,
            "vga": [],
            "vm_state": "running",
            "vmid": 146
          },
          "sensitive_attributes": [
            [
              {
                "type": "get_attr",
                "value": "cipassword"
              }
            ],
            [
              {
                "type": "get_attr",
                "value": "ssh_private_key"
              }
            ]
          ],
          "identity_schema_version": 0,
          "private": "eyJlMmJmYjczMC1lY2FhLTExZTYtOGY4OC0zNDM2M2JjN2M0YzAiOnsiY3JlYXRlIjoxMjAwMDAwMDAwMDAwLCJkZWZhdWx0IjoxMjAwMDAwMDAwMDAwLCJkZWxldGUiOjEyMDAwMDAwMDAwMDAsInJlYWQiOjEyMDAwMDAwMDAwMDAsInVwZGF0ZSI6MTIwMDAwMDAwMDAwMH19"
        }
      ]
    },
    {
      "module": "module.nerdperk-dev1",
      "mode": "managed",
      "type": "proxmox_vm_qemu",
      "name": "nerdperk-dev1",
      "provider": "module.nerdperk-dev1.provider[\"registry.terraform.io/telmate/proxmox\"]",
      "instances": [
        {
          "index_key": 0,
          "schema_version": 0,
          "attributes": {
            "additional_wait": 5,
            "agent": 0,
            "agent_timeout": 90,
            "args": "",
            "automatic_reboot": true,
            "balloon": 0,
            "bios": "seabios",
            "boot": "c",
            "bootdisk": "scsi0",
            "ci_wait": null,
            "cicustom": "",
            "cipassword": "obo74Cle",
            "ciupgrade": false,
            "ciuser": "kevin",
            "clone": "ubuntu-2404-cloud",
            "clone_id": null,
            "clone_wait": 10,
            "cores": 0,
            "cpu": [
              {
                "affinity": "",
                "cores": 2,
                "flags": [],
                "limit": 0,
                "numa": false,
                "sockets": 1,
                "type": "host",
                "units": 0,
                "vcores": 0
              }
            ],
            "cpu_type": "",
            "current_node": "nuc1",
            "default_ipv4_address": "192.168.80.7",
            "default_ipv6_address": "",
            "define_connection_info": true,
            "desc": "tf description",
            "disk": [],
            "disks": [
              {
                "ide": [
                  {
                    "ide0": [],
                    "ide1": [],
                    "ide2": [
                      {
                        "cdrom": [
                          {
                            "iso": "",
                            "passthrough": false
                          }
                        ],
                        "cloudinit": [],
                        "disk": [],
                        "ignore": false,
                        "passthrough": []
                      }
                    ],
                    "ide3": [
                      {
                        "cdrom": [],
                        "cloudinit": [
                          {
                            "storage": "ceph"
                          }
                        ],
                        "disk": [],
                        "ignore": false,
                        "passthrough": []
                      }
                    ]
                  }
                ],
                "sata": [],
                "scsi": [
                  {
                    "scsi0": [
                      {
                        "cdrom": [],
                        "cloudinit": [],
                        "disk": [
                          {
                            "asyncio": "",
                            "backup": true,
                            "cache": "",
                            "discard": false,
                            "emulatessd": false,
                            "format": "raw",
                            "id": 0,
                            "iops_r_burst": 0,
                            "iops_r_burst_length": 0,
                            "iops_r_concurrent": 0,
                            "iops_wr_burst": 0,
                            "iops_wr_burst_length": 0,
                            "iops_wr_concurrent": 0,
                            "iothread": false,
                            "linked_disk_id": -1,
                            "mbps_r_burst": 0,
                            "mbps_r_concurrent": 0,
                            "mbps_wr_burst": 0,
                            "mbps_wr_concurrent": 0,
                            "readonly": false,
                            "replicate": true,
                            "serial": "",
                            "size": "8G",
                            "storage": "ceph",
                            "wwn": ""
                          }
                        ],
                        "ignore": false,
                        "passthrough": []
                      }
                    ],
                    "scsi1": [],
                    "scsi10": [],
                    "scsi11": [],
                    "scsi12": [],
                    "scsi13": [],
                    "scsi14": [],
                    "scsi15": [],
                    "scsi16": [],
                    "scsi17": [],
                    "scsi18": [],
                    "scsi19": [],
                    "scsi2": [],
                    "scsi20": [],
                    "scsi21": [],
                    "scsi22": [],
                    "scsi23": [],
                    "scsi24": [],
                    "scsi25": [],
                    "scsi26": [],
                    "scsi27": [],
                    "scsi28": [],
                    "scsi29": [],
                    "scsi3": [],
                    "scsi30": [],
                    "scsi4": [],
                    "scsi5": [],
                    "scsi6": [],
                    "scsi7": [],
                    "scsi8": [],
                    "scsi9": []
                  }
                ],
                "virtio": []
              }
            ],
            "efidisk": [],
            "force_create": false,
            "force_recreate_on_change_of": null,
            "full_clone": true,
            "hagroup": "",
            "hastate": "",
            "hostpci": [],
            "hotplug": "network,disk,usb",
            "id": "nuc1/qemu/123",
            "ipconfig0": "ip=192.168.80.7/24,gw=192.168.80.1",
            "ipconfig1": "",
            "ipconfig10": "",
            "ipconfig11": "",
            "ipconfig12": "",
            "ipconfig13": "",
            "ipconfig14": "",
            "ipconfig15": "",
            "ipconfig2": "",
            "ipconfig3": "",
            "ipconfig4": "",
            "ipconfig5": "",
            "ipconfig6": "",
            "ipconfig7": "",
            "ipconfig8": "",
            "ipconfig9": "",
            "kvm": true,
            "linked_vmid": 0,
            "machine": "",
            "memory": 1024,
            "name": "nerdperk-dev1",
            "nameserver": "",
            "network": [
              {
                "bridge": "vmbr0",
                "firewall": false,
                "id": 0,
                "link_down": false,
                "macaddr": "7a:26:0e:32:ae:e9",
                "model": "virtio",
                "mtu": 0,
                "queues": 0,
                "rate": 0,
                "tag": 80
              }
            ],
            "numa": false,
            "onboot": true,
            "os_network_config": null,
            "os_type": "ubuntu",
            "pci": [],
            "pcis": [],
            "pool": "HA-1",
            "protection": false,
            "pxe": null,
            "qemu_os": "other",
            "reboot_required": false,
            "scsihw": "virtio-scsi-pci",
            "searchdomain": "",
            "serial": [
              {
                "id": 0,
                "type": "socket"
              }
            ],
            "skip_ipv4": false,
            "skip_ipv6": false,
            "smbios": [
              {
                "family": "",
                "manufacturer": "",
                "product": "",
                "serial": "",
                "sku": "",
                "uuid": "b2b11eed-a482-40c0-b6dc-8ef81147ba01",
                "version": ""
              }
            ],
            "sockets": 0,
            "ssh_forward_ip": null,
            "ssh_host": "192.168.80.7",
            "ssh_port": "22",
            "ssh_private_key": null,
            "ssh_user": null,
            "sshkeys": "ssh-ed25519 AAAAC3NzaC1lZDI1NTE5AAAAIGBHWpYk7FDrlGcuQF1zYauvWa62Kmwj5Z/C/ksB0eK4 kevin@bessie\nssh-rsa AAAAB3NzaC1yc2EAAAADAQABAAABgQDCfKdycPd96nMVRwU166yImlMSlgjlClJP/JpDx6fUx4xECkpxfiRWyBELTmyFp1loC0ABLL6p86GQEeriABsuOkb9zwOiUTxvJEfwuVPKULvE3kt0nZrQQd0KpGFZ2qbhlTNAUVshU0eYGONevh9AwvjkGLZxakiwIl0XF1X/RzbotYmT7D4hA7yy2/8I97hMTL7a5xSLNMJpfd6rNzq9GwX/o4b06iJjlkyMmgUJevWst4ATb9XAgkJwuuPjXM9dSJi5MwjWYkwH0zCJvutPJ5Z28oy7M1R3+oCbGh+7xNmcOhrCcceV4Z5sq3uYOy/kRR3osCU2pFgirs9TxPwqLHTTiPlcxOvAaACNK9tQDSqI+XwNecBKt4NgvbavI4WgcilqAe3lmUlMskJllEwUi3QrnSGP53LaHu2PRxrPTLfLZI5DKReKzB29FE7ZsMiOCbcTB4SJrBRmxfVB7VSNepqqmLh3RyHb0vRWidKshsz9PXb1Zynpn7nGcbMKxFE= kevin@ansible\nssh-rsa AAAAB3NzaC1yc2EAAAADAQABAAABgQCqAJpgMNAvZsnnWEfg4vqU0LpmhNYN1+Pv9D8op3EGrCUHCmLAE9ur732ycHxBr7oKCe/G4xIV/kHivQglkGT0RrFdSNs5JY8gNo/CRICFVLsuBJPftX6b7pBdpIiEcvUugeqMJccxZ34fkiqE+z78v1T4vYSfTJwdRIiT243vJ/DxxLma3XyJgZTPi+2YTKYGKQsIHYicVeR838+mA/4hpTnRc0Oxqn1JPurhQ5wPptlUgpQCY5wGWn2Y17E8SnOmLq303SIvFdYAwZ8rxNJGm+vMuO4sUibcU4gszKI+wUR8lZtdQ2PihbHCxxF0RRtZIVYxZuy2KJsDsu2NRIxNgTU2k+Op+3igGYckYG2eJ814qScUL/KC3HcpBX2S808sT1QwfI4CxL0C3TWYKLsKqJWHLRahbnd6XPMRwi6EXrFxg5qWDD+RgWUND2Gr+2L2dTST8bvDehWbwUA+DeF2pMMT/QT1E7N9Dv71x+nx2MmiFKku9b8uA/AnngUKBn0= kevin@terraform\nssh-rsa AAAAB3NzaC1yc2EAAAADAQABAAABgQC5x5BmaQDMNAAPUXQ20hfeYzjcH4EenG4db8qPGhlojL5V2838XWNHKAn3+SBSnKDXONjomGB8ZXafILV9hr1BXRKoP/1HOj6IlhujJSk9lDWx5WOvRoZmBeLFuExkLJSlIU62eOAzXvxwHWgCHip947OV1toUy5GpPc+LUri9fHB9b4MV1BiNDA0Ad0rc2fjxQ2HOU5wq+g+zbTKB3HqewjfEdE56/6OHmXvJIXvucOCTFKep7r5nc6KFWt1I7r7eG+uZqDKotyfBHXe9nqh2dXkBYkT6G7+cRZSumhPsa2CMTGzY7aeHjKq1pJ2RYdFkp1jbUo+l2gLw5WPXZ2ugduR8aiwLazAMUN0+dhguMvomB+KbXUJfq1TEEuzdAohbxL6DNhBYXsXbJJwAEM+ovGT66tsl4+MFvjL+wO6X2d60EHfBxcFW0B7OQoE8bl7kg5ZBrobPjzN9g8dkGTwObWk+N9hCSSB+DUzz9osF+Q7gkv4TOWIT4M4WtrqGel8= kevin@fedora\n",
            "startup": "",
            "tablet": true,
            "tags": "",
            "target_node": "nuc1",
            "target_nodes": null,
            "timeouts": null,
            "tpm_state": [],
            "unused_disk": [],
            "usb": [],
            "usbs": [],
            "vcpus": 0,
            "vga": [],
            "vm_state": "running",
            "vmid": 123
          },
          "sensitive_attributes": [
            [
              {
                "type": "get_attr",
                "value": "cipassword"
              }
            ],
            [
              {
                "type": "get_attr",
                "value": "ssh_private_key"
              }
            ]
          ],
          "identity_schema_version": 0,
          "private": "eyJlMmJmYjczMC1lY2FhLTExZTYtOGY4OC0zNDM2M2JjN2M0YzAiOnsiY3JlYXRlIjoxMjAwMDAwMDAwMDAwLCJkZWZhdWx0IjoxMjAwMDAwMDAwMDAwLCJkZWxldGUiOjEyMDAwMDAwMDAwMDAsInJlYWQiOjEyMDAwMDAwMDAwMDAsInVwZGF0ZSI6MTIwMDAwMDAwMDAwMH19"
        }
      ]
    },
    {
      "module": "module.nerdperk-dev2",
      "mode": "managed",
      "type": "proxmox_vm_qemu",
      "name": "nerdperk-dev2",
      "provider": "module.nerdperk-dev2.provider[\"registry.terraform.io/telmate/proxmox\"]",
      "instances": [
        {
          "index_key": 0,
          "schema_version": 0,
          "attributes": {
            "additional_wait": 5,
            "agent": 0,
            "agent_timeout": 90,
            "args": "",
            "automatic_reboot": true,
            "balloon": 0,
            "bios": "seabios",
            "boot": "c",
            "bootdisk": "scsi0",
            "ci_wait": null,
            "cicustom": "",
            "cipassword": "obo74Cle",
            "ciupgrade": false,
            "ciuser": "kevin",
            "clone": "ubuntu-2404-cloud",
            "clone_id": null,
            "clone_wait": 10,
            "cores": 0,
            "cpu": [
              {
                "affinity": "",
                "cores": 2,
                "flags": [],
                "limit": 0,
                "numa": false,
                "sockets": 1,
                "type": "host",
                "units": 0,
                "vcores": 0
              }
            ],
            "cpu_type": "",
            "current_node": "nuc2",
            "default_ipv4_address": "192.168.80.8",
            "default_ipv6_address": "",
            "define_connection_info": true,
            "desc": "tf description",
            "disk": [],
            "disks": [
              {
                "ide": [
                  {
                    "ide0": [],
                    "ide1": [],
                    "ide2": [
                      {
                        "cdrom": [
                          {
                            "iso": "",
                            "passthrough": false
                          }
                        ],
                        "cloudinit": [],
                        "disk": [],
                        "ignore": false,
                        "passthrough": []
                      }
                    ],
                    "ide3": [
                      {
                        "cdrom": [],
                        "cloudinit": [
                          {
                            "storage": "ceph"
                          }
                        ],
                        "disk": [],
                        "ignore": false,
                        "passthrough": []
                      }
                    ]
                  }
                ],
                "sata": [],
                "scsi": [
                  {
                    "scsi0": [
                      {
                        "cdrom": [],
                        "cloudinit": [],
                        "disk": [
                          {
                            "asyncio": "",
                            "backup": true,
                            "cache": "",
                            "discard": false,
                            "emulatessd": false,
                            "format": "raw",
                            "id": 0,
                            "iops_r_burst": 0,
                            "iops_r_burst_length": 0,
                            "iops_r_concurrent": 0,
                            "iops_wr_burst": 0,
                            "iops_wr_burst_length": 0,
                            "iops_wr_concurrent": 0,
                            "iothread": false,
                            "linked_disk_id": -1,
                            "mbps_r_burst": 0,
                            "mbps_r_concurrent": 0,
                            "mbps_wr_burst": 0,
                            "mbps_wr_concurrent": 0,
                            "readonly": false,
                            "replicate": true,
                            "serial": "",
                            "size": "8G",
                            "storage": "ceph",
                            "wwn": ""
                          }
                        ],
                        "ignore": false,
                        "passthrough": []
                      }
                    ],
                    "scsi1": [],
                    "scsi10": [],
                    "scsi11": [],
                    "scsi12": [],
                    "scsi13": [],
                    "scsi14": [],
                    "scsi15": [],
                    "scsi16": [],
                    "scsi17": [],
                    "scsi18": [],
                    "scsi19": [],
                    "scsi2": [],
                    "scsi20": [],
                    "scsi21": [],
                    "scsi22": [],
                    "scsi23": [],
                    "scsi24": [],
                    "scsi25": [],
                    "scsi26": [],
                    "scsi27": [],
                    "scsi28": [],
                    "scsi29": [],
                    "scsi3": [],
                    "scsi30": [],
                    "scsi4": [],
                    "scsi5": [],
                    "scsi6": [],
                    "scsi7": [],
                    "scsi8": [],
                    "scsi9": []
                  }
                ],
                "virtio": []
              }
            ],
            "efidisk": [],
            "force_create": false,
            "force_recreate_on_change_of": null,
            "full_clone": true,
            "hagroup": "",
            "hastate": "",
            "hostpci": [],
            "hotplug": "network,disk,usb",
            "id": "nuc2/qemu/124",
            "ipconfig0": "ip=192.168.80.8/24,gw=192.168.80.1",
            "ipconfig1": "",
            "ipconfig10": "",
            "ipconfig11": "",
            "ipconfig12": "",
            "ipconfig13": "",
            "ipconfig14": "",
            "ipconfig15": "",
            "ipconfig2": "",
            "ipconfig3": "",
            "ipconfig4": "",
            "ipconfig5": "",
            "ipconfig6": "",
            "ipconfig7": "",
            "ipconfig8": "",
            "ipconfig9": "",
            "kvm": true,
            "linked_vmid": 0,
            "machine": "",
            "memory": 1024,
            "name": "nerdperk-dev2",
            "nameserver": "",
            "network": [
              {
                "bridge": "vmbr0",
                "firewall": false,
                "id": 0,
                "link_down": false,
                "macaddr": "86:30:41:c6:a4:d0",
                "model": "virtio",
                "mtu": 0,
                "queues": 0,
                "rate": 0,
                "tag": 80
              }
            ],
            "numa": false,
            "onboot": true,
            "os_network_config": null,
            "os_type": "ubuntu",
            "pci": [],
            "pcis": [],
            "pool": "HA-2",
            "protection": false,
            "pxe": null,
            "qemu_os": "other",
            "reboot_required": false,
            "scsihw": "virtio-scsi-pci",
            "searchdomain": "",
            "serial": [
              {
                "id": 0,
                "type": "socket"
              }
            ],
            "skip_ipv4": false,
            "skip_ipv6": false,
            "smbios": [
              {
                "family": "",
                "manufacturer": "",
                "product": "",
                "serial": "",
                "sku": "",
                "uuid": "88a3a0ed-0a97-4d34-9463-b0f625e55ef9",
                "version": ""
              }
            ],
            "sockets": 0,
            "ssh_forward_ip": null,
            "ssh_host": "192.168.80.8",
            "ssh_port": "22",
            "ssh_private_key": null,
            "ssh_user": null,
            "sshkeys": "ssh-ed25519 AAAAC3NzaC1lZDI1NTE5AAAAIGBHWpYk7FDrlGcuQF1zYauvWa62Kmwj5Z/C/ksB0eK4 kevin@bessie\nssh-rsa AAAAB3NzaC1yc2EAAAADAQABAAABgQDCfKdycPd96nMVRwU166yImlMSlgjlClJP/JpDx6fUx4xECkpxfiRWyBELTmyFp1loC0ABLL6p86GQEeriABsuOkb9zwOiUTxvJEfwuVPKULvE3kt0nZrQQd0KpGFZ2qbhlTNAUVshU0eYGONevh9AwvjkGLZxakiwIl0XF1X/RzbotYmT7D4hA7yy2/8I97hMTL7a5xSLNMJpfd6rNzq9GwX/o4b06iJjlkyMmgUJevWst4ATb9XAgkJwuuPjXM9dSJi5MwjWYkwH0zCJvutPJ5Z28oy7M1R3+oCbGh+7xNmcOhrCcceV4Z5sq3uYOy/kRR3osCU2pFgirs9TxPwqLHTTiPlcxOvAaACNK9tQDSqI+XwNecBKt4NgvbavI4WgcilqAe3lmUlMskJllEwUi3QrnSGP53LaHu2PRxrPTLfLZI5DKReKzB29FE7ZsMiOCbcTB4SJrBRmxfVB7VSNepqqmLh3RyHb0vRWidKshsz9PXb1Zynpn7nGcbMKxFE= kevin@ansible\nssh-rsa AAAAB3NzaC1yc2EAAAADAQABAAABgQCqAJpgMNAvZsnnWEfg4vqU0LpmhNYN1+Pv9D8op3EGrCUHCmLAE9ur732ycHxBr7oKCe/G4xIV/kHivQglkGT0RrFdSNs5JY8gNo/CRICFVLsuBJPftX6b7pBdpIiEcvUugeqMJccxZ34fkiqE+z78v1T4vYSfTJwdRIiT243vJ/DxxLma3XyJgZTPi+2YTKYGKQsIHYicVeR838+mA/4hpTnRc0Oxqn1JPurhQ5wPptlUgpQCY5wGWn2Y17E8SnOmLq303SIvFdYAwZ8rxNJGm+vMuO4sUibcU4gszKI+wUR8lZtdQ2PihbHCxxF0RRtZIVYxZuy2KJsDsu2NRIxNgTU2k+Op+3igGYckYG2eJ814qScUL/KC3HcpBX2S808sT1QwfI4CxL0C3TWYKLsKqJWHLRahbnd6XPMRwi6EXrFxg5qWDD+RgWUND2Gr+2L2dTST8bvDehWbwUA+DeF2pMMT/QT1E7N9Dv71x+nx2MmiFKku9b8uA/AnngUKBn0= kevin@terraform\nssh-rsa AAAAB3NzaC1yc2EAAAADAQABAAABgQC5x5BmaQDMNAAPUXQ20hfeYzjcH4EenG4db8qPGhlojL5V2838XWNHKAn3+SBSnKDXONjomGB8ZXafILV9hr1BXRKoP/1HOj6IlhujJSk9lDWx5WOvRoZmBeLFuExkLJSlIU62eOAzXvxwHWgCHip947OV1toUy5GpPc+LUri9fHB9b4MV1BiNDA0Ad0rc2fjxQ2HOU5wq+g+zbTKB3HqewjfEdE56/6OHmXvJIXvucOCTFKep7r5nc6KFWt1I7r7eG+uZqDKotyfBHXe9nqh2dXkBYkT6G7+cRZSumhPsa2CMTGzY7aeHjKq1pJ2RYdFkp1jbUo+l2gLw5WPXZ2ugduR8aiwLazAMUN0+dhguMvomB+KbXUJfq1TEEuzdAohbxL6DNhBYXsXbJJwAEM+ovGT66tsl4+MFvjL+wO6X2d60EHfBxcFW0B7OQoE8bl7kg5ZBrobPjzN9g8dkGTwObWk+N9hCSSB+DUzz9osF+Q7gkv4TOWIT4M4WtrqGel8= kevin@fedora\n",
            "startup": "",
            "tablet": true,
            "tags": "",
            "target_node": "nuc2",
            "target_nodes": null,
            "timeouts": null,
            "tpm_state": [],
            "unused_disk": [],
            "usb": [],
            "usbs": [],
            "vcpus": 0,
            "vga": [],
            "vm_state": "running",
            "vmid": 124
          },
          "sensitive_attributes": [
            [
              {
                "type": "get_attr",
                "value": "cipassword"
              }
            ],
            [
              {
                "type": "get_attr",
                "value": "ssh_private_key"
              }
            ]
          ],
          "identity_schema_version": 0,
          "private": "eyJlMmJmYjczMC1lY2FhLTExZTYtOGY4OC0zNDM2M2JjN2M0YzAiOnsiY3JlYXRlIjoxMjAwMDAwMDAwMDAwLCJkZWZhdWx0IjoxMjAwMDAwMDAwMDAwLCJkZWxldGUiOjEyMDAwMDAwMDAwMDAsInJlYWQiOjEyMDAwMDAwMDAwMDAsInVwZGF0ZSI6MTIwMDAwMDAwMDAwMH19"
        }
      ]
    },
    {
      "module": "module.nerdperk-prod1",
      "mode": "managed",
      "type": "proxmox_vm_qemu",
      "name": "nerdperk-prod1",
      "provider": "module.nerdperk-prod1.provider[\"registry.terraform.io/telmate/proxmox\"]",
      "instances": [
        {
          "index_key": 0,
          "schema_version": 0,
          "attributes": {
            "additional_wait": 5,
            "agent": 0,
            "agent_timeout": 90,
            "args": "",
            "automatic_reboot": true,
            "balloon": 0,
            "bios": "seabios",
            "boot": "c",
            "bootdisk": "scsi0",
            "ci_wait": null,
            "cicustom": "",
            "cipassword": "obo74Cle",
            "ciupgrade": false,
            "ciuser": "kevin",
            "clone": "ubuntu-2404-cloud",
            "clone_id": null,
            "clone_wait": 10,
            "cores": 0,
            "cpu": [
              {
                "affinity": "",
                "cores": 2,
                "flags": [],
                "limit": 0,
                "numa": false,
                "sockets": 1,
                "type": "host",
                "units": 0,
                "vcores": 0
              }
            ],
            "cpu_type": "",
            "current_node": "nuc1",
            "default_ipv4_address": "192.168.80.36",
            "default_ipv6_address": "",
            "define_connection_info": true,
            "desc": "tf description",
            "disk": [],
            "disks": [
              {
                "ide": [
                  {
                    "ide0": [],
                    "ide1": [],
                    "ide2": [
                      {
                        "cdrom": [
                          {
                            "iso": "",
                            "passthrough": false
                          }
                        ],
                        "cloudinit": [],
                        "disk": [],
                        "ignore": false,
                        "passthrough": []
                      }
                    ],
                    "ide3": [
                      {
                        "cdrom": [],
                        "cloudinit": [
                          {
                            "storage": "ceph"
                          }
                        ],
                        "disk": [],
                        "ignore": false,
                        "passthrough": []
                      }
                    ]
                  }
                ],
                "sata": [],
                "scsi": [
                  {
                    "scsi0": [
                      {
                        "cdrom": [],
                        "cloudinit": [],
                        "disk": [
                          {
                            "asyncio": "",
                            "backup": true,
                            "cache": "",
                            "discard": false,
                            "emulatessd": false,
                            "format": "raw",
                            "id": 0,
                            "iops_r_burst": 0,
                            "iops_r_burst_length": 0,
                            "iops_r_concurrent": 0,
                            "iops_wr_burst": 0,
                            "iops_wr_burst_length": 0,
                            "iops_wr_concurrent": 0,
                            "iothread": false,
                            "linked_disk_id": -1,
                            "mbps_r_burst": 0,
                            "mbps_r_concurrent": 0,
                            "mbps_wr_burst": 0,
                            "mbps_wr_concurrent": 0,
                            "readonly": false,
                            "replicate": true,
                            "serial": "",
                            "size": "8G",
                            "storage": "ceph",
                            "wwn": ""
                          }
                        ],
                        "ignore": false,
                        "passthrough": []
                      }
                    ],
                    "scsi1": [],
                    "scsi10": [],
                    "scsi11": [],
                    "scsi12": [],
                    "scsi13": [],
                    "scsi14": [],
                    "scsi15": [],
                    "scsi16": [],
                    "scsi17": [],
                    "scsi18": [],
                    "scsi19": [],
                    "scsi2": [],
                    "scsi20": [],
                    "scsi21": [],
                    "scsi22": [],
                    "scsi23": [],
                    "scsi24": [],
                    "scsi25": [],
                    "scsi26": [],
                    "scsi27": [],
                    "scsi28": [],
                    "scsi29": [],
                    "scsi3": [],
                    "scsi30": [],
                    "scsi4": [],
                    "scsi5": [],
                    "scsi6": [],
                    "scsi7": [],
                    "scsi8": [],
                    "scsi9": []
                  }
                ],
                "virtio": []
              }
            ],
            "efidisk": [],
            "force_create": false,
            "force_recreate_on_change_of": null,
            "full_clone": true,
            "hagroup": "",
            "hastate": "",
            "hostpci": [],
            "hotplug": "network,disk,usb",
            "id": "nuc1/qemu/135",
            "ipconfig0": "ip=192.168.80.36/24,gw=192.168.80.1",
            "ipconfig1": "",
            "ipconfig10": "",
            "ipconfig11": "",
            "ipconfig12": "",
            "ipconfig13": "",
            "ipconfig14": "",
            "ipconfig15": "",
            "ipconfig2": "",
            "ipconfig3": "",
            "ipconfig4": "",
            "ipconfig5": "",
            "ipconfig6": "",
            "ipconfig7": "",
            "ipconfig8": "",
            "ipconfig9": "",
            "kvm": true,
            "linked_vmid": 0,
            "machine": "",
            "memory": 1024,
            "name": "nerdperk-prod1",
            "nameserver": "",
            "network": [
              {
                "bridge": "vmbr0",
                "firewall": false,
                "id": 0,
                "link_down": false,
                "macaddr": "92:b9:f5:97:1d:ae",
                "model": "virtio",
                "mtu": 0,
                "queues": 0,
                "rate": 0,
                "tag": 80
              }
            ],
            "numa": false,
            "onboot": true,
            "os_network_config": null,
            "os_type": "ubuntu",
            "pci": [],
            "pcis": [],
            "pool": "HA-1",
            "protection": false,
            "pxe": null,
            "qemu_os": "other",
            "reboot_required": false,
            "scsihw": "virtio-scsi-pci",
            "searchdomain": "",
            "serial": [
              {
                "id": 0,
                "type": "socket"
              }
            ],
            "skip_ipv4": false,
            "skip_ipv6": false,
            "smbios": [
              {
                "family": "",
                "manufacturer": "",
                "product": "",
                "serial": "",
                "sku": "",
                "uuid": "ea563b55-3792-43ae-85f4-b323b3269773",
                "version": ""
              }
            ],
            "sockets": 0,
            "ssh_forward_ip": null,
            "ssh_host": "192.168.80.36",
            "ssh_port": "22",
            "ssh_private_key": null,
            "ssh_user": null,
            "sshkeys": "ssh-ed25519 AAAAC3NzaC1lZDI1NTE5AAAAIGBHWpYk7FDrlGcuQF1zYauvWa62Kmwj5Z/C/ksB0eK4 kevin@bessie\nssh-rsa AAAAB3NzaC1yc2EAAAADAQABAAABgQDCfKdycPd96nMVRwU166yImlMSlgjlClJP/JpDx6fUx4xECkpxfiRWyBELTmyFp1loC0ABLL6p86GQEeriABsuOkb9zwOiUTxvJEfwuVPKULvE3kt0nZrQQd0KpGFZ2qbhlTNAUVshU0eYGONevh9AwvjkGLZxakiwIl0XF1X/RzbotYmT7D4hA7yy2/8I97hMTL7a5xSLNMJpfd6rNzq9GwX/o4b06iJjlkyMmgUJevWst4ATb9XAgkJwuuPjXM9dSJi5MwjWYkwH0zCJvutPJ5Z28oy7M1R3+oCbGh+7xNmcOhrCcceV4Z5sq3uYOy/kRR3osCU2pFgirs9TxPwqLHTTiPlcxOvAaACNK9tQDSqI+XwNecBKt4NgvbavI4WgcilqAe3lmUlMskJllEwUi3QrnSGP53LaHu2PRxrPTLfLZI5DKReKzB29FE7ZsMiOCbcTB4SJrBRmxfVB7VSNepqqmLh3RyHb0vRWidKshsz9PXb1Zynpn7nGcbMKxFE= kevin@ansible\nssh-rsa AAAAB3NzaC1yc2EAAAADAQABAAABgQCqAJpgMNAvZsnnWEfg4vqU0LpmhNYN1+Pv9D8op3EGrCUHCmLAE9ur732ycHxBr7oKCe/G4xIV/kHivQglkGT0RrFdSNs5JY8gNo/CRICFVLsuBJPftX6b7pBdpIiEcvUugeqMJccxZ34fkiqE+z78v1T4vYSfTJwdRIiT243vJ/DxxLma3XyJgZTPi+2YTKYGKQsIHYicVeR838+mA/4hpTnRc0Oxqn1JPurhQ5wPptlUgpQCY5wGWn2Y17E8SnOmLq303SIvFdYAwZ8rxNJGm+vMuO4sUibcU4gszKI+wUR8lZtdQ2PihbHCxxF0RRtZIVYxZuy2KJsDsu2NRIxNgTU2k+Op+3igGYckYG2eJ814qScUL/KC3HcpBX2S808sT1QwfI4CxL0C3TWYKLsKqJWHLRahbnd6XPMRwi6EXrFxg5qWDD+RgWUND2Gr+2L2dTST8bvDehWbwUA+DeF2pMMT/QT1E7N9Dv71x+nx2MmiFKku9b8uA/AnngUKBn0= kevin@terraform\nssh-rsa AAAAB3NzaC1yc2EAAAADAQABAAABgQC5x5BmaQDMNAAPUXQ20hfeYzjcH4EenG4db8qPGhlojL5V2838XWNHKAn3+SBSnKDXONjomGB8ZXafILV9hr1BXRKoP/1HOj6IlhujJSk9lDWx5WOvRoZmBeLFuExkLJSlIU62eOAzXvxwHWgCHip947OV1toUy5GpPc+LUri9fHB9b4MV1BiNDA0Ad0rc2fjxQ2HOU5wq+g+zbTKB3HqewjfEdE56/6OHmXvJIXvucOCTFKep7r5nc6KFWt1I7r7eG+uZqDKotyfBHXe9nqh2dXkBYkT6G7+cRZSumhPsa2CMTGzY7aeHjKq1pJ2RYdFkp1jbUo+l2gLw5WPXZ2ugduR8aiwLazAMUN0+dhguMvomB+KbXUJfq1TEEuzdAohbxL6DNhBYXsXbJJwAEM+ovGT66tsl4+MFvjL+wO6X2d60EHfBxcFW0B7OQoE8bl7kg5ZBrobPjzN9g8dkGTwObWk+N9hCSSB+DUzz9osF+Q7gkv4TOWIT4M4WtrqGel8= kevin@fedora\n",
            "startup": "",
            "tablet": true,
            "tags": "",
            "target_node": "nuc1",
            "target_nodes": null,
            "timeouts": null,
            "tpm_state": [],
            "unused_disk": [],
            "usb": [],
            "usbs": [],
            "vcpus": 0,
            "vga": [],
            "vm_state": "running",
            "vmid": 135
          },
          "sensitive_attributes": [
            [
              {
                "type": "get_attr",
                "value": "cipassword"
              }
            ],
            [
              {
                "type": "get_attr",
                "value": "ssh_private_key"
              }
            ]
          ],
          "identity_schema_version": 0,
          "private": "eyJlMmJmYjczMC1lY2FhLTExZTYtOGY4OC0zNDM2M2JjN2M0YzAiOnsiY3JlYXRlIjoxMjAwMDAwMDAwMDAwLCJkZWZhdWx0IjoxMjAwMDAwMDAwMDAwLCJkZWxldGUiOjEyMDAwMDAwMDAwMDAsInJlYWQiOjEyMDAwMDAwMDAwMDAsInVwZGF0ZSI6MTIwMDAwMDAwMDAwMH19"
        }
      ]
    },
    {
      "module": "module.nerdperk-prod2",
      "mode": "managed",
      "type": "proxmox_vm_qemu",
      "name": "nerdperk-prod2",
      "provider": "module.nerdperk-prod2.provider[\"registry.terraform.io/telmate/proxmox\"]",
      "instances": [
        {
          "index_key": 0,
          "schema_version": 0,
          "attributes": {
            "additional_wait": 5,
            "agent": 0,
            "agent_timeout": 90,
            "args": "",
            "automatic_reboot": true,
            "balloon": 0,
            "bios": "seabios",
            "boot": "c",
            "bootdisk": "scsi0",
            "ci_wait": null,
            "cicustom": "",
            "cipassword": "obo74Cle",
            "ciupgrade": false,
            "ciuser": "kevin",
            "clone": "ubuntu-2404-cloud",
            "clone_id": null,
            "clone_wait": 10,
            "cores": 0,
            "cpu": [
              {
                "affinity": "",
                "cores": 2,
                "flags": [],
                "limit": 0,
                "numa": false,
                "sockets": 1,
                "type": "host",
                "units": 0,
                "vcores": 0
              }
            ],
            "cpu_type": "",
            "current_node": "nuc2",
            "default_ipv4_address": "192.168.80.37",
            "default_ipv6_address": "",
            "define_connection_info": true,
            "desc": "tf description",
            "disk": [],
            "disks": [
              {
                "ide": [
                  {
                    "ide0": [],
                    "ide1": [],
                    "ide2": [
                      {
                        "cdrom": [
                          {
                            "iso": "",
                            "passthrough": false
                          }
                        ],
                        "cloudinit": [],
                        "disk": [],
                        "ignore": false,
                        "passthrough": []
                      }
                    ],
                    "ide3": [
                      {
                        "cdrom": [],
                        "cloudinit": [
                          {
                            "storage": "ceph"
                          }
                        ],
                        "disk": [],
                        "ignore": false,
                        "passthrough": []
                      }
                    ]
                  }
                ],
                "sata": [],
                "scsi": [
                  {
                    "scsi0": [
                      {
                        "cdrom": [],
                        "cloudinit": [],
                        "disk": [
                          {
                            "asyncio": "",
                            "backup": true,
                            "cache": "",
                            "discard": false,
                            "emulatessd": false,
                            "format": "raw",
                            "id": 0,
                            "iops_r_burst": 0,
                            "iops_r_burst_length": 0,
                            "iops_r_concurrent": 0,
                            "iops_wr_burst": 0,
                            "iops_wr_burst_length": 0,
                            "iops_wr_concurrent": 0,
                            "iothread": false,
                            "linked_disk_id": -1,
                            "mbps_r_burst": 0,
                            "mbps_r_concurrent": 0,
                            "mbps_wr_burst": 0,
                            "mbps_wr_concurrent": 0,
                            "readonly": false,
                            "replicate": true,
                            "serial": "",
                            "size": "8G",
                            "storage": "ceph",
                            "wwn": ""
                          }
                        ],
                        "ignore": false,
                        "passthrough": []
                      }
                    ],
                    "scsi1": [],
                    "scsi10": [],
                    "scsi11": [],
                    "scsi12": [],
                    "scsi13": [],
                    "scsi14": [],
                    "scsi15": [],
                    "scsi16": [],
                    "scsi17": [],
                    "scsi18": [],
                    "scsi19": [],
                    "scsi2": [],
                    "scsi20": [],
                    "scsi21": [],
                    "scsi22": [],
                    "scsi23": [],
                    "scsi24": [],
                    "scsi25": [],
                    "scsi26": [],
                    "scsi27": [],
                    "scsi28": [],
                    "scsi29": [],
                    "scsi3": [],
                    "scsi30": [],
                    "scsi4": [],
                    "scsi5": [],
                    "scsi6": [],
                    "scsi7": [],
                    "scsi8": [],
                    "scsi9": []
                  }
                ],
                "virtio": []
              }
            ],
            "efidisk": [],
            "force_create": false,
            "force_recreate_on_change_of": null,
            "full_clone": true,
            "hagroup": "",
            "hastate": "",
            "hostpci": [],
            "hotplug": "network,disk,usb",
            "id": "nuc2/qemu/136",
            "ipconfig0": "ip=192.168.80.37/24,gw=192.168.80.1",
            "ipconfig1": "",
            "ipconfig10": "",
            "ipconfig11": "",
            "ipconfig12": "",
            "ipconfig13": "",
            "ipconfig14": "",
            "ipconfig15": "",
            "ipconfig2": "",
            "ipconfig3": "",
            "ipconfig4": "",
            "ipconfig5": "",
            "ipconfig6": "",
            "ipconfig7": "",
            "ipconfig8": "",
            "ipconfig9": "",
            "kvm": true,
            "linked_vmid": 0,
            "machine": "",
            "memory": 1024,
            "name": "nerdperk-prod2",
            "nameserver": "",
            "network": [
              {
                "bridge": "vmbr0",
                "firewall": false,
                "id": 0,
                "link_down": false,
                "macaddr": "0e:cc:3b:c9:f3:67",
                "model": "virtio",
                "mtu": 0,
                "queues": 0,
                "rate": 0,
                "tag": 80
              }
            ],
            "numa": false,
            "onboot": true,
            "os_network_config": null,
            "os_type": "ubuntu",
            "pci": [],
            "pcis": [],
            "pool": "HA-2",
            "protection": false,
            "pxe": null,
            "qemu_os": "other",
            "reboot_required": false,
            "scsihw": "virtio-scsi-pci",
            "searchdomain": "",
            "serial": [
              {
                "id": 0,
                "type": "socket"
              }
            ],
            "skip_ipv4": false,
            "skip_ipv6": false,
            "smbios": [
              {
                "family": "",
                "manufacturer": "",
                "product": "",
                "serial": "",
                "sku": "",
                "uuid": "2bbbbfa5-9000-448f-a2a5-0bcfc90aacc5",
                "version": ""
              }
            ],
            "sockets": 0,
            "ssh_forward_ip": null,
            "ssh_host": "192.168.80.37",
            "ssh_port": "22",
            "ssh_private_key": null,
            "ssh_user": null,
            "sshkeys": "ssh-ed25519 AAAAC3NzaC1lZDI1NTE5AAAAIGBHWpYk7FDrlGcuQF1zYauvWa62Kmwj5Z/C/ksB0eK4 kevin@bessie\nssh-rsa AAAAB3NzaC1yc2EAAAADAQABAAABgQDCfKdycPd96nMVRwU166yImlMSlgjlClJP/JpDx6fUx4xECkpxfiRWyBELTmyFp1loC0ABLL6p86GQEeriABsuOkb9zwOiUTxvJEfwuVPKULvE3kt0nZrQQd0KpGFZ2qbhlTNAUVshU0eYGONevh9AwvjkGLZxakiwIl0XF1X/RzbotYmT7D4hA7yy2/8I97hMTL7a5xSLNMJpfd6rNzq9GwX/o4b06iJjlkyMmgUJevWst4ATb9XAgkJwuuPjXM9dSJi5MwjWYkwH0zCJvutPJ5Z28oy7M1R3+oCbGh+7xNmcOhrCcceV4Z5sq3uYOy/kRR3osCU2pFgirs9TxPwqLHTTiPlcxOvAaACNK9tQDSqI+XwNecBKt4NgvbavI4WgcilqAe3lmUlMskJllEwUi3QrnSGP53LaHu2PRxrPTLfLZI5DKReKzB29FE7ZsMiOCbcTB4SJrBRmxfVB7VSNepqqmLh3RyHb0vRWidKshsz9PXb1Zynpn7nGcbMKxFE= kevin@ansible\nssh-rsa AAAAB3NzaC1yc2EAAAADAQABAAABgQCqAJpgMNAvZsnnWEfg4vqU0LpmhNYN1+Pv9D8op3EGrCUHCmLAE9ur732ycHxBr7oKCe/G4xIV/kHivQglkGT0RrFdSNs5JY8gNo/CRICFVLsuBJPftX6b7pBdpIiEcvUugeqMJccxZ34fkiqE+z78v1T4vYSfTJwdRIiT243vJ/DxxLma3XyJgZTPi+2YTKYGKQsIHYicVeR838+mA/4hpTnRc0Oxqn1JPurhQ5wPptlUgpQCY5wGWn2Y17E8SnOmLq303SIvFdYAwZ8rxNJGm+vMuO4sUibcU4gszKI+wUR8lZtdQ2PihbHCxxF0RRtZIVYxZuy2KJsDsu2NRIxNgTU2k+Op+3igGYckYG2eJ814qScUL/KC3HcpBX2S808sT1QwfI4CxL0C3TWYKLsKqJWHLRahbnd6XPMRwi6EXrFxg5qWDD+RgWUND2Gr+2L2dTST8bvDehWbwUA+DeF2pMMT/QT1E7N9Dv71x+nx2MmiFKku9b8uA/AnngUKBn0= kevin@terraform\nssh-rsa AAAAB3NzaC1yc2EAAAADAQABAAABgQC5x5BmaQDMNAAPUXQ20hfeYzjcH4EenG4db8qPGhlojL5V2838XWNHKAn3+SBSnKDXONjomGB8ZXafILV9hr1BXRKoP/1HOj6IlhujJSk9lDWx5WOvRoZmBeLFuExkLJSlIU62eOAzXvxwHWgCHip947OV1toUy5GpPc+LUri9fHB9b4MV1BiNDA0Ad0rc2fjxQ2HOU5wq+g+zbTKB3HqewjfEdE56/6OHmXvJIXvucOCTFKep7r5nc6KFWt1I7r7eG+uZqDKotyfBHXe9nqh2dXkBYkT6G7+cRZSumhPsa2CMTGzY7aeHjKq1pJ2RYdFkp1jbUo+l2gLw5WPXZ2ugduR8aiwLazAMUN0+dhguMvomB+KbXUJfq1TEEuzdAohbxL6DNhBYXsXbJJwAEM+ovGT66tsl4+MFvjL+wO6X2d60EHfBxcFW0B7OQoE8bl7kg5ZBrobPjzN9g8dkGTwObWk+N9hCSSB+DUzz9osF+Q7gkv4TOWIT4M4WtrqGel8= kevin@fedora\n",
            "startup": "",
            "tablet": true,
            "tags": "",
            "target_node": "nuc2",
            "target_nodes": null,
            "timeouts": null,
            "tpm_state": [],
            "unused_disk": [],
            "usb": [],
            "usbs": [],
            "vcpus": 0,
            "vga": [],
            "vm_state": "running",
            "vmid": 136
          },
          "sensitive_attributes": [
            [
              {
                "type": "get_attr",
                "value": "cipassword"
              }
            ],
            [
              {
                "type": "get_attr",
                "value": "ssh_private_key"
              }
            ]
          ],
          "identity_schema_version": 0,
          "private": "eyJlMmJmYjczMC1lY2FhLTExZTYtOGY4OC0zNDM2M2JjN2M0YzAiOnsiY3JlYXRlIjoxMjAwMDAwMDAwMDAwLCJkZWZhdWx0IjoxMjAwMDAwMDAwMDAwLCJkZWxldGUiOjEyMDAwMDAwMDAwMDAsInJlYWQiOjEyMDAwMDAwMDAwMDAsInVwZGF0ZSI6MTIwMDAwMDAwMDAwMH19"
        }
      ]
    },
    {
      "module": "module.netbox",
      "mode": "managed",
      "type": "proxmox_vm_qemu",
      "name": "netbox",
      "provider": "module.netbox.provider[\"registry.terraform.io/telmate/proxmox\"]",
      "instances": [
        {
          "index_key": 0,
          "schema_version": 0,
          "attributes": {
            "additional_wait": 5,
            "agent": 0,
            "agent_timeout": 90,
            "args": "",
            "automatic_reboot": true,
            "balloon": 0,
            "bios": "seabios",
            "boot": "c",
            "bootdisk": "scsi0",
            "ci_wait": null,
            "cicustom": "",
            "cipassword": "obo74Cle",
            "ciupgrade": false,
            "ciuser": "kevin",
            "clone": "ubuntu-2404-cloud",
            "clone_id": null,
            "clone_wait": 10,
            "cores": 0,
            "cpu": [
              {
                "affinity": "",
                "cores": 2,
                "flags": [],
                "limit": 0,
                "numa": false,
                "sockets": 1,
                "type": "host",
                "units": 0,
                "vcores": 0
              }
            ],
            "cpu_type": "",
            "current_node": "nuc3",
            "default_ipv4_address": "192.168.11.50",
            "default_ipv6_address": "",
            "define_connection_info": true,
            "desc": "tf description",
            "disk": [],
            "disks": [
              {
                "ide": [
                  {
                    "ide0": [],
                    "ide1": [],
                    "ide2": [
                      {
                        "cdrom": [
                          {
                            "iso": "",
                            "passthrough": false
                          }
                        ],
                        "cloudinit": [],
                        "disk": [],
                        "ignore": false,
                        "passthrough": []
                      }
                    ],
                    "ide3": [
                      {
                        "cdrom": [],
                        "cloudinit": [
                          {
                            "storage": "ceph"
                          }
                        ],
                        "disk": [],
                        "ignore": false,
                        "passthrough": []
                      }
                    ]
                  }
                ],
                "sata": [],
                "scsi": [
                  {
                    "scsi0": [
                      {
                        "cdrom": [],
                        "cloudinit": [],
                        "disk": [
                          {
                            "asyncio": "",
                            "backup": true,
                            "cache": "",
                            "discard": false,
                            "emulatessd": false,
                            "format": "raw",
                            "id": 0,
                            "iops_r_burst": 0,
                            "iops_r_burst_length": 0,
                            "iops_r_concurrent": 0,
                            "iops_wr_burst": 0,
                            "iops_wr_burst_length": 0,
                            "iops_wr_concurrent": 0,
                            "iothread": false,
                            "linked_disk_id": -1,
                            "mbps_r_burst": 0,
                            "mbps_r_concurrent": 0,
                            "mbps_wr_burst": 0,
                            "mbps_wr_concurrent": 0,
                            "readonly": false,
                            "replicate": true,
                            "serial": "",
                            "size": "8G",
                            "storage": "ceph",
                            "wwn": ""
                          }
                        ],
                        "ignore": false,
                        "passthrough": []
                      }
                    ],
                    "scsi1": [],
                    "scsi10": [],
                    "scsi11": [],
                    "scsi12": [],
                    "scsi13": [],
                    "scsi14": [],
                    "scsi15": [],
                    "scsi16": [],
                    "scsi17": [],
                    "scsi18": [],
                    "scsi19": [],
                    "scsi2": [],
                    "scsi20": [],
                    "scsi21": [],
                    "scsi22": [],
                    "scsi23": [],
                    "scsi24": [],
                    "scsi25": [],
                    "scsi26": [],
                    "scsi27": [],
                    "scsi28": [],
                    "scsi29": [],
                    "scsi3": [],
                    "scsi30": [],
                    "scsi4": [],
                    "scsi5": [],
                    "scsi6": [],
                    "scsi7": [],
                    "scsi8": [],
                    "scsi9": []
                  }
                ],
                "virtio": []
              }
            ],
            "efidisk": [],
            "force_create": false,
            "force_recreate_on_change_of": null,
            "full_clone": true,
            "hagroup": "",
            "hastate": "",
            "hostpci": [],
            "hotplug": "network,disk,usb",
            "id": "nuc3/qemu/130",
            "ipconfig0": "ip=192.168.11.50/24,gw=192.168.11.1",
            "ipconfig1": "",
            "ipconfig10": "",
            "ipconfig11": "",
            "ipconfig12": "",
            "ipconfig13": "",
            "ipconfig14": "",
            "ipconfig15": "",
            "ipconfig2": "",
            "ipconfig3": "",
            "ipconfig4": "",
            "ipconfig5": "",
            "ipconfig6": "",
            "ipconfig7": "",
            "ipconfig8": "",
            "ipconfig9": "",
            "kvm": true,
            "linked_vmid": 0,
            "machine": "",
            "memory": 2048,
            "name": "netbox",
            "nameserver": "",
            "network": [
              {
                "bridge": "vmbr0",
                "firewall": false,
                "id": 0,
                "link_down": false,
                "macaddr": "2a:86:de:72:08:ff",
                "model": "virtio",
                "mtu": 0,
                "queues": 0,
                "rate": 0,
                "tag": 0
              }
            ],
            "numa": false,
            "onboot": true,
            "os_network_config": null,
            "os_type": "ubuntu",
            "pci": [],
            "pcis": [],
            "pool": "HA-3",
            "protection": false,
            "pxe": null,
            "qemu_os": "other",
            "reboot_required": false,
            "scsihw": "virtio-scsi-pci",
            "searchdomain": "",
            "serial": [
              {
                "id": 0,
                "type": "socket"
              }
            ],
            "skip_ipv4": false,
            "skip_ipv6": false,
            "smbios": [
              {
                "family": "",
                "manufacturer": "",
                "product": "",
                "serial": "",
                "sku": "",
                "uuid": "8e657f3b-a497-4d59-9d31-93548527c51c",
                "version": ""
              }
            ],
            "sockets": 0,
            "ssh_forward_ip": null,
            "ssh_host": "192.168.11.50",
            "ssh_port": "22",
            "ssh_private_key": null,
            "ssh_user": null,
            "sshkeys": "ssh-ed25519 AAAAC3NzaC1lZDI1NTE5AAAAIGBHWpYk7FDrlGcuQF1zYauvWa62Kmwj5Z/C/ksB0eK4 kevin@bessie\nssh-rsa AAAAB3NzaC1yc2EAAAADAQABAAABgQDCfKdycPd96nMVRwU166yImlMSlgjlClJP/JpDx6fUx4xECkpxfiRWyBELTmyFp1loC0ABLL6p86GQEeriABsuOkb9zwOiUTxvJEfwuVPKULvE3kt0nZrQQd0KpGFZ2qbhlTNAUVshU0eYGONevh9AwvjkGLZxakiwIl0XF1X/RzbotYmT7D4hA7yy2/8I97hMTL7a5xSLNMJpfd6rNzq9GwX/o4b06iJjlkyMmgUJevWst4ATb9XAgkJwuuPjXM9dSJi5MwjWYkwH0zCJvutPJ5Z28oy7M1R3+oCbGh+7xNmcOhrCcceV4Z5sq3uYOy/kRR3osCU2pFgirs9TxPwqLHTTiPlcxOvAaACNK9tQDSqI+XwNecBKt4NgvbavI4WgcilqAe3lmUlMskJllEwUi3QrnSGP53LaHu2PRxrPTLfLZI5DKReKzB29FE7ZsMiOCbcTB4SJrBRmxfVB7VSNepqqmLh3RyHb0vRWidKshsz9PXb1Zynpn7nGcbMKxFE= kevin@ansible\nssh-rsa AAAAB3NzaC1yc2EAAAADAQABAAABgQCqAJpgMNAvZsnnWEfg4vqU0LpmhNYN1+Pv9D8op3EGrCUHCmLAE9ur732ycHxBr7oKCe/G4xIV/kHivQglkGT0RrFdSNs5JY8gNo/CRICFVLsuBJPftX6b7pBdpIiEcvUugeqMJccxZ34fkiqE+z78v1T4vYSfTJwdRIiT243vJ/DxxLma3XyJgZTPi+2YTKYGKQsIHYicVeR838+mA/4hpTnRc0Oxqn1JPurhQ5wPptlUgpQCY5wGWn2Y17E8SnOmLq303SIvFdYAwZ8rxNJGm+vMuO4sUibcU4gszKI+wUR8lZtdQ2PihbHCxxF0RRtZIVYxZuy2KJsDsu2NRIxNgTU2k+Op+3igGYckYG2eJ814qScUL/KC3HcpBX2S808sT1QwfI4CxL0C3TWYKLsKqJWHLRahbnd6XPMRwi6EXrFxg5qWDD+RgWUND2Gr+2L2dTST8bvDehWbwUA+DeF2pMMT/QT1E7N9Dv71x+nx2MmiFKku9b8uA/AnngUKBn0= kevin@terraform\nssh-rsa AAAAB3NzaC1yc2EAAAADAQABAAABgQC5x5BmaQDMNAAPUXQ20hfeYzjcH4EenG4db8qPGhlojL5V2838XWNHKAn3+SBSnKDXONjomGB8ZXafILV9hr1BXRKoP/1HOj6IlhujJSk9lDWx5WOvRoZmBeLFuExkLJSlIU62eOAzXvxwHWgCHip947OV1toUy5GpPc+LUri9fHB9b4MV1BiNDA0Ad0rc2fjxQ2HOU5wq+g+zbTKB3HqewjfEdE56/6OHmXvJIXvucOCTFKep7r5nc6KFWt1I7r7eG+uZqDKotyfBHXe9nqh2dXkBYkT6G7+cRZSumhPsa2CMTGzY7aeHjKq1pJ2RYdFkp1jbUo+l2gLw5WPXZ2ugduR8aiwLazAMUN0+dhguMvomB+KbXUJfq1TEEuzdAohbxL6DNhBYXsXbJJwAEM+ovGT66tsl4+MFvjL+wO6X2d60EHfBxcFW0B7OQoE8bl7kg5ZBrobPjzN9g8dkGTwObWk+N9hCSSB+DUzz9osF+Q7gkv4TOWIT4M4WtrqGel8= kevin@fedora\n",
            "startup": "",
            "tablet": true,
            "tags": "",
            "target_node": "nuc3",
            "target_nodes": null,
            "timeouts": null,
            "tpm_state": [],
            "unused_disk": [],
            "usb": [],
            "usbs": [],
            "vcpus": 0,
            "vga": [],
            "vm_state": "running",
            "vmid": 130
          },
          "sensitive_attributes": [
            [
              {
                "type": "get_attr",
                "value": "cipassword"
              }
            ],
            [
              {
                "type": "get_attr",
                "value": "ssh_private_key"
              }
            ]
          ],
          "identity_schema_version": 0,
          "private": "eyJlMmJmYjczMC1lY2FhLTExZTYtOGY4OC0zNDM2M2JjN2M0YzAiOnsiY3JlYXRlIjoxMjAwMDAwMDAwMDAwLCJkZWZhdWx0IjoxMjAwMDAwMDAwMDAwLCJkZWxldGUiOjEyMDAwMDAwMDAwMDAsInJlYWQiOjEyMDAwMDAwMDAwMDAsInVwZGF0ZSI6MTIwMDAwMDAwMDAwMH19"
        }
      ]
    },
    {
      "module": "module.nextcloud",
      "mode": "managed",
      "type": "proxmox_vm_qemu",
      "name": "nextcloud",
      "provider": "module.nextcloud.provider[\"registry.terraform.io/telmate/proxmox\"]",
      "instances": [
        {
          "index_key": 0,
          "schema_version": 0,
          "attributes": {
            "additional_wait": 5,
            "agent": 0,
            "agent_timeout": 90,
            "args": "",
            "automatic_reboot": true,
            "balloon": 0,
            "bios": "seabios",
            "boot": "c",
            "bootdisk": "scsi0",
            "ci_wait": null,
            "cicustom": "",
            "cipassword": "obo74Cle",
            "ciupgrade": false,
            "ciuser": "kevin",
            "clone": "ubuntu-2404-cloud",
            "clone_id": null,
            "clone_wait": 10,
            "cores": 0,
            "cpu": [
              {
                "affinity": "",
                "cores": 4,
                "flags": [],
                "limit": 0,
                "numa": false,
                "sockets": 1,
                "type": "host",
                "units": 0,
                "vcores": 0
              }
            ],
            "cpu_type": "",
            "current_node": "pve",
            "default_ipv4_address": "192.168.11.8",
            "default_ipv6_address": "",
            "define_connection_info": true,
            "desc": "tf description",
            "disk": [],
            "disks": [
              {
                "ide": [
                  {
                    "ide0": [],
                    "ide1": [],
                    "ide2": [
                      {
                        "cdrom": [
                          {
                            "iso": "",
                            "passthrough": false
                          }
                        ],
                        "cloudinit": [],
                        "disk": [],
                        "ignore": false,
                        "passthrough": []
                      }
                    ],
                    "ide3": [
                      {
                        "cdrom": [],
                        "cloudinit": [
                          {
                            "storage": "ceph"
                          }
                        ],
                        "disk": [],
                        "ignore": false,
                        "passthrough": []
                      }
                    ]
                  }
                ],
                "sata": [],
                "scsi": [
                  {
                    "scsi0": [
                      {
                        "cdrom": [],
                        "cloudinit": [],
                        "disk": [
                          {
                            "asyncio": "",
                            "backup": true,
                            "cache": "",
                            "discard": false,
                            "emulatessd": false,
                            "format": "raw",
                            "id": 0,
                            "iops_r_burst": 0,
                            "iops_r_burst_length": 0,
                            "iops_r_concurrent": 0,
                            "iops_wr_burst": 0,
                            "iops_wr_burst_length": 0,
                            "iops_wr_concurrent": 0,
                            "iothread": false,
                            "linked_disk_id": -1,
                            "mbps_r_burst": 0,
                            "mbps_r_concurrent": 0,
                            "mbps_wr_burst": 0,
                            "mbps_wr_concurrent": 0,
                            "readonly": false,
                            "replicate": true,
                            "serial": "",
                            "size": "16G",
                            "storage": "ceph",
                            "wwn": ""
                          }
                        ],
                        "ignore": false,
                        "passthrough": []
                      }
                    ],
                    "scsi1": [],
                    "scsi10": [],
                    "scsi11": [],
                    "scsi12": [],
                    "scsi13": [],
                    "scsi14": [],
                    "scsi15": [],
                    "scsi16": [],
                    "scsi17": [],
                    "scsi18": [],
                    "scsi19": [],
                    "scsi2": [],
                    "scsi20": [],
                    "scsi21": [],
                    "scsi22": [],
                    "scsi23": [],
                    "scsi24": [],
                    "scsi25": [],
                    "scsi26": [],
                    "scsi27": [],
                    "scsi28": [],
                    "scsi29": [],
                    "scsi3": [],
                    "scsi30": [],
                    "scsi4": [],
                    "scsi5": [],
                    "scsi6": [],
                    "scsi7": [],
                    "scsi8": [],
                    "scsi9": []
                  }
                ],
                "virtio": []
              }
            ],
            "efidisk": [],
            "force_create": false,
            "force_recreate_on_change_of": null,
            "full_clone": true,
            "hagroup": "",
            "hastate": "",
            "hostpci": [],
            "hotplug": "network,disk,usb",
            "id": "pve/qemu/112",
            "ipconfig0": "ip=192.168.11.8/24,gw=192.168.11.1",
            "ipconfig1": "",
            "ipconfig10": "",
            "ipconfig11": "",
            "ipconfig12": "",
            "ipconfig13": "",
            "ipconfig14": "",
            "ipconfig15": "",
            "ipconfig2": "",
            "ipconfig3": "",
            "ipconfig4": "",
            "ipconfig5": "",
            "ipconfig6": "",
            "ipconfig7": "",
            "ipconfig8": "",
            "ipconfig9": "",
            "kvm": true,
            "linked_vmid": 0,
            "machine": "",
            "memory": 4096,
            "name": "nextcloud",
            "nameserver": "",
            "network": [
              {
                "bridge": "vmbr0",
                "firewall": false,
                "id": 0,
                "link_down": false,
                "macaddr": "a2:63:20:9a:a3:60",
                "model": "virtio",
                "mtu": 0,
                "queues": 0,
                "rate": 0,
                "tag": 0
              }
            ],
            "numa": false,
            "onboot": true,
            "os_network_config": null,
            "os_type": "ubuntu",
            "pci": [],
            "pcis": [],
            "pool": "personal",
            "protection": false,
            "pxe": null,
            "qemu_os": "other",
            "reboot_required": false,
            "scsihw": "virtio-scsi-pci",
            "searchdomain": "",
            "serial": [
              {
                "id": 0,
                "type": "socket"
              }
            ],
            "skip_ipv4": false,
            "skip_ipv6": false,
            "smbios": [
              {
                "family": "",
                "manufacturer": "",
                "product": "",
                "serial": "",
                "sku": "",
                "uuid": "d2982cf7-10fc-46e4-a530-8787dc50cf75",
                "version": ""
              }
            ],
            "sockets": 0,
            "ssh_forward_ip": null,
            "ssh_host": "192.168.11.8",
            "ssh_port": "22",
            "ssh_private_key": null,
            "ssh_user": null,
            "sshkeys": "ssh-ed25519 AAAAC3NzaC1lZDI1NTE5AAAAIGBHWpYk7FDrlGcuQF1zYauvWa62Kmwj5Z/C/ksB0eK4 kevin@bessie\nssh-rsa AAAAB3NzaC1yc2EAAAADAQABAAABgQDCfKdycPd96nMVRwU166yImlMSlgjlClJP/JpDx6fUx4xECkpxfiRWyBELTmyFp1loC0ABLL6p86GQEeriABsuOkb9zwOiUTxvJEfwuVPKULvE3kt0nZrQQd0KpGFZ2qbhlTNAUVshU0eYGONevh9AwvjkGLZxakiwIl0XF1X/RzbotYmT7D4hA7yy2/8I97hMTL7a5xSLNMJpfd6rNzq9GwX/o4b06iJjlkyMmgUJevWst4ATb9XAgkJwuuPjXM9dSJi5MwjWYkwH0zCJvutPJ5Z28oy7M1R3+oCbGh+7xNmcOhrCcceV4Z5sq3uYOy/kRR3osCU2pFgirs9TxPwqLHTTiPlcxOvAaACNK9tQDSqI+XwNecBKt4NgvbavI4WgcilqAe3lmUlMskJllEwUi3QrnSGP53LaHu2PRxrPTLfLZI5DKReKzB29FE7ZsMiOCbcTB4SJrBRmxfVB7VSNepqqmLh3RyHb0vRWidKshsz9PXb1Zynpn7nGcbMKxFE= kevin@ansible\nssh-rsa AAAAB3NzaC1yc2EAAAADAQABAAABgQCqAJpgMNAvZsnnWEfg4vqU0LpmhNYN1+Pv9D8op3EGrCUHCmLAE9ur732ycHxBr7oKCe/G4xIV/kHivQglkGT0RrFdSNs5JY8gNo/CRICFVLsuBJPftX6b7pBdpIiEcvUugeqMJccxZ34fkiqE+z78v1T4vYSfTJwdRIiT243vJ/DxxLma3XyJgZTPi+2YTKYGKQsIHYicVeR838+mA/4hpTnRc0Oxqn1JPurhQ5wPptlUgpQCY5wGWn2Y17E8SnOmLq303SIvFdYAwZ8rxNJGm+vMuO4sUibcU4gszKI+wUR8lZtdQ2PihbHCxxF0RRtZIVYxZuy2KJsDsu2NRIxNgTU2k+Op+3igGYckYG2eJ814qScUL/KC3HcpBX2S808sT1QwfI4CxL0C3TWYKLsKqJWHLRahbnd6XPMRwi6EXrFxg5qWDD+RgWUND2Gr+2L2dTST8bvDehWbwUA+DeF2pMMT/QT1E7N9Dv71x+nx2MmiFKku9b8uA/AnngUKBn0= kevin@terraform\nssh-rsa AAAAB3NzaC1yc2EAAAADAQABAAABgQC5x5BmaQDMNAAPUXQ20hfeYzjcH4EenG4db8qPGhlojL5V2838XWNHKAn3+SBSnKDXONjomGB8ZXafILV9hr1BXRKoP/1HOj6IlhujJSk9lDWx5WOvRoZmBeLFuExkLJSlIU62eOAzXvxwHWgCHip947OV1toUy5GpPc+LUri9fHB9b4MV1BiNDA0Ad0rc2fjxQ2HOU5wq+g+zbTKB3HqewjfEdE56/6OHmXvJIXvucOCTFKep7r5nc6KFWt1I7r7eG+uZqDKotyfBHXe9nqh2dXkBYkT6G7+cRZSumhPsa2CMTGzY7aeHjKq1pJ2RYdFkp1jbUo+l2gLw5WPXZ2ugduR8aiwLazAMUN0+dhguMvomB+KbXUJfq1TEEuzdAohbxL6DNhBYXsXbJJwAEM+ovGT66tsl4+MFvjL+wO6X2d60EHfBxcFW0B7OQoE8bl7kg5ZBrobPjzN9g8dkGTwObWk+N9hCSSB+DUzz9osF+Q7gkv4TOWIT4M4WtrqGel8= kevin@fedora\n",
            "startup": "",
            "tablet": true,
            "tags": "",
            "target_node": "pve",
            "target_nodes": null,
            "timeouts": null,
            "tpm_state": [],
            "unused_disk": [],
            "usb": [],
            "usbs": [],
            "vcpus": 0,
            "vga": [],
            "vm_state": "running",
            "vmid": 112
          },
          "sensitive_attributes": [
            [
              {
                "type": "get_attr",
                "value": "cipassword"
              }
            ],
            [
              {
                "type": "get_attr",
                "value": "ssh_private_key"
              }
            ]
          ],
          "identity_schema_version": 0,
          "private": "eyJlMmJmYjczMC1lY2FhLTExZTYtOGY4OC0zNDM2M2JjN2M0YzAiOnsiY3JlYXRlIjoxMjAwMDAwMDAwMDAwLCJkZWZhdWx0IjoxMjAwMDAwMDAwMDAwLCJkZWxldGUiOjEyMDAwMDAwMDAwMDAsInJlYWQiOjEyMDAwMDAwMDAwMDAsInVwZGF0ZSI6MTIwMDAwMDAwMDAwMH19"
        }
      ]
    },
    {
      "module": "module.pihole1",
      "mode": "managed",
      "type": "proxmox_vm_qemu",
      "name": "pihole1",
      "provider": "module.pihole1.provider[\"registry.terraform.io/telmate/proxmox\"]",
      "instances": [
        {
          "index_key": 0,
          "schema_version": 0,
          "attributes": {
            "additional_wait": 5,
            "agent": 0,
            "agent_timeout": 90,
            "args": "",
            "automatic_reboot": true,
            "balloon": 0,
            "bios": "seabios",
            "boot": "c",
            "bootdisk": "scsi0",
            "ci_wait": null,
            "cicustom": "",
            "cipassword": "obo74Cle",
            "ciupgrade": false,
            "ciuser": "kevin",
            "clone": "ubuntu-2404-cloud",
            "clone_id": null,
            "clone_wait": 10,
            "cores": 0,
            "cpu": [
              {
                "affinity": "",
                "cores": 1,
                "flags": [],
                "limit": 0,
                "numa": false,
                "sockets": 1,
                "type": "host",
                "units": 0,
                "vcores": 0
              }
            ],
            "cpu_type": "",
            "current_node": "nuc1",
            "default_ipv4_address": "192.168.11.90",
            "default_ipv6_address": "",
            "define_connection_info": true,
            "desc": "tf description",
            "disk": [],
            "disks": [
              {
                "ide": [
                  {
                    "ide0": [],
                    "ide1": [],
                    "ide2": [
                      {
                        "cdrom": [
                          {
                            "iso": "",
                            "passthrough": false
                          }
                        ],
                        "cloudinit": [],
                        "disk": [],
                        "ignore": false,
                        "passthrough": []
                      }
                    ],
                    "ide3": [
                      {
                        "cdrom": [],
                        "cloudinit": [
                          {
                            "storage": "ceph"
                          }
                        ],
                        "disk": [],
                        "ignore": false,
                        "passthrough": []
                      }
                    ]
                  }
                ],
                "sata": [],
                "scsi": [
                  {
                    "scsi0": [
                      {
                        "cdrom": [],
                        "cloudinit": [],
                        "disk": [
                          {
                            "asyncio": "",
                            "backup": true,
                            "cache": "",
                            "discard": false,
                            "emulatessd": false,
                            "format": "raw",
                            "id": 0,
                            "iops_r_burst": 0,
                            "iops_r_burst_length": 0,
                            "iops_r_concurrent": 0,
                            "iops_wr_burst": 0,
                            "iops_wr_burst_length": 0,
                            "iops_wr_concurrent": 0,
                            "iothread": false,
                            "linked_disk_id": -1,
                            "mbps_r_burst": 0,
                            "mbps_r_concurrent": 0,
                            "mbps_wr_burst": 0,
                            "mbps_wr_concurrent": 0,
                            "readonly": false,
                            "replicate": true,
                            "serial": "",
                            "size": "8G",
                            "storage": "ceph",
                            "wwn": ""
                          }
                        ],
                        "ignore": false,
                        "passthrough": []
                      }
                    ],
                    "scsi1": [],
                    "scsi10": [],
                    "scsi11": [],
                    "scsi12": [],
                    "scsi13": [],
                    "scsi14": [],
                    "scsi15": [],
                    "scsi16": [],
                    "scsi17": [],
                    "scsi18": [],
                    "scsi19": [],
                    "scsi2": [],
                    "scsi20": [],
                    "scsi21": [],
                    "scsi22": [],
                    "scsi23": [],
                    "scsi24": [],
                    "scsi25": [],
                    "scsi26": [],
                    "scsi27": [],
                    "scsi28": [],
                    "scsi29": [],
                    "scsi3": [],
                    "scsi30": [],
                    "scsi4": [],
                    "scsi5": [],
                    "scsi6": [],
                    "scsi7": [],
                    "scsi8": [],
                    "scsi9": []
                  }
                ],
                "virtio": []
              }
            ],
            "efidisk": [],
            "force_create": false,
            "force_recreate_on_change_of": null,
            "full_clone": true,
            "hagroup": "",
            "hastate": "",
            "hostpci": [],
            "hotplug": "network,disk,usb",
            "id": "nuc1/qemu/101",
            "ipconfig0": "ip=192.168.11.90/24,gw=192.168.11.1",
            "ipconfig1": "",
            "ipconfig10": "",
            "ipconfig11": "",
            "ipconfig12": "",
            "ipconfig13": "",
            "ipconfig14": "",
            "ipconfig15": "",
            "ipconfig2": "",
            "ipconfig3": "",
            "ipconfig4": "",
            "ipconfig5": "",
            "ipconfig6": "",
            "ipconfig7": "",
            "ipconfig8": "",
            "ipconfig9": "",
            "kvm": true,
            "linked_vmid": 0,
            "machine": "",
            "memory": 1024,
            "name": "pihole1",
            "nameserver": "",
            "network": [
              {
                "bridge": "vmbr0",
                "firewall": false,
                "id": 0,
                "link_down": false,
                "macaddr": "22:df:2f:ac:6f:c8",
                "model": "virtio",
                "mtu": 0,
                "queues": 0,
                "rate": 0,
                "tag": 0
              }
            ],
            "numa": false,
            "onboot": true,
            "os_network_config": null,
            "os_type": "ubuntu",
            "pci": [],
            "pcis": [],
            "pool": "HA-1",
            "protection": false,
            "pxe": null,
            "qemu_os": "other",
            "reboot_required": false,
            "scsihw": "virtio-scsi-pci",
            "searchdomain": "",
            "serial": [
              {
                "id": 0,
                "type": "socket"
              }
            ],
            "skip_ipv4": false,
            "skip_ipv6": false,
            "smbios": [
              {
                "family": "",
                "manufacturer": "",
                "product": "",
                "serial": "",
                "sku": "",
                "uuid": "0eb0168e-6b1c-4f38-89e1-3a9663aaf730",
                "version": ""
              }
            ],
            "sockets": 0,
            "ssh_forward_ip": null,
            "ssh_host": "192.168.11.90",
            "ssh_port": "22",
            "ssh_private_key": null,
            "ssh_user": null,
            "sshkeys": "ssh-ed25519 AAAAC3NzaC1lZDI1NTE5AAAAIGBHWpYk7FDrlGcuQF1zYauvWa62Kmwj5Z/C/ksB0eK4 kevin@bessie\nssh-rsa AAAAB3NzaC1yc2EAAAADAQABAAABgQDCfKdycPd96nMVRwU166yImlMSlgjlClJP/JpDx6fUx4xECkpxfiRWyBELTmyFp1loC0ABLL6p86GQEeriABsuOkb9zwOiUTxvJEfwuVPKULvE3kt0nZrQQd0KpGFZ2qbhlTNAUVshU0eYGONevh9AwvjkGLZxakiwIl0XF1X/RzbotYmT7D4hA7yy2/8I97hMTL7a5xSLNMJpfd6rNzq9GwX/o4b06iJjlkyMmgUJevWst4ATb9XAgkJwuuPjXM9dSJi5MwjWYkwH0zCJvutPJ5Z28oy7M1R3+oCbGh+7xNmcOhrCcceV4Z5sq3uYOy/kRR3osCU2pFgirs9TxPwqLHTTiPlcxOvAaACNK9tQDSqI+XwNecBKt4NgvbavI4WgcilqAe3lmUlMskJllEwUi3QrnSGP53LaHu2PRxrPTLfLZI5DKReKzB29FE7ZsMiOCbcTB4SJrBRmxfVB7VSNepqqmLh3RyHb0vRWidKshsz9PXb1Zynpn7nGcbMKxFE= kevin@ansible\nssh-rsa AAAAB3NzaC1yc2EAAAADAQABAAABgQCqAJpgMNAvZsnnWEfg4vqU0LpmhNYN1+Pv9D8op3EGrCUHCmLAE9ur732ycHxBr7oKCe/G4xIV/kHivQglkGT0RrFdSNs5JY8gNo/CRICFVLsuBJPftX6b7pBdpIiEcvUugeqMJccxZ34fkiqE+z78v1T4vYSfTJwdRIiT243vJ/DxxLma3XyJgZTPi+2YTKYGKQsIHYicVeR838+mA/4hpTnRc0Oxqn1JPurhQ5wPptlUgpQCY5wGWn2Y17E8SnOmLq303SIvFdYAwZ8rxNJGm+vMuO4sUibcU4gszKI+wUR8lZtdQ2PihbHCxxF0RRtZIVYxZuy2KJsDsu2NRIxNgTU2k+Op+3igGYckYG2eJ814qScUL/KC3HcpBX2S808sT1QwfI4CxL0C3TWYKLsKqJWHLRahbnd6XPMRwi6EXrFxg5qWDD+RgWUND2Gr+2L2dTST8bvDehWbwUA+DeF2pMMT/QT1E7N9Dv71x+nx2MmiFKku9b8uA/AnngUKBn0= kevin@terraform\nssh-rsa AAAAB3NzaC1yc2EAAAADAQABAAABgQC5x5BmaQDMNAAPUXQ20hfeYzjcH4EenG4db8qPGhlojL5V2838XWNHKAn3+SBSnKDXONjomGB8ZXafILV9hr1BXRKoP/1HOj6IlhujJSk9lDWx5WOvRoZmBeLFuExkLJSlIU62eOAzXvxwHWgCHip947OV1toUy5GpPc+LUri9fHB9b4MV1BiNDA0Ad0rc2fjxQ2HOU5wq+g+zbTKB3HqewjfEdE56/6OHmXvJIXvucOCTFKep7r5nc6KFWt1I7r7eG+uZqDKotyfBHXe9nqh2dXkBYkT6G7+cRZSumhPsa2CMTGzY7aeHjKq1pJ2RYdFkp1jbUo+l2gLw5WPXZ2ugduR8aiwLazAMUN0+dhguMvomB+KbXUJfq1TEEuzdAohbxL6DNhBYXsXbJJwAEM+ovGT66tsl4+MFvjL+wO6X2d60EHfBxcFW0B7OQoE8bl7kg5ZBrobPjzN9g8dkGTwObWk+N9hCSSB+DUzz9osF+Q7gkv4TOWIT4M4WtrqGel8= kevin@fedora\n",
            "startup": "",
            "tablet": true,
            "tags": "",
            "target_node": "nuc1",
            "target_nodes": null,
            "timeouts": null,
            "tpm_state": [],
            "unused_disk": [],
            "usb": [],
            "usbs": [],
            "vcpus": 0,
            "vga": [],
            "vm_state": "running",
            "vmid": 101
          },
          "sensitive_attributes": [
            [
              {
                "type": "get_attr",
                "value": "cipassword"
              }
            ],
            [
              {
                "type": "get_attr",
                "value": "ssh_private_key"
              }
            ]
          ],
          "identity_schema_version": 0,
          "private": "eyJlMmJmYjczMC1lY2FhLTExZTYtOGY4OC0zNDM2M2JjN2M0YzAiOnsiY3JlYXRlIjoxMjAwMDAwMDAwMDAwLCJkZWZhdWx0IjoxMjAwMDAwMDAwMDAwLCJkZWxldGUiOjEyMDAwMDAwMDAwMDAsInJlYWQiOjEyMDAwMDAwMDAwMDAsInVwZGF0ZSI6MTIwMDAwMDAwMDAwMH19"
        }
      ]
    },
    {
      "module": "module.pihole2",
      "mode": "managed",
      "type": "proxmox_vm_qemu",
      "name": "pihole2",
      "provider": "module.pihole2.provider[\"registry.terraform.io/telmate/proxmox\"]",
      "instances": [
        {
          "index_key": 0,
          "schema_version": 0,
          "attributes": {
            "additional_wait": 5,
            "agent": 0,
            "agent_timeout": 90,
            "args": "",
            "automatic_reboot": true,
            "balloon": 0,
            "bios": "seabios",
            "boot": "c",
            "bootdisk": "scsi0",
            "ci_wait": null,
            "cicustom": "",
            "cipassword": "obo74Cle",
            "ciupgrade": false,
            "ciuser": "kevin",
            "clone": "ubuntu-2404-cloud",
            "clone_id": null,
            "clone_wait": 10,
            "cores": 0,
            "cpu": [
              {
                "affinity": "",
                "cores": 1,
                "flags": [],
                "limit": 0,
                "numa": false,
                "sockets": 1,
                "type": "host",
                "units": 0,
                "vcores": 0
              }
            ],
            "cpu_type": "",
            "current_node": "nuc2",
            "default_ipv4_address": "192.168.11.91",
            "default_ipv6_address": "",
            "define_connection_info": true,
            "desc": "tf description",
            "disk": [],
            "disks": [
              {
                "ide": [
                  {
                    "ide0": [],
                    "ide1": [],
                    "ide2": [
                      {
                        "cdrom": [
                          {
                            "iso": "",
                            "passthrough": false
                          }
                        ],
                        "cloudinit": [],
                        "disk": [],
                        "ignore": false,
                        "passthrough": []
                      }
                    ],
                    "ide3": [
                      {
                        "cdrom": [],
                        "cloudinit": [
                          {
                            "storage": "ceph"
                          }
                        ],
                        "disk": [],
                        "ignore": false,
                        "passthrough": []
                      }
                    ]
                  }
                ],
                "sata": [],
                "scsi": [
                  {
                    "scsi0": [
                      {
                        "cdrom": [],
                        "cloudinit": [],
                        "disk": [
                          {
                            "asyncio": "",
                            "backup": true,
                            "cache": "",
                            "discard": false,
                            "emulatessd": false,
                            "format": "raw",
                            "id": 0,
                            "iops_r_burst": 0,
                            "iops_r_burst_length": 0,
                            "iops_r_concurrent": 0,
                            "iops_wr_burst": 0,
                            "iops_wr_burst_length": 0,
                            "iops_wr_concurrent": 0,
                            "iothread": false,
                            "linked_disk_id": -1,
                            "mbps_r_burst": 0,
                            "mbps_r_concurrent": 0,
                            "mbps_wr_burst": 0,
                            "mbps_wr_concurrent": 0,
                            "readonly": false,
                            "replicate": true,
                            "serial": "",
                            "size": "8G",
                            "storage": "ceph",
                            "wwn": ""
                          }
                        ],
                        "ignore": false,
                        "passthrough": []
                      }
                    ],
                    "scsi1": [],
                    "scsi10": [],
                    "scsi11": [],
                    "scsi12": [],
                    "scsi13": [],
                    "scsi14": [],
                    "scsi15": [],
                    "scsi16": [],
                    "scsi17": [],
                    "scsi18": [],
                    "scsi19": [],
                    "scsi2": [],
                    "scsi20": [],
                    "scsi21": [],
                    "scsi22": [],
                    "scsi23": [],
                    "scsi24": [],
                    "scsi25": [],
                    "scsi26": [],
                    "scsi27": [],
                    "scsi28": [],
                    "scsi29": [],
                    "scsi3": [],
                    "scsi30": [],
                    "scsi4": [],
                    "scsi5": [],
                    "scsi6": [],
                    "scsi7": [],
                    "scsi8": [],
                    "scsi9": []
                  }
                ],
                "virtio": []
              }
            ],
            "efidisk": [],
            "force_create": false,
            "force_recreate_on_change_of": null,
            "full_clone": true,
            "hagroup": "",
            "hastate": "",
            "hostpci": [],
            "hotplug": "network,disk,usb",
            "id": "nuc2/qemu/117",
            "ipconfig0": "ip=192.168.11.91/24,gw=192.168.11.1",
            "ipconfig1": "",
            "ipconfig10": "",
            "ipconfig11": "",
            "ipconfig12": "",
            "ipconfig13": "",
            "ipconfig14": "",
            "ipconfig15": "",
            "ipconfig2": "",
            "ipconfig3": "",
            "ipconfig4": "",
            "ipconfig5": "",
            "ipconfig6": "",
            "ipconfig7": "",
            "ipconfig8": "",
            "ipconfig9": "",
            "kvm": true,
            "linked_vmid": 0,
            "machine": "",
            "memory": 1024,
            "name": "pihole2",
            "nameserver": "",
            "network": [
              {
                "bridge": "vmbr0",
                "firewall": false,
                "id": 0,
                "link_down": false,
                "macaddr": "66:95:e7:09:27:5e",
                "model": "virtio",
                "mtu": 0,
                "queues": 0,
                "rate": 0,
                "tag": 0
              }
            ],
            "numa": false,
            "onboot": true,
            "os_network_config": null,
            "os_type": "ubuntu",
            "pci": [],
            "pcis": [],
            "pool": "HA-2",
            "protection": false,
            "pxe": null,
            "qemu_os": "other",
            "reboot_required": false,
            "scsihw": "virtio-scsi-pci",
            "searchdomain": "",
            "serial": [
              {
                "id": 0,
                "type": "socket"
              }
            ],
            "skip_ipv4": false,
            "skip_ipv6": false,
            "smbios": [
              {
                "family": "",
                "manufacturer": "",
                "product": "",
                "serial": "",
                "sku": "",
                "uuid": "5eb064a5-61ca-4fdb-bc4a-3f6332b80fc4",
                "version": ""
              }
            ],
            "sockets": 0,
            "ssh_forward_ip": null,
            "ssh_host": "192.168.11.91",
            "ssh_port": "22",
            "ssh_private_key": null,
            "ssh_user": null,
            "sshkeys": "ssh-ed25519 AAAAC3NzaC1lZDI1NTE5AAAAIGBHWpYk7FDrlGcuQF1zYauvWa62Kmwj5Z/C/ksB0eK4 kevin@bessie\nssh-rsa AAAAB3NzaC1yc2EAAAADAQABAAABgQDCfKdycPd96nMVRwU166yImlMSlgjlClJP/JpDx6fUx4xECkpxfiRWyBELTmyFp1loC0ABLL6p86GQEeriABsuOkb9zwOiUTxvJEfwuVPKULvE3kt0nZrQQd0KpGFZ2qbhlTNAUVshU0eYGONevh9AwvjkGLZxakiwIl0XF1X/RzbotYmT7D4hA7yy2/8I97hMTL7a5xSLNMJpfd6rNzq9GwX/o4b06iJjlkyMmgUJevWst4ATb9XAgkJwuuPjXM9dSJi5MwjWYkwH0zCJvutPJ5Z28oy7M1R3+oCbGh+7xNmcOhrCcceV4Z5sq3uYOy/kRR3osCU2pFgirs9TxPwqLHTTiPlcxOvAaACNK9tQDSqI+XwNecBKt4NgvbavI4WgcilqAe3lmUlMskJllEwUi3QrnSGP53LaHu2PRxrPTLfLZI5DKReKzB29FE7ZsMiOCbcTB4SJrBRmxfVB7VSNepqqmLh3RyHb0vRWidKshsz9PXb1Zynpn7nGcbMKxFE= kevin@ansible\nssh-rsa AAAAB3NzaC1yc2EAAAADAQABAAABgQCqAJpgMNAvZsnnWEfg4vqU0LpmhNYN1+Pv9D8op3EGrCUHCmLAE9ur732ycHxBr7oKCe/G4xIV/kHivQglkGT0RrFdSNs5JY8gNo/CRICFVLsuBJPftX6b7pBdpIiEcvUugeqMJccxZ34fkiqE+z78v1T4vYSfTJwdRIiT243vJ/DxxLma3XyJgZTPi+2YTKYGKQsIHYicVeR838+mA/4hpTnRc0Oxqn1JPurhQ5wPptlUgpQCY5wGWn2Y17E8SnOmLq303SIvFdYAwZ8rxNJGm+vMuO4sUibcU4gszKI+wUR8lZtdQ2PihbHCxxF0RRtZIVYxZuy2KJsDsu2NRIxNgTU2k+Op+3igGYckYG2eJ814qScUL/KC3HcpBX2S808sT1QwfI4CxL0C3TWYKLsKqJWHLRahbnd6XPMRwi6EXrFxg5qWDD+RgWUND2Gr+2L2dTST8bvDehWbwUA+DeF2pMMT/QT1E7N9Dv71x+nx2MmiFKku9b8uA/AnngUKBn0= kevin@terraform\nssh-rsa AAAAB3NzaC1yc2EAAAADAQABAAABgQC5x5BmaQDMNAAPUXQ20hfeYzjcH4EenG4db8qPGhlojL5V2838XWNHKAn3+SBSnKDXONjomGB8ZXafILV9hr1BXRKoP/1HOj6IlhujJSk9lDWx5WOvRoZmBeLFuExkLJSlIU62eOAzXvxwHWgCHip947OV1toUy5GpPc+LUri9fHB9b4MV1BiNDA0Ad0rc2fjxQ2HOU5wq+g+zbTKB3HqewjfEdE56/6OHmXvJIXvucOCTFKep7r5nc6KFWt1I7r7eG+uZqDKotyfBHXe9nqh2dXkBYkT6G7+cRZSumhPsa2CMTGzY7aeHjKq1pJ2RYdFkp1jbUo+l2gLw5WPXZ2ugduR8aiwLazAMUN0+dhguMvomB+KbXUJfq1TEEuzdAohbxL6DNhBYXsXbJJwAEM+ovGT66tsl4+MFvjL+wO6X2d60EHfBxcFW0B7OQoE8bl7kg5ZBrobPjzN9g8dkGTwObWk+N9hCSSB+DUzz9osF+Q7gkv4TOWIT4M4WtrqGel8= kevin@fedora\n",
            "startup": "",
            "tablet": true,
            "tags": "",
            "target_node": "nuc2",
            "target_nodes": null,
            "timeouts": null,
            "tpm_state": [],
            "unused_disk": [],
            "usb": [],
            "usbs": [],
            "vcpus": 0,
            "vga": [],
            "vm_state": "running",
            "vmid": 117
          },
          "sensitive_attributes": [
            [
              {
                "type": "get_attr",
                "value": "cipassword"
              }
            ],
            [
              {
                "type": "get_attr",
                "value": "ssh_private_key"
              }
            ]
          ],
          "identity_schema_version": 0,
          "private": "eyJlMmJmYjczMC1lY2FhLTExZTYtOGY4OC0zNDM2M2JjN2M0YzAiOnsiY3JlYXRlIjoxMjAwMDAwMDAwMDAwLCJkZWZhdWx0IjoxMjAwMDAwMDAwMDAwLCJkZWxldGUiOjEyMDAwMDAwMDAwMDAsInJlYWQiOjEyMDAwMDAwMDAwMDAsInVwZGF0ZSI6MTIwMDAwMDAwMDAwMH19"
        }
      ]
    },
    {
      "module": "module.pihole3",
      "mode": "managed",
      "type": "proxmox_vm_qemu",
      "name": "pihole3",
      "provider": "module.pihole3.provider[\"registry.terraform.io/telmate/proxmox\"]",
      "instances": [
        {
          "index_key": 0,
          "schema_version": 0,
          "attributes": {
            "additional_wait": 5,
            "agent": 0,
            "agent_timeout": 90,
            "args": "",
            "automatic_reboot": true,
            "balloon": 0,
            "bios": "seabios",
            "boot": "c",
            "bootdisk": "scsi0",
            "ci_wait": null,
            "cicustom": "",
            "cipassword": "obo74Cle",
            "ciupgrade": false,
            "ciuser": "kevin",
            "clone": "ubuntu-2404-cloud",
            "clone_id": null,
            "clone_wait": 10,
            "cores": 0,
            "cpu": [
              {
                "affinity": "",
                "cores": 1,
                "flags": [],
                "limit": 0,
                "numa": false,
                "sockets": 1,
                "type": "host",
                "units": 0,
                "vcores": 0
              }
            ],
            "cpu_type": "",
            "current_node": "nuc3",
            "default_ipv4_address": "192.168.11.92",
            "default_ipv6_address": "",
            "define_connection_info": true,
            "desc": "tf description",
            "disk": [],
            "disks": [
              {
                "ide": [
                  {
                    "ide0": [],
                    "ide1": [],
                    "ide2": [
                      {
                        "cdrom": [
                          {
                            "iso": "",
                            "passthrough": false
                          }
                        ],
                        "cloudinit": [],
                        "disk": [],
                        "ignore": false,
                        "passthrough": []
                      }
                    ],
                    "ide3": [
                      {
                        "cdrom": [],
                        "cloudinit": [
                          {
                            "storage": "ceph"
                          }
                        ],
                        "disk": [],
                        "ignore": false,
                        "passthrough": []
                      }
                    ]
                  }
                ],
                "sata": [],
                "scsi": [
                  {
                    "scsi0": [
                      {
                        "cdrom": [],
                        "cloudinit": [],
                        "disk": [
                          {
                            "asyncio": "",
                            "backup": true,
                            "cache": "",
                            "discard": false,
                            "emulatessd": false,
                            "format": "raw",
                            "id": 0,
                            "iops_r_burst": 0,
                            "iops_r_burst_length": 0,
                            "iops_r_concurrent": 0,
                            "iops_wr_burst": 0,
                            "iops_wr_burst_length": 0,
                            "iops_wr_concurrent": 0,
                            "iothread": false,
                            "linked_disk_id": -1,
                            "mbps_r_burst": 0,
                            "mbps_r_concurrent": 0,
                            "mbps_wr_burst": 0,
                            "mbps_wr_concurrent": 0,
                            "readonly": false,
                            "replicate": true,
                            "serial": "",
                            "size": "8G",
                            "storage": "ceph",
                            "wwn": ""
                          }
                        ],
                        "ignore": false,
                        "passthrough": []
                      }
                    ],
                    "scsi1": [],
                    "scsi10": [],
                    "scsi11": [],
                    "scsi12": [],
                    "scsi13": [],
                    "scsi14": [],
                    "scsi15": [],
                    "scsi16": [],
                    "scsi17": [],
                    "scsi18": [],
                    "scsi19": [],
                    "scsi2": [],
                    "scsi20": [],
                    "scsi21": [],
                    "scsi22": [],
                    "scsi23": [],
                    "scsi24": [],
                    "scsi25": [],
                    "scsi26": [],
                    "scsi27": [],
                    "scsi28": [],
                    "scsi29": [],
                    "scsi3": [],
                    "scsi30": [],
                    "scsi4": [],
                    "scsi5": [],
                    "scsi6": [],
                    "scsi7": [],
                    "scsi8": [],
                    "scsi9": []
                  }
                ],
                "virtio": []
              }
            ],
            "efidisk": [],
            "force_create": false,
            "force_recreate_on_change_of": null,
            "full_clone": true,
            "hagroup": "",
            "hastate": "",
            "hostpci": [],
            "hotplug": "network,disk,usb",
            "id": "nuc3/qemu/104",
            "ipconfig0": "ip=192.168.11.92/24,gw=192.168.11.1",
            "ipconfig1": "",
            "ipconfig10": "",
            "ipconfig11": "",
            "ipconfig12": "",
            "ipconfig13": "",
            "ipconfig14": "",
            "ipconfig15": "",
            "ipconfig2": "",
            "ipconfig3": "",
            "ipconfig4": "",
            "ipconfig5": "",
            "ipconfig6": "",
            "ipconfig7": "",
            "ipconfig8": "",
            "ipconfig9": "",
            "kvm": true,
            "linked_vmid": 0,
            "machine": "",
            "memory": 1024,
            "name": "pihole3",
            "nameserver": "",
            "network": [
              {
                "bridge": "vmbr0",
                "firewall": false,
                "id": 0,
                "link_down": false,
                "macaddr": "62:f3:4b:80:26:fd",
                "model": "virtio",
                "mtu": 0,
                "queues": 0,
                "rate": 0,
                "tag": 0
              }
            ],
            "numa": false,
            "onboot": true,
            "os_network_config": null,
            "os_type": "ubuntu",
            "pci": [],
            "pcis": [],
            "pool": "HA-3",
            "protection": false,
            "pxe": null,
            "qemu_os": "other",
            "reboot_required": false,
            "scsihw": "virtio-scsi-pci",
            "searchdomain": "",
            "serial": [
              {
                "id": 0,
                "type": "socket"
              }
            ],
            "skip_ipv4": false,
            "skip_ipv6": false,
            "smbios": [
              {
                "family": "",
                "manufacturer": "",
                "product": "",
                "serial": "",
                "sku": "",
                "uuid": "4be1eb7a-6000-4126-8fe7-12a8ed2e8446",
                "version": ""
              }
            ],
            "sockets": 0,
            "ssh_forward_ip": null,
            "ssh_host": "192.168.11.92",
            "ssh_port": "22",
            "ssh_private_key": null,
            "ssh_user": null,
            "sshkeys": "ssh-ed25519 AAAAC3NzaC1lZDI1NTE5AAAAIGBHWpYk7FDrlGcuQF1zYauvWa62Kmwj5Z/C/ksB0eK4 kevin@bessie\nssh-rsa AAAAB3NzaC1yc2EAAAADAQABAAABgQDCfKdycPd96nMVRwU166yImlMSlgjlClJP/JpDx6fUx4xECkpxfiRWyBELTmyFp1loC0ABLL6p86GQEeriABsuOkb9zwOiUTxvJEfwuVPKULvE3kt0nZrQQd0KpGFZ2qbhlTNAUVshU0eYGONevh9AwvjkGLZxakiwIl0XF1X/RzbotYmT7D4hA7yy2/8I97hMTL7a5xSLNMJpfd6rNzq9GwX/o4b06iJjlkyMmgUJevWst4ATb9XAgkJwuuPjXM9dSJi5MwjWYkwH0zCJvutPJ5Z28oy7M1R3+oCbGh+7xNmcOhrCcceV4Z5sq3uYOy/kRR3osCU2pFgirs9TxPwqLHTTiPlcxOvAaACNK9tQDSqI+XwNecBKt4NgvbavI4WgcilqAe3lmUlMskJllEwUi3QrnSGP53LaHu2PRxrPTLfLZI5DKReKzB29FE7ZsMiOCbcTB4SJrBRmxfVB7VSNepqqmLh3RyHb0vRWidKshsz9PXb1Zynpn7nGcbMKxFE= kevin@ansible\nssh-rsa AAAAB3NzaC1yc2EAAAADAQABAAABgQCqAJpgMNAvZsnnWEfg4vqU0LpmhNYN1+Pv9D8op3EGrCUHCmLAE9ur732ycHxBr7oKCe/G4xIV/kHivQglkGT0RrFdSNs5JY8gNo/CRICFVLsuBJPftX6b7pBdpIiEcvUugeqMJccxZ34fkiqE+z78v1T4vYSfTJwdRIiT243vJ/DxxLma3XyJgZTPi+2YTKYGKQsIHYicVeR838+mA/4hpTnRc0Oxqn1JPurhQ5wPptlUgpQCY5wGWn2Y17E8SnOmLq303SIvFdYAwZ8rxNJGm+vMuO4sUibcU4gszKI+wUR8lZtdQ2PihbHCxxF0RRtZIVYxZuy2KJsDsu2NRIxNgTU2k+Op+3igGYckYG2eJ814qScUL/KC3HcpBX2S808sT1QwfI4CxL0C3TWYKLsKqJWHLRahbnd6XPMRwi6EXrFxg5qWDD+RgWUND2Gr+2L2dTST8bvDehWbwUA+DeF2pMMT/QT1E7N9Dv71x+nx2MmiFKku9b8uA/AnngUKBn0= kevin@terraform\nssh-rsa AAAAB3NzaC1yc2EAAAADAQABAAABgQC5x5BmaQDMNAAPUXQ20hfeYzjcH4EenG4db8qPGhlojL5V2838XWNHKAn3+SBSnKDXONjomGB8ZXafILV9hr1BXRKoP/1HOj6IlhujJSk9lDWx5WOvRoZmBeLFuExkLJSlIU62eOAzXvxwHWgCHip947OV1toUy5GpPc+LUri9fHB9b4MV1BiNDA0Ad0rc2fjxQ2HOU5wq+g+zbTKB3HqewjfEdE56/6OHmXvJIXvucOCTFKep7r5nc6KFWt1I7r7eG+uZqDKotyfBHXe9nqh2dXkBYkT6G7+cRZSumhPsa2CMTGzY7aeHjKq1pJ2RYdFkp1jbUo+l2gLw5WPXZ2ugduR8aiwLazAMUN0+dhguMvomB+KbXUJfq1TEEuzdAohbxL6DNhBYXsXbJJwAEM+ovGT66tsl4+MFvjL+wO6X2d60EHfBxcFW0B7OQoE8bl7kg5ZBrobPjzN9g8dkGTwObWk+N9hCSSB+DUzz9osF+Q7gkv4TOWIT4M4WtrqGel8= kevin@fedora\n",
            "startup": "",
            "tablet": true,
            "tags": "",
            "target_node": "nuc3",
            "target_nodes": null,
            "timeouts": null,
            "tpm_state": [],
            "unused_disk": [],
            "usb": [],
            "usbs": [],
            "vcpus": 0,
            "vga": [],
            "vm_state": "running",
            "vmid": 104
          },
          "sensitive_attributes": [
            [
              {
                "type": "get_attr",
                "value": "cipassword"
              }
            ],
            [
              {
                "type": "get_attr",
                "value": "ssh_private_key"
              }
            ]
          ],
          "identity_schema_version": 0,
          "private": "eyJlMmJmYjczMC1lY2FhLTExZTYtOGY4OC0zNDM2M2JjN2M0YzAiOnsiY3JlYXRlIjoxMjAwMDAwMDAwMDAwLCJkZWZhdWx0IjoxMjAwMDAwMDAwMDAwLCJkZWxldGUiOjEyMDAwMDAwMDAwMDAsInJlYWQiOjEyMDAwMDAwMDAwMDAsInVwZGF0ZSI6MTIwMDAwMDAwMDAwMH19"
        }
      ]
    },
    {
      "module": "module.plex",
      "mode": "managed",
      "type": "proxmox_vm_qemu",
      "name": "plex",
      "provider": "module.plex.provider[\"registry.terraform.io/telmate/proxmox\"]",
      "instances": [
        {
          "index_key": 0,
          "schema_version": 0,
          "attributes": {
            "additional_wait": 5,
            "agent": 0,
            "agent_timeout": 90,
            "args": "",
            "automatic_reboot": true,
            "balloon": 0,
            "bios": "seabios",
            "boot": "c",
            "bootdisk": "scsi0",
            "ci_wait": null,
            "cicustom": "",
            "cipassword": "obo74Cle",
            "ciupgrade": false,
            "ciuser": "kevin",
            "clone": "ubuntu-2404-cloud",
            "clone_id": null,
            "clone_wait": 10,
            "cores": 0,
            "cpu": [
              {
                "affinity": "",
                "cores": 12,
                "flags": [],
                "limit": 0,
                "numa": false,
                "sockets": 1,
                "type": "host",
                "units": 0,
                "vcores": 0
              }
            ],
            "cpu_type": "",
            "current_node": "pve",
            "default_ipv4_address": "192.168.11.6",
            "default_ipv6_address": "",
            "define_connection_info": true,
            "desc": "tf description",
            "disk": [],
            "disks": [
              {
                "ide": [
                  {
                    "ide0": [],
                    "ide1": [],
                    "ide2": [
                      {
                        "cdrom": [
                          {
                            "iso": "",
                            "passthrough": false
                          }
                        ],
                        "cloudinit": [],
                        "disk": [],
                        "ignore": false,
                        "passthrough": []
                      }
                    ],
                    "ide3": [
                      {
                        "cdrom": [],
                        "cloudinit": [
                          {
                            "storage": "ceph"
                          }
                        ],
                        "disk": [],
                        "ignore": false,
                        "passthrough": []
                      }
                    ]
                  }
                ],
                "sata": [],
                "scsi": [
                  {
                    "scsi0": [
                      {
                        "cdrom": [],
                        "cloudinit": [],
                        "disk": [
                          {
                            "asyncio": "",
                            "backup": true,
                            "cache": "",
                            "discard": false,
                            "emulatessd": false,
                            "format": "raw",
                            "id": 0,
                            "iops_r_burst": 0,
                            "iops_r_burst_length": 0,
                            "iops_r_concurrent": 0,
                            "iops_wr_burst": 0,
                            "iops_wr_burst_length": 0,
                            "iops_wr_concurrent": 0,
                            "iothread": false,
                            "linked_disk_id": -1,
                            "mbps_r_burst": 0,
                            "mbps_r_concurrent": 0,
                            "mbps_wr_burst": 0,
                            "mbps_wr_concurrent": 0,
                            "readonly": false,
                            "replicate": true,
                            "serial": "",
                            "size": "8G",
                            "storage": "ceph",
                            "wwn": ""
                          }
                        ],
                        "ignore": false,
                        "passthrough": []
                      }
                    ],
                    "scsi1": [],
                    "scsi10": [],
                    "scsi11": [],
                    "scsi12": [],
                    "scsi13": [],
                    "scsi14": [],
                    "scsi15": [],
                    "scsi16": [],
                    "scsi17": [],
                    "scsi18": [],
                    "scsi19": [],
                    "scsi2": [],
                    "scsi20": [],
                    "scsi21": [],
                    "scsi22": [],
                    "scsi23": [],
                    "scsi24": [],
                    "scsi25": [],
                    "scsi26": [],
                    "scsi27": [],
                    "scsi28": [],
                    "scsi29": [],
                    "scsi3": [],
                    "scsi30": [],
                    "scsi4": [],
                    "scsi5": [],
                    "scsi6": [],
                    "scsi7": [],
                    "scsi8": [],
                    "scsi9": []
                  }
                ],
                "virtio": []
              }
            ],
            "efidisk": [],
            "force_create": false,
            "force_recreate_on_change_of": null,
            "full_clone": true,
            "hagroup": "",
            "hastate": "",
            "hostpci": [],
            "hotplug": "network,disk,usb",
            "id": "pve/qemu/102",
            "ipconfig0": "ip=192.168.11.6/24,gw=192.168.11.1",
            "ipconfig1": "",
            "ipconfig10": "",
            "ipconfig11": "",
            "ipconfig12": "",
            "ipconfig13": "",
            "ipconfig14": "",
            "ipconfig15": "",
            "ipconfig2": "",
            "ipconfig3": "",
            "ipconfig4": "",
            "ipconfig5": "",
            "ipconfig6": "",
            "ipconfig7": "",
            "ipconfig8": "",
            "ipconfig9": "",
            "kvm": true,
            "linked_vmid": 0,
            "machine": "",
            "memory": 4096,
            "name": "plex",
            "nameserver": "",
            "network": [
              {
                "bridge": "vmbr0",
                "firewall": false,
                "id": 0,
                "link_down": false,
                "macaddr": "d6:a4:a4:41:a1:35",
                "model": "virtio",
                "mtu": 0,
                "queues": 0,
                "rate": 0,
                "tag": 0
              }
            ],
            "numa": false,
            "onboot": true,
            "os_network_config": null,
            "os_type": "ubuntu",
            "pci": [],
            "pcis": [],
            "pool": "personal",
            "protection": false,
            "pxe": null,
            "qemu_os": "other",
            "reboot_required": false,
            "scsihw": "virtio-scsi-pci",
            "searchdomain": "",
            "serial": [
              {
                "id": 0,
                "type": "socket"
              }
            ],
            "skip_ipv4": false,
            "skip_ipv6": false,
            "smbios": [
              {
                "family": "",
                "manufacturer": "",
                "product": "",
                "serial": "",
                "sku": "",
                "uuid": "38d33836-c84d-420f-a511-1f632a9b3a11",
                "version": ""
              }
            ],
            "sockets": 0,
            "ssh_forward_ip": null,
            "ssh_host": "192.168.11.6",
            "ssh_port": "22",
            "ssh_private_key": null,
            "ssh_user": null,
            "sshkeys": "ssh-ed25519 AAAAC3NzaC1lZDI1NTE5AAAAIGBHWpYk7FDrlGcuQF1zYauvWa62Kmwj5Z/C/ksB0eK4 kevin@bessie\nssh-rsa AAAAB3NzaC1yc2EAAAADAQABAAABgQDCfKdycPd96nMVRwU166yImlMSlgjlClJP/JpDx6fUx4xECkpxfiRWyBELTmyFp1loC0ABLL6p86GQEeriABsuOkb9zwOiUTxvJEfwuVPKULvE3kt0nZrQQd0KpGFZ2qbhlTNAUVshU0eYGONevh9AwvjkGLZxakiwIl0XF1X/RzbotYmT7D4hA7yy2/8I97hMTL7a5xSLNMJpfd6rNzq9GwX/o4b06iJjlkyMmgUJevWst4ATb9XAgkJwuuPjXM9dSJi5MwjWYkwH0zCJvutPJ5Z28oy7M1R3+oCbGh+7xNmcOhrCcceV4Z5sq3uYOy/kRR3osCU2pFgirs9TxPwqLHTTiPlcxOvAaACNK9tQDSqI+XwNecBKt4NgvbavI4WgcilqAe3lmUlMskJllEwUi3QrnSGP53LaHu2PRxrPTLfLZI5DKReKzB29FE7ZsMiOCbcTB4SJrBRmxfVB7VSNepqqmLh3RyHb0vRWidKshsz9PXb1Zynpn7nGcbMKxFE= kevin@ansible\nssh-rsa AAAAB3NzaC1yc2EAAAADAQABAAABgQCqAJpgMNAvZsnnWEfg4vqU0LpmhNYN1+Pv9D8op3EGrCUHCmLAE9ur732ycHxBr7oKCe/G4xIV/kHivQglkGT0RrFdSNs5JY8gNo/CRICFVLsuBJPftX6b7pBdpIiEcvUugeqMJccxZ34fkiqE+z78v1T4vYSfTJwdRIiT243vJ/DxxLma3XyJgZTPi+2YTKYGKQsIHYicVeR838+mA/4hpTnRc0Oxqn1JPurhQ5wPptlUgpQCY5wGWn2Y17E8SnOmLq303SIvFdYAwZ8rxNJGm+vMuO4sUibcU4gszKI+wUR8lZtdQ2PihbHCxxF0RRtZIVYxZuy2KJsDsu2NRIxNgTU2k+Op+3igGYckYG2eJ814qScUL/KC3HcpBX2S808sT1QwfI4CxL0C3TWYKLsKqJWHLRahbnd6XPMRwi6EXrFxg5qWDD+RgWUND2Gr+2L2dTST8bvDehWbwUA+DeF2pMMT/QT1E7N9Dv71x+nx2MmiFKku9b8uA/AnngUKBn0= kevin@terraform\nssh-rsa AAAAB3NzaC1yc2EAAAADAQABAAABgQC5x5BmaQDMNAAPUXQ20hfeYzjcH4EenG4db8qPGhlojL5V2838XWNHKAn3+SBSnKDXONjomGB8ZXafILV9hr1BXRKoP/1HOj6IlhujJSk9lDWx5WOvRoZmBeLFuExkLJSlIU62eOAzXvxwHWgCHip947OV1toUy5GpPc+LUri9fHB9b4MV1BiNDA0Ad0rc2fjxQ2HOU5wq+g+zbTKB3HqewjfEdE56/6OHmXvJIXvucOCTFKep7r5nc6KFWt1I7r7eG+uZqDKotyfBHXe9nqh2dXkBYkT6G7+cRZSumhPsa2CMTGzY7aeHjKq1pJ2RYdFkp1jbUo+l2gLw5WPXZ2ugduR8aiwLazAMUN0+dhguMvomB+KbXUJfq1TEEuzdAohbxL6DNhBYXsXbJJwAEM+ovGT66tsl4+MFvjL+wO6X2d60EHfBxcFW0B7OQoE8bl7kg5ZBrobPjzN9g8dkGTwObWk+N9hCSSB+DUzz9osF+Q7gkv4TOWIT4M4WtrqGel8= kevin@fedora\n",
            "startup": "",
            "tablet": true,
            "tags": "",
            "target_node": "pve",
            "target_nodes": null,
            "timeouts": null,
            "tpm_state": [],
            "unused_disk": [],
            "usb": [],
            "usbs": [],
            "vcpus": 0,
            "vga": [],
            "vm_state": "running",
            "vmid": 102
          },
          "sensitive_attributes": [
            [
              {
                "type": "get_attr",
                "value": "cipassword"
              }
            ],
            [
              {
                "type": "get_attr",
                "value": "ssh_private_key"
              }
            ]
          ],
          "identity_schema_version": 0,
          "private": "eyJlMmJmYjczMC1lY2FhLTExZTYtOGY4OC0zNDM2M2JjN2M0YzAiOnsiY3JlYXRlIjoxMjAwMDAwMDAwMDAwLCJkZWZhdWx0IjoxMjAwMDAwMDAwMDAwLCJkZWxldGUiOjEyMDAwMDAwMDAwMDAsInJlYWQiOjEyMDAwMDAwMDAwMDAsInVwZGF0ZSI6MTIwMDAwMDAwMDAwMH19"
        }
      ]
    },
    {
      "module": "module.recursioncomic-dev1",
      "mode": "managed",
      "type": "proxmox_vm_qemu",
      "name": "recursioncomic-dev1",
      "provider": "module.recursioncomic-dev1.provider[\"registry.terraform.io/telmate/proxmox\"]",
      "instances": [
        {
          "index_key": 0,
          "schema_version": 0,
          "attributes": {
            "additional_wait": 5,
            "agent": 0,
            "agent_timeout": 90,
            "args": "",
            "automatic_reboot": true,
            "balloon": 0,
            "bios": "seabios",
            "boot": "c",
            "bootdisk": "scsi0",
            "ci_wait": null,
            "cicustom": "",
            "cipassword": "obo74Cle",
            "ciupgrade": false,
            "ciuser": "kevin",
            "clone": "ubuntu-2404-cloud",
            "clone_id": null,
            "clone_wait": 10,
            "cores": 0,
            "cpu": [
              {
                "affinity": "",
                "cores": 2,
                "flags": [],
                "limit": 0,
                "numa": false,
                "sockets": 1,
                "type": "host",
                "units": 0,
                "vcores": 0
              }
            ],
            "cpu_type": "",
            "current_node": "nuc1",
            "default_ipv4_address": "192.168.80.15",
            "default_ipv6_address": "",
            "define_connection_info": true,
            "desc": "tf description",
            "disk": [],
            "disks": [
              {
                "ide": [
                  {
                    "ide0": [],
                    "ide1": [],
                    "ide2": [
                      {
                        "cdrom": [
                          {
                            "iso": "",
                            "passthrough": false
                          }
                        ],
                        "cloudinit": [],
                        "disk": [],
                        "ignore": false,
                        "passthrough": []
                      }
                    ],
                    "ide3": [
                      {
                        "cdrom": [],
                        "cloudinit": [
                          {
                            "storage": "ceph"
                          }
                        ],
                        "disk": [],
                        "ignore": false,
                        "passthrough": []
                      }
                    ]
                  }
                ],
                "sata": [],
                "scsi": [
                  {
                    "scsi0": [
                      {
                        "cdrom": [],
                        "cloudinit": [],
                        "disk": [
                          {
                            "asyncio": "",
                            "backup": true,
                            "cache": "",
                            "discard": false,
                            "emulatessd": false,
                            "format": "raw",
                            "id": 0,
                            "iops_r_burst": 0,
                            "iops_r_burst_length": 0,
                            "iops_r_concurrent": 0,
                            "iops_wr_burst": 0,
                            "iops_wr_burst_length": 0,
                            "iops_wr_concurrent": 0,
                            "iothread": false,
                            "linked_disk_id": -1,
                            "mbps_r_burst": 0,
                            "mbps_r_concurrent": 0,
                            "mbps_wr_burst": 0,
                            "mbps_wr_concurrent": 0,
                            "readonly": false,
                            "replicate": true,
                            "serial": "",
                            "size": "8G",
                            "storage": "ceph",
                            "wwn": ""
                          }
                        ],
                        "ignore": false,
                        "passthrough": []
                      }
                    ],
                    "scsi1": [],
                    "scsi10": [],
                    "scsi11": [],
                    "scsi12": [],
                    "scsi13": [],
                    "scsi14": [],
                    "scsi15": [],
                    "scsi16": [],
                    "scsi17": [],
                    "scsi18": [],
                    "scsi19": [],
                    "scsi2": [],
                    "scsi20": [],
                    "scsi21": [],
                    "scsi22": [],
                    "scsi23": [],
                    "scsi24": [],
                    "scsi25": [],
                    "scsi26": [],
                    "scsi27": [],
                    "scsi28": [],
                    "scsi29": [],
                    "scsi3": [],
                    "scsi30": [],
                    "scsi4": [],
                    "scsi5": [],
                    "scsi6": [],
                    "scsi7": [],
                    "scsi8": [],
                    "scsi9": []
                  }
                ],
                "virtio": []
              }
            ],
            "efidisk": [],
            "force_create": false,
            "force_recreate_on_change_of": null,
            "full_clone": true,
            "hagroup": "",
            "hastate": "",
            "hostpci": [],
            "hotplug": "network,disk,usb",
            "id": "nuc1/qemu/115",
            "ipconfig0": "ip=192.168.80.15/24,gw=192.168.80.1",
            "ipconfig1": "",
            "ipconfig10": "",
            "ipconfig11": "",
            "ipconfig12": "",
            "ipconfig13": "",
            "ipconfig14": "",
            "ipconfig15": "",
            "ipconfig2": "",
            "ipconfig3": "",
            "ipconfig4": "",
            "ipconfig5": "",
            "ipconfig6": "",
            "ipconfig7": "",
            "ipconfig8": "",
            "ipconfig9": "",
            "kvm": true,
            "linked_vmid": 0,
            "machine": "",
            "memory": 1024,
            "name": "recursioncomic-dev1",
            "nameserver": "",
            "network": [
              {
                "bridge": "vmbr0",
                "firewall": false,
                "id": 0,
                "link_down": false,
                "macaddr": "76:48:3d:93:71:86",
                "model": "virtio",
                "mtu": 0,
                "queues": 0,
                "rate": 0,
                "tag": 80
              }
            ],
            "numa": false,
            "onboot": true,
            "os_network_config": null,
            "os_type": "ubuntu",
            "pci": [],
            "pcis": [],
            "pool": "HA-1",
            "protection": false,
            "pxe": null,
            "qemu_os": "other",
            "reboot_required": false,
            "scsihw": "virtio-scsi-pci",
            "searchdomain": "",
            "serial": [
              {
                "id": 0,
                "type": "socket"
              }
            ],
            "skip_ipv4": false,
            "skip_ipv6": false,
            "smbios": [
              {
                "family": "",
                "manufacturer": "",
                "product": "",
                "serial": "",
                "sku": "",
                "uuid": "c81b4458-3b9c-4fec-8a81-5bbb4fb224f4",
                "version": ""
              }
            ],
            "sockets": 0,
            "ssh_forward_ip": null,
            "ssh_host": "192.168.80.15",
            "ssh_port": "22",
            "ssh_private_key": null,
            "ssh_user": null,
            "sshkeys": "ssh-ed25519 AAAAC3NzaC1lZDI1NTE5AAAAIGBHWpYk7FDrlGcuQF1zYauvWa62Kmwj5Z/C/ksB0eK4 kevin@bessie\nssh-rsa AAAAB3NzaC1yc2EAAAADAQABAAABgQDCfKdycPd96nMVRwU166yImlMSlgjlClJP/JpDx6fUx4xECkpxfiRWyBELTmyFp1loC0ABLL6p86GQEeriABsuOkb9zwOiUTxvJEfwuVPKULvE3kt0nZrQQd0KpGFZ2qbhlTNAUVshU0eYGONevh9AwvjkGLZxakiwIl0XF1X/RzbotYmT7D4hA7yy2/8I97hMTL7a5xSLNMJpfd6rNzq9GwX/o4b06iJjlkyMmgUJevWst4ATb9XAgkJwuuPjXM9dSJi5MwjWYkwH0zCJvutPJ5Z28oy7M1R3+oCbGh+7xNmcOhrCcceV4Z5sq3uYOy/kRR3osCU2pFgirs9TxPwqLHTTiPlcxOvAaACNK9tQDSqI+XwNecBKt4NgvbavI4WgcilqAe3lmUlMskJllEwUi3QrnSGP53LaHu2PRxrPTLfLZI5DKReKzB29FE7ZsMiOCbcTB4SJrBRmxfVB7VSNepqqmLh3RyHb0vRWidKshsz9PXb1Zynpn7nGcbMKxFE= kevin@ansible\nssh-rsa AAAAB3NzaC1yc2EAAAADAQABAAABgQCqAJpgMNAvZsnnWEfg4vqU0LpmhNYN1+Pv9D8op3EGrCUHCmLAE9ur732ycHxBr7oKCe/G4xIV/kHivQglkGT0RrFdSNs5JY8gNo/CRICFVLsuBJPftX6b7pBdpIiEcvUugeqMJccxZ34fkiqE+z78v1T4vYSfTJwdRIiT243vJ/DxxLma3XyJgZTPi+2YTKYGKQsIHYicVeR838+mA/4hpTnRc0Oxqn1JPurhQ5wPptlUgpQCY5wGWn2Y17E8SnOmLq303SIvFdYAwZ8rxNJGm+vMuO4sUibcU4gszKI+wUR8lZtdQ2PihbHCxxF0RRtZIVYxZuy2KJsDsu2NRIxNgTU2k+Op+3igGYckYG2eJ814qScUL/KC3HcpBX2S808sT1QwfI4CxL0C3TWYKLsKqJWHLRahbnd6XPMRwi6EXrFxg5qWDD+RgWUND2Gr+2L2dTST8bvDehWbwUA+DeF2pMMT/QT1E7N9Dv71x+nx2MmiFKku9b8uA/AnngUKBn0= kevin@terraform\nssh-rsa AAAAB3NzaC1yc2EAAAADAQABAAABgQC5x5BmaQDMNAAPUXQ20hfeYzjcH4EenG4db8qPGhlojL5V2838XWNHKAn3+SBSnKDXONjomGB8ZXafILV9hr1BXRKoP/1HOj6IlhujJSk9lDWx5WOvRoZmBeLFuExkLJSlIU62eOAzXvxwHWgCHip947OV1toUy5GpPc+LUri9fHB9b4MV1BiNDA0Ad0rc2fjxQ2HOU5wq+g+zbTKB3HqewjfEdE56/6OHmXvJIXvucOCTFKep7r5nc6KFWt1I7r7eG+uZqDKotyfBHXe9nqh2dXkBYkT6G7+cRZSumhPsa2CMTGzY7aeHjKq1pJ2RYdFkp1jbUo+l2gLw5WPXZ2ugduR8aiwLazAMUN0+dhguMvomB+KbXUJfq1TEEuzdAohbxL6DNhBYXsXbJJwAEM+ovGT66tsl4+MFvjL+wO6X2d60EHfBxcFW0B7OQoE8bl7kg5ZBrobPjzN9g8dkGTwObWk+N9hCSSB+DUzz9osF+Q7gkv4TOWIT4M4WtrqGel8= kevin@fedora\n",
            "startup": "",
            "tablet": true,
            "tags": "",
            "target_node": "nuc1",
            "target_nodes": null,
            "timeouts": null,
            "tpm_state": [],
            "unused_disk": [],
            "usb": [],
            "usbs": [],
            "vcpus": 0,
            "vga": [],
            "vm_state": "running",
            "vmid": 115
          },
          "sensitive_attributes": [
            [
              {
                "type": "get_attr",
                "value": "cipassword"
              }
            ],
            [
              {
                "type": "get_attr",
                "value": "ssh_private_key"
              }
            ]
          ],
          "identity_schema_version": 0,
          "private": "eyJlMmJmYjczMC1lY2FhLTExZTYtOGY4OC0zNDM2M2JjN2M0YzAiOnsiY3JlYXRlIjoxMjAwMDAwMDAwMDAwLCJkZWZhdWx0IjoxMjAwMDAwMDAwMDAwLCJkZWxldGUiOjEyMDAwMDAwMDAwMDAsInJlYWQiOjEyMDAwMDAwMDAwMDAsInVwZGF0ZSI6MTIwMDAwMDAwMDAwMH19"
        }
      ]
    },
    {
      "module": "module.recursioncomic-dev2",
      "mode": "managed",
      "type": "proxmox_vm_qemu",
      "name": "recursioncomic-dev2",
      "provider": "module.recursioncomic-dev2.provider[\"registry.terraform.io/telmate/proxmox\"]",
      "instances": [
        {
          "index_key": 0,
          "schema_version": 0,
          "attributes": {
            "additional_wait": 5,
            "agent": 0,
            "agent_timeout": 90,
            "args": "",
            "automatic_reboot": true,
            "balloon": 0,
            "bios": "seabios",
            "boot": "c",
            "bootdisk": "scsi0",
            "ci_wait": null,
            "cicustom": "",
            "cipassword": "obo74Cle",
            "ciupgrade": false,
            "ciuser": "kevin",
            "clone": "ubuntu-2404-cloud",
            "clone_id": null,
            "clone_wait": 10,
            "cores": 0,
            "cpu": [
              {
                "affinity": "",
                "cores": 2,
                "flags": [],
                "limit": 0,
                "numa": false,
                "sockets": 1,
                "type": "host",
                "units": 0,
                "vcores": 0
              }
            ],
            "cpu_type": "",
            "current_node": "nuc2",
            "default_ipv4_address": "192.168.80.16",
            "default_ipv6_address": "",
            "define_connection_info": true,
            "desc": "tf description",
            "disk": [],
            "disks": [
              {
                "ide": [
                  {
                    "ide0": [],
                    "ide1": [],
                    "ide2": [
                      {
                        "cdrom": [
                          {
                            "iso": "",
                            "passthrough": false
                          }
                        ],
                        "cloudinit": [],
                        "disk": [],
                        "ignore": false,
                        "passthrough": []
                      }
                    ],
                    "ide3": [
                      {
                        "cdrom": [],
                        "cloudinit": [
                          {
                            "storage": "ceph"
                          }
                        ],
                        "disk": [],
                        "ignore": false,
                        "passthrough": []
                      }
                    ]
                  }
                ],
                "sata": [],
                "scsi": [
                  {
                    "scsi0": [
                      {
                        "cdrom": [],
                        "cloudinit": [],
                        "disk": [
                          {
                            "asyncio": "",
                            "backup": true,
                            "cache": "",
                            "discard": false,
                            "emulatessd": false,
                            "format": "raw",
                            "id": 0,
                            "iops_r_burst": 0,
                            "iops_r_burst_length": 0,
                            "iops_r_concurrent": 0,
                            "iops_wr_burst": 0,
                            "iops_wr_burst_length": 0,
                            "iops_wr_concurrent": 0,
                            "iothread": false,
                            "linked_disk_id": -1,
                            "mbps_r_burst": 0,
                            "mbps_r_concurrent": 0,
                            "mbps_wr_burst": 0,
                            "mbps_wr_concurrent": 0,
                            "readonly": false,
                            "replicate": true,
                            "serial": "",
                            "size": "8G",
                            "storage": "ceph",
                            "wwn": ""
                          }
                        ],
                        "ignore": false,
                        "passthrough": []
                      }
                    ],
                    "scsi1": [],
                    "scsi10": [],
                    "scsi11": [],
                    "scsi12": [],
                    "scsi13": [],
                    "scsi14": [],
                    "scsi15": [],
                    "scsi16": [],
                    "scsi17": [],
                    "scsi18": [],
                    "scsi19": [],
                    "scsi2": [],
                    "scsi20": [],
                    "scsi21": [],
                    "scsi22": [],
                    "scsi23": [],
                    "scsi24": [],
                    "scsi25": [],
                    "scsi26": [],
                    "scsi27": [],
                    "scsi28": [],
                    "scsi29": [],
                    "scsi3": [],
                    "scsi30": [],
                    "scsi4": [],
                    "scsi5": [],
                    "scsi6": [],
                    "scsi7": [],
                    "scsi8": [],
                    "scsi9": []
                  }
                ],
                "virtio": []
              }
            ],
            "efidisk": [],
            "force_create": false,
            "force_recreate_on_change_of": null,
            "full_clone": true,
            "hagroup": "",
            "hastate": "",
            "hostpci": [],
            "hotplug": "network,disk,usb",
            "id": "nuc2/qemu/122",
            "ipconfig0": "ip=192.168.80.16/24,gw=192.168.80.1",
            "ipconfig1": "",
            "ipconfig10": "",
            "ipconfig11": "",
            "ipconfig12": "",
            "ipconfig13": "",
            "ipconfig14": "",
            "ipconfig15": "",
            "ipconfig2": "",
            "ipconfig3": "",
            "ipconfig4": "",
            "ipconfig5": "",
            "ipconfig6": "",
            "ipconfig7": "",
            "ipconfig8": "",
            "ipconfig9": "",
            "kvm": true,
            "linked_vmid": 0,
            "machine": "",
            "memory": 1024,
            "name": "recursioncomic-dev2",
            "nameserver": "",
            "network": [
              {
                "bridge": "vmbr0",
                "firewall": false,
                "id": 0,
                "link_down": false,
                "macaddr": "76:2e:45:fe:d6:7a",
                "model": "virtio",
                "mtu": 0,
                "queues": 0,
                "rate": 0,
                "tag": 80
              }
            ],
            "numa": false,
            "onboot": true,
            "os_network_config": null,
            "os_type": "ubuntu",
            "pci": [],
            "pcis": [],
            "pool": "HA-2",
            "protection": false,
            "pxe": null,
            "qemu_os": "other",
            "reboot_required": false,
            "scsihw": "virtio-scsi-pci",
            "searchdomain": "",
            "serial": [
              {
                "id": 0,
                "type": "socket"
              }
            ],
            "skip_ipv4": false,
            "skip_ipv6": false,
            "smbios": [
              {
                "family": "",
                "manufacturer": "",
                "product": "",
                "serial": "",
                "sku": "",
                "uuid": "67f54352-79f8-4b63-9616-158eeb6a1e31",
                "version": ""
              }
            ],
            "sockets": 0,
            "ssh_forward_ip": null,
            "ssh_host": "192.168.80.16",
            "ssh_port": "22",
            "ssh_private_key": null,
            "ssh_user": null,
            "sshkeys": "ssh-ed25519 AAAAC3NzaC1lZDI1NTE5AAAAIGBHWpYk7FDrlGcuQF1zYauvWa62Kmwj5Z/C/ksB0eK4 kevin@bessie\nssh-rsa AAAAB3NzaC1yc2EAAAADAQABAAABgQDCfKdycPd96nMVRwU166yImlMSlgjlClJP/JpDx6fUx4xECkpxfiRWyBELTmyFp1loC0ABLL6p86GQEeriABsuOkb9zwOiUTxvJEfwuVPKULvE3kt0nZrQQd0KpGFZ2qbhlTNAUVshU0eYGONevh9AwvjkGLZxakiwIl0XF1X/RzbotYmT7D4hA7yy2/8I97hMTL7a5xSLNMJpfd6rNzq9GwX/o4b06iJjlkyMmgUJevWst4ATb9XAgkJwuuPjXM9dSJi5MwjWYkwH0zCJvutPJ5Z28oy7M1R3+oCbGh+7xNmcOhrCcceV4Z5sq3uYOy/kRR3osCU2pFgirs9TxPwqLHTTiPlcxOvAaACNK9tQDSqI+XwNecBKt4NgvbavI4WgcilqAe3lmUlMskJllEwUi3QrnSGP53LaHu2PRxrPTLfLZI5DKReKzB29FE7ZsMiOCbcTB4SJrBRmxfVB7VSNepqqmLh3RyHb0vRWidKshsz9PXb1Zynpn7nGcbMKxFE= kevin@ansible\nssh-rsa AAAAB3NzaC1yc2EAAAADAQABAAABgQCqAJpgMNAvZsnnWEfg4vqU0LpmhNYN1+Pv9D8op3EGrCUHCmLAE9ur732ycHxBr7oKCe/G4xIV/kHivQglkGT0RrFdSNs5JY8gNo/CRICFVLsuBJPftX6b7pBdpIiEcvUugeqMJccxZ34fkiqE+z78v1T4vYSfTJwdRIiT243vJ/DxxLma3XyJgZTPi+2YTKYGKQsIHYicVeR838+mA/4hpTnRc0Oxqn1JPurhQ5wPptlUgpQCY5wGWn2Y17E8SnOmLq303SIvFdYAwZ8rxNJGm+vMuO4sUibcU4gszKI+wUR8lZtdQ2PihbHCxxF0RRtZIVYxZuy2KJsDsu2NRIxNgTU2k+Op+3igGYckYG2eJ814qScUL/KC3HcpBX2S808sT1QwfI4CxL0C3TWYKLsKqJWHLRahbnd6XPMRwi6EXrFxg5qWDD+RgWUND2Gr+2L2dTST8bvDehWbwUA+DeF2pMMT/QT1E7N9Dv71x+nx2MmiFKku9b8uA/AnngUKBn0= kevin@terraform\nssh-rsa AAAAB3NzaC1yc2EAAAADAQABAAABgQC5x5BmaQDMNAAPUXQ20hfeYzjcH4EenG4db8qPGhlojL5V2838XWNHKAn3+SBSnKDXONjomGB8ZXafILV9hr1BXRKoP/1HOj6IlhujJSk9lDWx5WOvRoZmBeLFuExkLJSlIU62eOAzXvxwHWgCHip947OV1toUy5GpPc+LUri9fHB9b4MV1BiNDA0Ad0rc2fjxQ2HOU5wq+g+zbTKB3HqewjfEdE56/6OHmXvJIXvucOCTFKep7r5nc6KFWt1I7r7eG+uZqDKotyfBHXe9nqh2dXkBYkT6G7+cRZSumhPsa2CMTGzY7aeHjKq1pJ2RYdFkp1jbUo+l2gLw5WPXZ2ugduR8aiwLazAMUN0+dhguMvomB+KbXUJfq1TEEuzdAohbxL6DNhBYXsXbJJwAEM+ovGT66tsl4+MFvjL+wO6X2d60EHfBxcFW0B7OQoE8bl7kg5ZBrobPjzN9g8dkGTwObWk+N9hCSSB+DUzz9osF+Q7gkv4TOWIT4M4WtrqGel8= kevin@fedora\n",
            "startup": "",
            "tablet": true,
            "tags": "",
            "target_node": "nuc2",
            "target_nodes": null,
            "timeouts": null,
            "tpm_state": [],
            "unused_disk": [],
            "usb": [],
            "usbs": [],
            "vcpus": 0,
            "vga": [],
            "vm_state": "running",
            "vmid": 122
          },
          "sensitive_attributes": [
            [
              {
                "type": "get_attr",
                "value": "cipassword"
              }
            ],
            [
              {
                "type": "get_attr",
                "value": "ssh_private_key"
              }
            ]
          ],
          "identity_schema_version": 0,
          "private": "eyJlMmJmYjczMC1lY2FhLTExZTYtOGY4OC0zNDM2M2JjN2M0YzAiOnsiY3JlYXRlIjoxMjAwMDAwMDAwMDAwLCJkZWZhdWx0IjoxMjAwMDAwMDAwMDAwLCJkZWxldGUiOjEyMDAwMDAwMDAwMDAsInJlYWQiOjEyMDAwMDAwMDAwMDAsInVwZGF0ZSI6MTIwMDAwMDAwMDAwMH19"
        }
      ]
    },
    {
      "module": "module.recursioncomic-prod1",
      "mode": "managed",
      "type": "proxmox_vm_qemu",
      "name": "recursioncomic-prod1",
      "provider": "module.recursioncomic-prod1.provider[\"registry.terraform.io/telmate/proxmox\"]",
      "instances": [
        {
          "index_key": 0,
          "schema_version": 0,
          "attributes": {
            "additional_wait": 5,
            "agent": 0,
            "agent_timeout": 90,
            "args": "",
            "automatic_reboot": true,
            "balloon": 0,
            "bios": "seabios",
            "boot": "c",
            "bootdisk": "scsi0",
            "ci_wait": null,
            "cicustom": "",
            "cipassword": "obo74Cle",
            "ciupgrade": false,
            "ciuser": "kevin",
            "clone": "ubuntu-2404-cloud",
            "clone_id": null,
            "clone_wait": 10,
            "cores": 0,
            "cpu": [
              {
                "affinity": "",
                "cores": 2,
                "flags": [],
                "limit": 0,
                "numa": false,
                "sockets": 1,
                "type": "host",
                "units": 0,
                "vcores": 0
              }
            ],
            "cpu_type": "",
            "current_node": "nuc1",
            "default_ipv4_address": "192.168.80.18",
            "default_ipv6_address": "",
            "define_connection_info": true,
            "desc": "tf description",
            "disk": [],
            "disks": [
              {
                "ide": [
                  {
                    "ide0": [],
                    "ide1": [],
                    "ide2": [
                      {
                        "cdrom": [
                          {
                            "iso": "",
                            "passthrough": false
                          }
                        ],
                        "cloudinit": [],
                        "disk": [],
                        "ignore": false,
                        "passthrough": []
                      }
                    ],
                    "ide3": [
                      {
                        "cdrom": [],
                        "cloudinit": [
                          {
                            "storage": "ceph"
                          }
                        ],
                        "disk": [],
                        "ignore": false,
                        "passthrough": []
                      }
                    ]
                  }
                ],
                "sata": [],
                "scsi": [
                  {
                    "scsi0": [
                      {
                        "cdrom": [],
                        "cloudinit": [],
                        "disk": [
                          {
                            "asyncio": "",
                            "backup": true,
                            "cache": "",
                            "discard": false,
                            "emulatessd": false,
                            "format": "raw",
                            "id": 0,
                            "iops_r_burst": 0,
                            "iops_r_burst_length": 0,
                            "iops_r_concurrent": 0,
                            "iops_wr_burst": 0,
                            "iops_wr_burst_length": 0,
                            "iops_wr_concurrent": 0,
                            "iothread": false,
                            "linked_disk_id": -1,
                            "mbps_r_burst": 0,
                            "mbps_r_concurrent": 0,
                            "mbps_wr_burst": 0,
                            "mbps_wr_concurrent": 0,
                            "readonly": false,
                            "replicate": true,
                            "serial": "",
                            "size": "8G",
                            "storage": "ceph",
                            "wwn": ""
                          }
                        ],
                        "ignore": false,
                        "passthrough": []
                      }
                    ],
                    "scsi1": [],
                    "scsi10": [],
                    "scsi11": [],
                    "scsi12": [],
                    "scsi13": [],
                    "scsi14": [],
                    "scsi15": [],
                    "scsi16": [],
                    "scsi17": [],
                    "scsi18": [],
                    "scsi19": [],
                    "scsi2": [],
                    "scsi20": [],
                    "scsi21": [],
                    "scsi22": [],
                    "scsi23": [],
                    "scsi24": [],
                    "scsi25": [],
                    "scsi26": [],
                    "scsi27": [],
                    "scsi28": [],
                    "scsi29": [],
                    "scsi3": [],
                    "scsi30": [],
                    "scsi4": [],
                    "scsi5": [],
                    "scsi6": [],
                    "scsi7": [],
                    "scsi8": [],
                    "scsi9": []
                  }
                ],
                "virtio": []
              }
            ],
            "efidisk": [],
            "force_create": false,
            "force_recreate_on_change_of": null,
            "full_clone": true,
            "hagroup": "",
            "hastate": "",
            "hostpci": [],
            "hotplug": "network,disk,usb",
            "id": "nuc1/qemu/107",
            "ipconfig0": "ip=192.168.80.18/24,gw=192.168.80.1",
            "ipconfig1": "",
            "ipconfig10": "",
            "ipconfig11": "",
            "ipconfig12": "",
            "ipconfig13": "",
            "ipconfig14": "",
            "ipconfig15": "",
            "ipconfig2": "",
            "ipconfig3": "",
            "ipconfig4": "",
            "ipconfig5": "",
            "ipconfig6": "",
            "ipconfig7": "",
            "ipconfig8": "",
            "ipconfig9": "",
            "kvm": true,
            "linked_vmid": 0,
            "machine": "",
            "memory": 1024,
            "name": "recursioncomic-prod1",
            "nameserver": "",
            "network": [
              {
                "bridge": "vmbr0",
                "firewall": false,
                "id": 0,
                "link_down": false,
                "macaddr": "1a:db:7e:02:ac:41",
                "model": "virtio",
                "mtu": 0,
                "queues": 0,
                "rate": 0,
                "tag": 80
              }
            ],
            "numa": false,
            "onboot": true,
            "os_network_config": null,
            "os_type": "ubuntu",
            "pci": [],
            "pcis": [],
            "pool": "HA-2",
            "protection": false,
            "pxe": null,
            "qemu_os": "other",
            "reboot_required": false,
            "scsihw": "virtio-scsi-pci",
            "searchdomain": "",
            "serial": [
              {
                "id": 0,
                "type": "socket"
              }
            ],
            "skip_ipv4": false,
            "skip_ipv6": false,
            "smbios": [
              {
                "family": "",
                "manufacturer": "",
                "product": "",
                "serial": "",
                "sku": "",
                "uuid": "cfb1cb99-64d5-48a7-b868-b5e36be9f024",
                "version": ""
              }
            ],
            "sockets": 0,
            "ssh_forward_ip": null,
            "ssh_host": "192.168.80.18",
            "ssh_port": "22",
            "ssh_private_key": null,
            "ssh_user": null,
            "sshkeys": "ssh-ed25519 AAAAC3NzaC1lZDI1NTE5AAAAIGBHWpYk7FDrlGcuQF1zYauvWa62Kmwj5Z/C/ksB0eK4 kevin@bessie\nssh-rsa AAAAB3NzaC1yc2EAAAADAQABAAABgQDCfKdycPd96nMVRwU166yImlMSlgjlClJP/JpDx6fUx4xECkpxfiRWyBELTmyFp1loC0ABLL6p86GQEeriABsuOkb9zwOiUTxvJEfwuVPKULvE3kt0nZrQQd0KpGFZ2qbhlTNAUVshU0eYGONevh9AwvjkGLZxakiwIl0XF1X/RzbotYmT7D4hA7yy2/8I97hMTL7a5xSLNMJpfd6rNzq9GwX/o4b06iJjlkyMmgUJevWst4ATb9XAgkJwuuPjXM9dSJi5MwjWYkwH0zCJvutPJ5Z28oy7M1R3+oCbGh+7xNmcOhrCcceV4Z5sq3uYOy/kRR3osCU2pFgirs9TxPwqLHTTiPlcxOvAaACNK9tQDSqI+XwNecBKt4NgvbavI4WgcilqAe3lmUlMskJllEwUi3QrnSGP53LaHu2PRxrPTLfLZI5DKReKzB29FE7ZsMiOCbcTB4SJrBRmxfVB7VSNepqqmLh3RyHb0vRWidKshsz9PXb1Zynpn7nGcbMKxFE= kevin@ansible\nssh-rsa AAAAB3NzaC1yc2EAAAADAQABAAABgQCqAJpgMNAvZsnnWEfg4vqU0LpmhNYN1+Pv9D8op3EGrCUHCmLAE9ur732ycHxBr7oKCe/G4xIV/kHivQglkGT0RrFdSNs5JY8gNo/CRICFVLsuBJPftX6b7pBdpIiEcvUugeqMJccxZ34fkiqE+z78v1T4vYSfTJwdRIiT243vJ/DxxLma3XyJgZTPi+2YTKYGKQsIHYicVeR838+mA/4hpTnRc0Oxqn1JPurhQ5wPptlUgpQCY5wGWn2Y17E8SnOmLq303SIvFdYAwZ8rxNJGm+vMuO4sUibcU4gszKI+wUR8lZtdQ2PihbHCxxF0RRtZIVYxZuy2KJsDsu2NRIxNgTU2k+Op+3igGYckYG2eJ814qScUL/KC3HcpBX2S808sT1QwfI4CxL0C3TWYKLsKqJWHLRahbnd6XPMRwi6EXrFxg5qWDD+RgWUND2Gr+2L2dTST8bvDehWbwUA+DeF2pMMT/QT1E7N9Dv71x+nx2MmiFKku9b8uA/AnngUKBn0= kevin@terraform\nssh-rsa AAAAB3NzaC1yc2EAAAADAQABAAABgQC5x5BmaQDMNAAPUXQ20hfeYzjcH4EenG4db8qPGhlojL5V2838XWNHKAn3+SBSnKDXONjomGB8ZXafILV9hr1BXRKoP/1HOj6IlhujJSk9lDWx5WOvRoZmBeLFuExkLJSlIU62eOAzXvxwHWgCHip947OV1toUy5GpPc+LUri9fHB9b4MV1BiNDA0Ad0rc2fjxQ2HOU5wq+g+zbTKB3HqewjfEdE56/6OHmXvJIXvucOCTFKep7r5nc6KFWt1I7r7eG+uZqDKotyfBHXe9nqh2dXkBYkT6G7+cRZSumhPsa2CMTGzY7aeHjKq1pJ2RYdFkp1jbUo+l2gLw5WPXZ2ugduR8aiwLazAMUN0+dhguMvomB+KbXUJfq1TEEuzdAohbxL6DNhBYXsXbJJwAEM+ovGT66tsl4+MFvjL+wO6X2d60EHfBxcFW0B7OQoE8bl7kg5ZBrobPjzN9g8dkGTwObWk+N9hCSSB+DUzz9osF+Q7gkv4TOWIT4M4WtrqGel8= kevin@fedora\n",
            "startup": "",
            "tablet": true,
            "tags": "",
            "target_node": "nuc1",
            "target_nodes": null,
            "timeouts": null,
            "tpm_state": [],
            "unused_disk": [],
            "usb": [],
            "usbs": [],
            "vcpus": 0,
            "vga": [],
            "vm_state": "running",
            "vmid": 107
          },
          "sensitive_attributes": [
            [
              {
                "type": "get_attr",
                "value": "cipassword"
              }
            ],
            [
              {
                "type": "get_attr",
                "value": "ssh_private_key"
              }
            ]
          ],
          "identity_schema_version": 0,
          "private": "eyJlMmJmYjczMC1lY2FhLTExZTYtOGY4OC0zNDM2M2JjN2M0YzAiOnsiY3JlYXRlIjoxMjAwMDAwMDAwMDAwLCJkZWZhdWx0IjoxMjAwMDAwMDAwMDAwLCJkZWxldGUiOjEyMDAwMDAwMDAwMDAsInJlYWQiOjEyMDAwMDAwMDAwMDAsInVwZGF0ZSI6MTIwMDAwMDAwMDAwMH19"
        }
      ]
    },
    {
      "module": "module.recursioncomic-prod2",
      "mode": "managed",
      "type": "proxmox_vm_qemu",
      "name": "recursioncomic-prod2",
      "provider": "module.recursioncomic-prod2.provider[\"registry.terraform.io/telmate/proxmox\"]",
      "instances": [
        {
          "index_key": 0,
          "schema_version": 0,
          "attributes": {
            "additional_wait": 5,
            "agent": 0,
            "agent_timeout": 90,
            "args": "",
            "automatic_reboot": true,
            "balloon": 0,
            "bios": "seabios",
            "boot": "c",
            "bootdisk": "scsi0",
            "ci_wait": null,
            "cicustom": "",
            "cipassword": "obo74Cle",
            "ciupgrade": false,
            "ciuser": "kevin",
            "clone": "ubuntu-2404-cloud",
            "clone_id": null,
            "clone_wait": 10,
            "cores": 0,
            "cpu": [
              {
                "affinity": "",
                "cores": 2,
                "flags": [],
                "limit": 0,
                "numa": false,
                "sockets": 1,
                "type": "host",
                "units": 0,
                "vcores": 0
              }
            ],
            "cpu_type": "",
            "current_node": "nuc2",
            "default_ipv4_address": "192.168.80.19",
            "default_ipv6_address": "",
            "define_connection_info": true,
            "desc": "tf description",
            "disk": [],
            "disks": [
              {
                "ide": [
                  {
                    "ide0": [],
                    "ide1": [],
                    "ide2": [
                      {
                        "cdrom": [
                          {
                            "iso": "",
                            "passthrough": false
                          }
                        ],
                        "cloudinit": [],
                        "disk": [],
                        "ignore": false,
                        "passthrough": []
                      }
                    ],
                    "ide3": [
                      {
                        "cdrom": [],
                        "cloudinit": [
                          {
                            "storage": "ceph"
                          }
                        ],
                        "disk": [],
                        "ignore": false,
                        "passthrough": []
                      }
                    ]
                  }
                ],
                "sata": [],
                "scsi": [
                  {
                    "scsi0": [
                      {
                        "cdrom": [],
                        "cloudinit": [],
                        "disk": [
                          {
                            "asyncio": "",
                            "backup": true,
                            "cache": "",
                            "discard": false,
                            "emulatessd": false,
                            "format": "raw",
                            "id": 0,
                            "iops_r_burst": 0,
                            "iops_r_burst_length": 0,
                            "iops_r_concurrent": 0,
                            "iops_wr_burst": 0,
                            "iops_wr_burst_length": 0,
                            "iops_wr_concurrent": 0,
                            "iothread": false,
                            "linked_disk_id": -1,
                            "mbps_r_burst": 0,
                            "mbps_r_concurrent": 0,
                            "mbps_wr_burst": 0,
                            "mbps_wr_concurrent": 0,
                            "readonly": false,
                            "replicate": true,
                            "serial": "",
                            "size": "8G",
                            "storage": "ceph",
                            "wwn": ""
                          }
                        ],
                        "ignore": false,
                        "passthrough": []
                      }
                    ],
                    "scsi1": [],
                    "scsi10": [],
                    "scsi11": [],
                    "scsi12": [],
                    "scsi13": [],
                    "scsi14": [],
                    "scsi15": [],
                    "scsi16": [],
                    "scsi17": [],
                    "scsi18": [],
                    "scsi19": [],
                    "scsi2": [],
                    "scsi20": [],
                    "scsi21": [],
                    "scsi22": [],
                    "scsi23": [],
                    "scsi24": [],
                    "scsi25": [],
                    "scsi26": [],
                    "scsi27": [],
                    "scsi28": [],
                    "scsi29": [],
                    "scsi3": [],
                    "scsi30": [],
                    "scsi4": [],
                    "scsi5": [],
                    "scsi6": [],
                    "scsi7": [],
                    "scsi8": [],
                    "scsi9": []
                  }
                ],
                "virtio": []
              }
            ],
            "efidisk": [],
            "force_create": false,
            "force_recreate_on_change_of": null,
            "full_clone": true,
            "hagroup": "",
            "hastate": "",
            "hostpci": [],
            "hotplug": "network,disk,usb",
            "id": "nuc2/qemu/131",
            "ipconfig0": "ip=192.168.80.19/24,gw=192.168.80.1",
            "ipconfig1": "",
            "ipconfig10": "",
            "ipconfig11": "",
            "ipconfig12": "",
            "ipconfig13": "",
            "ipconfig14": "",
            "ipconfig15": "",
            "ipconfig2": "",
            "ipconfig3": "",
            "ipconfig4": "",
            "ipconfig5": "",
            "ipconfig6": "",
            "ipconfig7": "",
            "ipconfig8": "",
            "ipconfig9": "",
            "kvm": true,
            "linked_vmid": 0,
            "machine": "",
            "memory": 1024,
            "name": "recursioncomic-prod2",
            "nameserver": "",
            "network": [
              {
                "bridge": "vmbr0",
                "firewall": false,
                "id": 0,
                "link_down": false,
                "macaddr": "82:11:80:57:d1:e8",
                "model": "virtio",
                "mtu": 0,
                "queues": 0,
                "rate": 0,
                "tag": 80
              }
            ],
            "numa": false,
            "onboot": true,
            "os_network_config": null,
            "os_type": "ubuntu",
            "pci": [],
            "pcis": [],
            "pool": "HA-2",
            "protection": false,
            "pxe": null,
            "qemu_os": "other",
            "reboot_required": false,
            "scsihw": "virtio-scsi-pci",
            "searchdomain": "",
            "serial": [
              {
                "id": 0,
                "type": "socket"
              }
            ],
            "skip_ipv4": false,
            "skip_ipv6": false,
            "smbios": [
              {
                "family": "",
                "manufacturer": "",
                "product": "",
                "serial": "",
                "sku": "",
                "uuid": "dba669b7-9d32-4020-ab45-15e02f5482c4",
                "version": ""
              }
            ],
            "sockets": 0,
            "ssh_forward_ip": null,
            "ssh_host": "192.168.80.19",
            "ssh_port": "22",
            "ssh_private_key": null,
            "ssh_user": null,
            "sshkeys": "ssh-ed25519 AAAAC3NzaC1lZDI1NTE5AAAAIGBHWpYk7FDrlGcuQF1zYauvWa62Kmwj5Z/C/ksB0eK4 kevin@bessie\nssh-rsa AAAAB3NzaC1yc2EAAAADAQABAAABgQDCfKdycPd96nMVRwU166yImlMSlgjlClJP/JpDx6fUx4xECkpxfiRWyBELTmyFp1loC0ABLL6p86GQEeriABsuOkb9zwOiUTxvJEfwuVPKULvE3kt0nZrQQd0KpGFZ2qbhlTNAUVshU0eYGONevh9AwvjkGLZxakiwIl0XF1X/RzbotYmT7D4hA7yy2/8I97hMTL7a5xSLNMJpfd6rNzq9GwX/o4b06iJjlkyMmgUJevWst4ATb9XAgkJwuuPjXM9dSJi5MwjWYkwH0zCJvutPJ5Z28oy7M1R3+oCbGh+7xNmcOhrCcceV4Z5sq3uYOy/kRR3osCU2pFgirs9TxPwqLHTTiPlcxOvAaACNK9tQDSqI+XwNecBKt4NgvbavI4WgcilqAe3lmUlMskJllEwUi3QrnSGP53LaHu2PRxrPTLfLZI5DKReKzB29FE7ZsMiOCbcTB4SJrBRmxfVB7VSNepqqmLh3RyHb0vRWidKshsz9PXb1Zynpn7nGcbMKxFE= kevin@ansible\nssh-rsa AAAAB3NzaC1yc2EAAAADAQABAAABgQCqAJpgMNAvZsnnWEfg4vqU0LpmhNYN1+Pv9D8op3EGrCUHCmLAE9ur732ycHxBr7oKCe/G4xIV/kHivQglkGT0RrFdSNs5JY8gNo/CRICFVLsuBJPftX6b7pBdpIiEcvUugeqMJccxZ34fkiqE+z78v1T4vYSfTJwdRIiT243vJ/DxxLma3XyJgZTPi+2YTKYGKQsIHYicVeR838+mA/4hpTnRc0Oxqn1JPurhQ5wPptlUgpQCY5wGWn2Y17E8SnOmLq303SIvFdYAwZ8rxNJGm+vMuO4sUibcU4gszKI+wUR8lZtdQ2PihbHCxxF0RRtZIVYxZuy2KJsDsu2NRIxNgTU2k+Op+3igGYckYG2eJ814qScUL/KC3HcpBX2S808sT1QwfI4CxL0C3TWYKLsKqJWHLRahbnd6XPMRwi6EXrFxg5qWDD+RgWUND2Gr+2L2dTST8bvDehWbwUA+DeF2pMMT/QT1E7N9Dv71x+nx2MmiFKku9b8uA/AnngUKBn0= kevin@terraform\nssh-rsa AAAAB3NzaC1yc2EAAAADAQABAAABgQC5x5BmaQDMNAAPUXQ20hfeYzjcH4EenG4db8qPGhlojL5V2838XWNHKAn3+SBSnKDXONjomGB8ZXafILV9hr1BXRKoP/1HOj6IlhujJSk9lDWx5WOvRoZmBeLFuExkLJSlIU62eOAzXvxwHWgCHip947OV1toUy5GpPc+LUri9fHB9b4MV1BiNDA0Ad0rc2fjxQ2HOU5wq+g+zbTKB3HqewjfEdE56/6OHmXvJIXvucOCTFKep7r5nc6KFWt1I7r7eG+uZqDKotyfBHXe9nqh2dXkBYkT6G7+cRZSumhPsa2CMTGzY7aeHjKq1pJ2RYdFkp1jbUo+l2gLw5WPXZ2ugduR8aiwLazAMUN0+dhguMvomB+KbXUJfq1TEEuzdAohbxL6DNhBYXsXbJJwAEM+ovGT66tsl4+MFvjL+wO6X2d60EHfBxcFW0B7OQoE8bl7kg5ZBrobPjzN9g8dkGTwObWk+N9hCSSB+DUzz9osF+Q7gkv4TOWIT4M4WtrqGel8= kevin@fedora\n",
            "startup": "",
            "tablet": true,
            "tags": "",
            "target_node": "nuc2",
            "target_nodes": null,
            "timeouts": null,
            "tpm_state": [],
            "unused_disk": [],
            "usb": [],
            "usbs": [],
            "vcpus": 0,
            "vga": [],
            "vm_state": "running",
            "vmid": 131
          },
          "sensitive_attributes": [
            [
              {
                "type": "get_attr",
                "value": "cipassword"
              }
            ],
            [
              {
                "type": "get_attr",
                "value": "ssh_private_key"
              }
            ]
          ],
          "identity_schema_version": 0,
          "private": "eyJlMmJmYjczMC1lY2FhLTExZTYtOGY4OC0zNDM2M2JjN2M0YzAiOnsiY3JlYXRlIjoxMjAwMDAwMDAwMDAwLCJkZWZhdWx0IjoxMjAwMDAwMDAwMDAwLCJkZWxldGUiOjEyMDAwMDAwMDAwMDAsInJlYWQiOjEyMDAwMDAwMDAwMDAsInVwZGF0ZSI6MTIwMDAwMDAwMDAwMH19"
        }
      ]
    },
    {
      "module": "module.sonarr",
      "mode": "managed",
      "type": "proxmox_vm_qemu",
      "name": "sonarr",
      "provider": "module.sonarr.provider[\"registry.terraform.io/telmate/proxmox\"]",
      "instances": [
        {
          "index_key": 0,
          "schema_version": 0,
          "attributes": {
            "additional_wait": 5,
            "agent": 0,
            "agent_timeout": 90,
            "args": "",
            "automatic_reboot": true,
            "balloon": 0,
            "bios": "seabios",
            "boot": "c",
            "bootdisk": "scsi0",
            "ci_wait": null,
            "cicustom": "",
            "cipassword": "obo74Cle",
            "ciupgrade": false,
            "ciuser": "kevin",
            "clone": "ubuntu-2404-cloud",
            "clone_id": null,
            "clone_wait": 10,
            "cores": 0,
            "cpu": [
              {
                "affinity": "",
                "cores": 1,
                "flags": [],
                "limit": 0,
                "numa": false,
                "sockets": 1,
                "type": "host",
                "units": 0,
                "vcores": 0
              }
            ],
            "cpu_type": "",
            "current_node": "pve",
            "default_ipv4_address": "192.168.50.6",
            "default_ipv6_address": "",
            "define_connection_info": true,
            "desc": "tf description",
            "disk": [],
            "disks": [
              {
                "ide": [
                  {
                    "ide0": [],
                    "ide1": [],
                    "ide2": [
                      {
                        "cdrom": [
                          {
                            "iso": "",
                            "passthrough": false
                          }
                        ],
                        "cloudinit": [],
                        "disk": [],
                        "ignore": false,
                        "passthrough": []
                      }
                    ],
                    "ide3": [
                      {
                        "cdrom": [],
                        "cloudinit": [
                          {
                            "storage": "ceph"
                          }
                        ],
                        "disk": [],
                        "ignore": false,
                        "passthrough": []
                      }
                    ]
                  }
                ],
                "sata": [],
                "scsi": [
                  {
                    "scsi0": [
                      {
                        "cdrom": [],
                        "cloudinit": [],
                        "disk": [
                          {
                            "asyncio": "",
                            "backup": true,
                            "cache": "",
                            "discard": false,
                            "emulatessd": false,
                            "format": "raw",
                            "id": 0,
                            "iops_r_burst": 0,
                            "iops_r_burst_length": 0,
                            "iops_r_concurrent": 0,
                            "iops_wr_burst": 0,
                            "iops_wr_burst_length": 0,
                            "iops_wr_concurrent": 0,
                            "iothread": false,
                            "linked_disk_id": -1,
                            "mbps_r_burst": 0,
                            "mbps_r_concurrent": 0,
                            "mbps_wr_burst": 0,
                            "mbps_wr_concurrent": 0,
                            "readonly": false,
                            "replicate": true,
                            "serial": "",
                            "size": "8G",
                            "storage": "ceph",
                            "wwn": ""
                          }
                        ],
                        "ignore": false,
                        "passthrough": []
                      }
                    ],
                    "scsi1": [],
                    "scsi10": [],
                    "scsi11": [],
                    "scsi12": [],
                    "scsi13": [],
                    "scsi14": [],
                    "scsi15": [],
                    "scsi16": [],
                    "scsi17": [],
                    "scsi18": [],
                    "scsi19": [],
                    "scsi2": [],
                    "scsi20": [],
                    "scsi21": [],
                    "scsi22": [],
                    "scsi23": [],
                    "scsi24": [],
                    "scsi25": [],
                    "scsi26": [],
                    "scsi27": [],
                    "scsi28": [],
                    "scsi29": [],
                    "scsi3": [],
                    "scsi30": [],
                    "scsi4": [],
                    "scsi5": [],
                    "scsi6": [],
                    "scsi7": [],
                    "scsi8": [],
                    "scsi9": []
                  }
                ],
                "virtio": []
              }
            ],
            "efidisk": [],
            "force_create": false,
            "force_recreate_on_change_of": null,
            "full_clone": true,
            "hagroup": "",
            "hastate": "",
            "hostpci": [],
            "hotplug": "network,disk,usb",
            "id": "pve/qemu/105",
            "ipconfig0": "ip=192.168.50.6/24,gw=192.168.50.1",
            "ipconfig1": "",
            "ipconfig10": "",
            "ipconfig11": "",
            "ipconfig12": "",
            "ipconfig13": "",
            "ipconfig14": "",
            "ipconfig15": "",
            "ipconfig2": "",
            "ipconfig3": "",
            "ipconfig4": "",
            "ipconfig5": "",
            "ipconfig6": "",
            "ipconfig7": "",
            "ipconfig8": "",
            "ipconfig9": "",
            "kvm": true,
            "linked_vmid": 0,
            "machine": "",
            "memory": 2034,
            "name": "sonarr",
            "nameserver": "",
            "network": [
              {
                "bridge": "vmbr0",
                "firewall": false,
                "id": 0,
                "link_down": false,
                "macaddr": "76:90:b6:a1:9e:e4",
                "model": "virtio",
                "mtu": 0,
                "queues": 0,
                "rate": 0,
                "tag": 50
              }
            ],
            "numa": false,
            "onboot": true,
            "os_network_config": null,
            "os_type": "ubuntu",
            "pci": [],
            "pcis": [],
            "pool": "personal",
            "protection": false,
            "pxe": null,
            "qemu_os": "other",
            "reboot_required": false,
            "scsihw": "virtio-scsi-pci",
            "searchdomain": "",
            "serial": [
              {
                "id": 0,
                "type": "socket"
              }
            ],
            "skip_ipv4": false,
            "skip_ipv6": false,
            "smbios": [
              {
                "family": "",
                "manufacturer": "",
                "product": "",
                "serial": "",
                "sku": "",
                "uuid": "9aab730a-70c4-4392-a944-dfb1ed9f11c4",
                "version": ""
              }
            ],
            "sockets": 0,
            "ssh_forward_ip": null,
            "ssh_host": "192.168.50.6",
            "ssh_port": "22",
            "ssh_private_key": null,
            "ssh_user": null,
            "sshkeys": "ssh-ed25519 AAAAC3NzaC1lZDI1NTE5AAAAIGBHWpYk7FDrlGcuQF1zYauvWa62Kmwj5Z/C/ksB0eK4 kevin@bessie\nssh-rsa AAAAB3NzaC1yc2EAAAADAQABAAABgQDCfKdycPd96nMVRwU166yImlMSlgjlClJP/JpDx6fUx4xECkpxfiRWyBELTmyFp1loC0ABLL6p86GQEeriABsuOkb9zwOiUTxvJEfwuVPKULvE3kt0nZrQQd0KpGFZ2qbhlTNAUVshU0eYGONevh9AwvjkGLZxakiwIl0XF1X/RzbotYmT7D4hA7yy2/8I97hMTL7a5xSLNMJpfd6rNzq9GwX/o4b06iJjlkyMmgUJevWst4ATb9XAgkJwuuPjXM9dSJi5MwjWYkwH0zCJvutPJ5Z28oy7M1R3+oCbGh+7xNmcOhrCcceV4Z5sq3uYOy/kRR3osCU2pFgirs9TxPwqLHTTiPlcxOvAaACNK9tQDSqI+XwNecBKt4NgvbavI4WgcilqAe3lmUlMskJllEwUi3QrnSGP53LaHu2PRxrPTLfLZI5DKReKzB29FE7ZsMiOCbcTB4SJrBRmxfVB7VSNepqqmLh3RyHb0vRWidKshsz9PXb1Zynpn7nGcbMKxFE= kevin@ansible\nssh-rsa AAAAB3NzaC1yc2EAAAADAQABAAABgQCqAJpgMNAvZsnnWEfg4vqU0LpmhNYN1+Pv9D8op3EGrCUHCmLAE9ur732ycHxBr7oKCe/G4xIV/kHivQglkGT0RrFdSNs5JY8gNo/CRICFVLsuBJPftX6b7pBdpIiEcvUugeqMJccxZ34fkiqE+z78v1T4vYSfTJwdRIiT243vJ/DxxLma3XyJgZTPi+2YTKYGKQsIHYicVeR838+mA/4hpTnRc0Oxqn1JPurhQ5wPptlUgpQCY5wGWn2Y17E8SnOmLq303SIvFdYAwZ8rxNJGm+vMuO4sUibcU4gszKI+wUR8lZtdQ2PihbHCxxF0RRtZIVYxZuy2KJsDsu2NRIxNgTU2k+Op+3igGYckYG2eJ814qScUL/KC3HcpBX2S808sT1QwfI4CxL0C3TWYKLsKqJWHLRahbnd6XPMRwi6EXrFxg5qWDD+RgWUND2Gr+2L2dTST8bvDehWbwUA+DeF2pMMT/QT1E7N9Dv71x+nx2MmiFKku9b8uA/AnngUKBn0= kevin@terraform\nssh-rsa AAAAB3NzaC1yc2EAAAADAQABAAABgQC5x5BmaQDMNAAPUXQ20hfeYzjcH4EenG4db8qPGhlojL5V2838XWNHKAn3+SBSnKDXONjomGB8ZXafILV9hr1BXRKoP/1HOj6IlhujJSk9lDWx5WOvRoZmBeLFuExkLJSlIU62eOAzXvxwHWgCHip947OV1toUy5GpPc+LUri9fHB9b4MV1BiNDA0Ad0rc2fjxQ2HOU5wq+g+zbTKB3HqewjfEdE56/6OHmXvJIXvucOCTFKep7r5nc6KFWt1I7r7eG+uZqDKotyfBHXe9nqh2dXkBYkT6G7+cRZSumhPsa2CMTGzY7aeHjKq1pJ2RYdFkp1jbUo+l2gLw5WPXZ2ugduR8aiwLazAMUN0+dhguMvomB+KbXUJfq1TEEuzdAohbxL6DNhBYXsXbJJwAEM+ovGT66tsl4+MFvjL+wO6X2d60EHfBxcFW0B7OQoE8bl7kg5ZBrobPjzN9g8dkGTwObWk+N9hCSSB+DUzz9osF+Q7gkv4TOWIT4M4WtrqGel8= kevin@fedora\n",
            "startup": "",
            "tablet": true,
            "tags": "",
            "target_node": "pve",
            "target_nodes": null,
            "timeouts": null,
            "tpm_state": [],
            "unused_disk": [],
            "usb": [],
            "usbs": [],
            "vcpus": 0,
            "vga": [],
            "vm_state": "running",
            "vmid": 105
          },
          "sensitive_attributes": [
            [
              {
                "type": "get_attr",
                "value": "cipassword"
              }
            ],
            [
              {
                "type": "get_attr",
                "value": "ssh_private_key"
              }
            ]
          ],
          "identity_schema_version": 0,
          "private": "eyJlMmJmYjczMC1lY2FhLTExZTYtOGY4OC0zNDM2M2JjN2M0YzAiOnsiY3JlYXRlIjoxMjAwMDAwMDAwMDAwLCJkZWZhdWx0IjoxMjAwMDAwMDAwMDAwLCJkZWxldGUiOjEyMDAwMDAwMDAwMDAsInJlYWQiOjEyMDAwMDAwMDAwMDAsInVwZGF0ZSI6MTIwMDAwMDAwMDAwMH19"
        }
      ]
    },
    {
      "module": "module.ssvp-dev1",
      "mode": "managed",
      "type": "proxmox_vm_qemu",
      "name": "ssvp-dev1",
      "provider": "module.ssvp-dev1.provider[\"registry.terraform.io/telmate/proxmox\"]",
      "instances": [
        {
          "index_key": 0,
          "schema_version": 0,
          "attributes": {
            "additional_wait": 5,
            "agent": 0,
            "agent_timeout": 90,
            "args": "",
            "automatic_reboot": true,
            "balloon": 0,
            "bios": "seabios",
            "boot": "c",
            "bootdisk": "scsi0",
            "ci_wait": null,
            "cicustom": "",
            "cipassword": "obo74Cle",
            "ciupgrade": false,
            "ciuser": "kevin",
            "clone": "ubuntu-cloud",
            "clone_id": null,
            "clone_wait": 10,
            "cores": 0,
            "cpu": [
              {
                "affinity": "",
                "cores": 2,
                "flags": [],
                "limit": 0,
                "numa": false,
                "sockets": 1,
                "type": "host",
                "units": 0,
                "vcores": 0
              }
            ],
            "cpu_type": "",
            "current_node": "nuc3",
            "default_ipv4_address": "192.168.80.29",
            "default_ipv6_address": "",
            "define_connection_info": true,
            "desc": "tf description",
            "disk": [],
            "disks": [
              {
                "ide": [
                  {
                    "ide0": [],
                    "ide1": [],
                    "ide2": [
                      {
                        "cdrom": [
                          {
                            "iso": "",
                            "passthrough": false
                          }
                        ],
                        "cloudinit": [],
                        "disk": [],
                        "ignore": false,
                        "passthrough": []
                      }
                    ],
                    "ide3": [
                      {
                        "cdrom": [],
                        "cloudinit": [
                          {
                            "storage": "ceph"
                          }
                        ],
                        "disk": [],
                        "ignore": false,
                        "passthrough": []
                      }
                    ]
                  }
                ],
                "sata": [],
                "scsi": [
                  {
                    "scsi0": [
                      {
                        "cdrom": [],
                        "cloudinit": [],
                        "disk": [
                          {
                            "asyncio": "",
                            "backup": true,
                            "cache": "",
                            "discard": false,
                            "emulatessd": false,
                            "format": "raw",
                            "id": 0,
                            "iops_r_burst": 0,
                            "iops_r_burst_length": 0,
                            "iops_r_concurrent": 0,
                            "iops_wr_burst": 0,
                            "iops_wr_burst_length": 0,
                            "iops_wr_concurrent": 0,
                            "iothread": false,
                            "linked_disk_id": -1,
                            "mbps_r_burst": 0,
                            "mbps_r_concurrent": 0,
                            "mbps_wr_burst": 0,
                            "mbps_wr_concurrent": 0,
                            "readonly": false,
                            "replicate": true,
                            "serial": "",
                            "size": "20G",
                            "storage": "ceph",
                            "wwn": ""
                          }
                        ],
                        "ignore": false,
                        "passthrough": []
                      }
                    ],
                    "scsi1": [],
                    "scsi10": [],
                    "scsi11": [],
                    "scsi12": [],
                    "scsi13": [],
                    "scsi14": [],
                    "scsi15": [],
                    "scsi16": [],
                    "scsi17": [],
                    "scsi18": [],
                    "scsi19": [],
                    "scsi2": [],
                    "scsi20": [],
                    "scsi21": [],
                    "scsi22": [],
                    "scsi23": [],
                    "scsi24": [],
                    "scsi25": [],
                    "scsi26": [],
                    "scsi27": [],
                    "scsi28": [],
                    "scsi29": [],
                    "scsi3": [],
                    "scsi30": [],
                    "scsi4": [],
                    "scsi5": [],
                    "scsi6": [],
                    "scsi7": [],
                    "scsi8": [],
                    "scsi9": []
                  }
                ],
                "virtio": []
              }
            ],
            "efidisk": [],
            "force_create": false,
            "force_recreate_on_change_of": null,
            "full_clone": true,
            "hagroup": "",
            "hastate": "",
            "hostpci": [],
            "hotplug": "network,disk,usb",
            "id": "nuc3/qemu/147",
            "ipconfig0": "ip=192.168.80.29/24,gw=192.168.80.1",
            "ipconfig1": "",
            "ipconfig10": "",
            "ipconfig11": "",
            "ipconfig12": "",
            "ipconfig13": "",
            "ipconfig14": "",
            "ipconfig15": "",
            "ipconfig2": "",
            "ipconfig3": "",
            "ipconfig4": "",
            "ipconfig5": "",
            "ipconfig6": "",
            "ipconfig7": "",
            "ipconfig8": "",
            "ipconfig9": "",
            "kvm": true,
            "linked_vmid": 0,
            "machine": "",
            "memory": 4096,
            "name": "ssvp-dev1",
            "nameserver": "",
            "network": [
              {
                "bridge": "vmbr0",
                "firewall": false,
                "id": 0,
                "link_down": false,
                "macaddr": "a6:96:ee:bc:d6:b2",
                "model": "virtio",
                "mtu": 0,
                "queues": 0,
                "rate": 0,
                "tag": 80
              }
            ],
            "numa": false,
            "onboot": true,
            "os_network_config": null,
            "os_type": "ubuntu",
            "pci": [],
            "pcis": [],
            "pool": "HA-3",
            "protection": false,
            "pxe": null,
            "qemu_os": "other",
            "reboot_required": false,
            "scsihw": "virtio-scsi-pci",
            "searchdomain": "",
            "serial": [
              {
                "id": 0,
                "type": "socket"
              }
            ],
            "skip_ipv4": false,
            "skip_ipv6": false,
            "smbios": [
              {
                "family": "",
                "manufacturer": "",
                "product": "",
                "serial": "",
                "sku": "",
                "uuid": "384ef3f0-36d8-4e51-8ea4-33883555d239",
                "version": ""
              }
            ],
            "sockets": 0,
            "ssh_forward_ip": null,
            "ssh_host": "192.168.80.29",
            "ssh_port": "22",
            "ssh_private_key": null,
            "ssh_user": null,
            "sshkeys": "ssh-ed25519 AAAAC3NzaC1lZDI1NTE5AAAAIGBHWpYk7FDrlGcuQF1zYauvWa62Kmwj5Z/C/ksB0eK4 kevin@bessie\nssh-rsa AAAAB3NzaC1yc2EAAAADAQABAAABgQDCfKdycPd96nMVRwU166yImlMSlgjlClJP/JpDx6fUx4xECkpxfiRWyBELTmyFp1loC0ABLL6p86GQEeriABsuOkb9zwOiUTxvJEfwuVPKULvE3kt0nZrQQd0KpGFZ2qbhlTNAUVshU0eYGONevh9AwvjkGLZxakiwIl0XF1X/RzbotYmT7D4hA7yy2/8I97hMTL7a5xSLNMJpfd6rNzq9GwX/o4b06iJjlkyMmgUJevWst4ATb9XAgkJwuuPjXM9dSJi5MwjWYkwH0zCJvutPJ5Z28oy7M1R3+oCbGh+7xNmcOhrCcceV4Z5sq3uYOy/kRR3osCU2pFgirs9TxPwqLHTTiPlcxOvAaACNK9tQDSqI+XwNecBKt4NgvbavI4WgcilqAe3lmUlMskJllEwUi3QrnSGP53LaHu2PRxrPTLfLZI5DKReKzB29FE7ZsMiOCbcTB4SJrBRmxfVB7VSNepqqmLh3RyHb0vRWidKshsz9PXb1Zynpn7nGcbMKxFE= kevin@ansible\nssh-rsa AAAAB3NzaC1yc2EAAAADAQABAAABgQCqAJpgMNAvZsnnWEfg4vqU0LpmhNYN1+Pv9D8op3EGrCUHCmLAE9ur732ycHxBr7oKCe/G4xIV/kHivQglkGT0RrFdSNs5JY8gNo/CRICFVLsuBJPftX6b7pBdpIiEcvUugeqMJccxZ34fkiqE+z78v1T4vYSfTJwdRIiT243vJ/DxxLma3XyJgZTPi+2YTKYGKQsIHYicVeR838+mA/4hpTnRc0Oxqn1JPurhQ5wPptlUgpQCY5wGWn2Y17E8SnOmLq303SIvFdYAwZ8rxNJGm+vMuO4sUibcU4gszKI+wUR8lZtdQ2PihbHCxxF0RRtZIVYxZuy2KJsDsu2NRIxNgTU2k+Op+3igGYckYG2eJ814qScUL/KC3HcpBX2S808sT1QwfI4CxL0C3TWYKLsKqJWHLRahbnd6XPMRwi6EXrFxg5qWDD+RgWUND2Gr+2L2dTST8bvDehWbwUA+DeF2pMMT/QT1E7N9Dv71x+nx2MmiFKku9b8uA/AnngUKBn0= kevin@terraform\nssh-rsa AAAAB3NzaC1yc2EAAAADAQABAAABgQC5x5BmaQDMNAAPUXQ20hfeYzjcH4EenG4db8qPGhlojL5V2838XWNHKAn3+SBSnKDXONjomGB8ZXafILV9hr1BXRKoP/1HOj6IlhujJSk9lDWx5WOvRoZmBeLFuExkLJSlIU62eOAzXvxwHWgCHip947OV1toUy5GpPc+LUri9fHB9b4MV1BiNDA0Ad0rc2fjxQ2HOU5wq+g+zbTKB3HqewjfEdE56/6OHmXvJIXvucOCTFKep7r5nc6KFWt1I7r7eG+uZqDKotyfBHXe9nqh2dXkBYkT6G7+cRZSumhPsa2CMTGzY7aeHjKq1pJ2RYdFkp1jbUo+l2gLw5WPXZ2ugduR8aiwLazAMUN0+dhguMvomB+KbXUJfq1TEEuzdAohbxL6DNhBYXsXbJJwAEM+ovGT66tsl4+MFvjL+wO6X2d60EHfBxcFW0B7OQoE8bl7kg5ZBrobPjzN9g8dkGTwObWk+N9hCSSB+DUzz9osF+Q7gkv4TOWIT4M4WtrqGel8= kevin@fedora\n",
            "startup": "",
            "tablet": true,
            "tags": "",
            "target_node": "nuc3",
            "target_nodes": null,
            "timeouts": null,
            "tpm_state": [],
            "unused_disk": [],
            "usb": [],
            "usbs": [],
            "vcpus": 0,
            "vga": [],
            "vm_state": "running",
            "vmid": 147
          },
          "sensitive_attributes": [
            [
              {
                "type": "get_attr",
                "value": "cipassword"
              }
            ],
            [
              {
                "type": "get_attr",
                "value": "ssh_private_key"
              }
            ]
          ],
          "identity_schema_version": 0,
          "private": "eyJlMmJmYjczMC1lY2FhLTExZTYtOGY4OC0zNDM2M2JjN2M0YzAiOnsiY3JlYXRlIjoxMjAwMDAwMDAwMDAwLCJkZWZhdWx0IjoxMjAwMDAwMDAwMDAwLCJkZWxldGUiOjEyMDAwMDAwMDAwMDAsInJlYWQiOjEyMDAwMDAwMDAwMDAsInVwZGF0ZSI6MTIwMDAwMDAwMDAwMH19"
        }
      ]
    },
    {
      "module": "module.ssvp-prod2",
      "mode": "managed",
      "type": "proxmox_vm_qemu",
      "name": "ssvp-prod2",
      "provider": "module.ssvp-prod2.provider[\"registry.terraform.io/telmate/proxmox\"]",
      "instances": [
        {
          "index_key": 0,
          "schema_version": 0,
          "attributes": {
            "additional_wait": 5,
            "agent": 0,
            "agent_timeout": 90,
            "args": "",
            "automatic_reboot": true,
            "balloon": 0,
            "bios": "seabios",
            "boot": "c",
            "bootdisk": "scsi0",
            "ci_wait": null,
            "cicustom": "",
            "cipassword": "obo74Cle",
            "ciupgrade": false,
            "ciuser": "kevin",
            "clone": "ubuntu-2404-cloud",
            "clone_id": null,
            "clone_wait": 10,
            "cores": 0,
            "cpu": [
              {
                "affinity": "",
                "cores": 2,
                "flags": [],
                "limit": 0,
                "numa": false,
                "sockets": 1,
                "type": "host",
                "units": 0,
                "vcores": 0
              }
            ],
            "cpu_type": "",
            "current_node": "nuc3",
            "default_ipv4_address": "192.168.80.32",
            "default_ipv6_address": "",
            "define_connection_info": true,
            "desc": "tf description",
            "disk": [],
            "disks": [
              {
                "ide": [
                  {
                    "ide0": [],
                    "ide1": [],
                    "ide2": [
                      {
                        "cdrom": [
                          {
                            "iso": "",
                            "passthrough": false
                          }
                        ],
                        "cloudinit": [],
                        "disk": [],
                        "ignore": false,
                        "passthrough": []
                      }
                    ],
                    "ide3": [
                      {
                        "cdrom": [],
                        "cloudinit": [
                          {
                            "storage": "ceph"
                          }
                        ],
                        "disk": [],
                        "ignore": false,
                        "passthrough": []
                      }
                    ]
                  }
                ],
                "sata": [],
                "scsi": [
                  {
                    "scsi0": [
                      {
                        "cdrom": [],
                        "cloudinit": [],
                        "disk": [
                          {
                            "asyncio": "",
                            "backup": true,
                            "cache": "",
                            "discard": false,
                            "emulatessd": false,
                            "format": "raw",
                            "id": 0,
                            "iops_r_burst": 0,
                            "iops_r_burst_length": 0,
                            "iops_r_concurrent": 0,
                            "iops_wr_burst": 0,
                            "iops_wr_burst_length": 0,
                            "iops_wr_concurrent": 0,
                            "iothread": false,
                            "linked_disk_id": -1,
                            "mbps_r_burst": 0,
                            "mbps_r_concurrent": 0,
                            "mbps_wr_burst": 0,
                            "mbps_wr_concurrent": 0,
                            "readonly": false,
                            "replicate": true,
                            "serial": "",
                            "size": "20G",
                            "storage": "ceph",
                            "wwn": ""
                          }
                        ],
                        "ignore": false,
                        "passthrough": []
                      }
                    ],
                    "scsi1": [],
                    "scsi10": [],
                    "scsi11": [],
                    "scsi12": [],
                    "scsi13": [],
                    "scsi14": [],
                    "scsi15": [],
                    "scsi16": [],
                    "scsi17": [],
                    "scsi18": [],
                    "scsi19": [],
                    "scsi2": [],
                    "scsi20": [],
                    "scsi21": [],
                    "scsi22": [],
                    "scsi23": [],
                    "scsi24": [],
                    "scsi25": [],
                    "scsi26": [],
                    "scsi27": [],
                    "scsi28": [],
                    "scsi29": [],
                    "scsi3": [],
                    "scsi30": [],
                    "scsi4": [],
                    "scsi5": [],
                    "scsi6": [],
                    "scsi7": [],
                    "scsi8": [],
                    "scsi9": []
                  }
                ],
                "virtio": []
              }
            ],
            "efidisk": [],
            "force_create": false,
            "force_recreate_on_change_of": null,
            "full_clone": true,
            "hagroup": "",
            "hastate": "",
            "hostpci": [],
            "hotplug": "network,disk,usb",
            "id": "nuc3/qemu/148",
            "ipconfig0": "ip=192.168.80.32/24,gw=192.168.80.1",
            "ipconfig1": "",
            "ipconfig10": "",
            "ipconfig11": "",
            "ipconfig12": "",
            "ipconfig13": "",
            "ipconfig14": "",
            "ipconfig15": "",
            "ipconfig2": "",
            "ipconfig3": "",
            "ipconfig4": "",
            "ipconfig5": "",
            "ipconfig6": "",
            "ipconfig7": "",
            "ipconfig8": "",
            "ipconfig9": "",
            "kvm": true,
            "linked_vmid": 0,
            "machine": "",
            "memory": 4096,
            "name": "ssvp-prod2",
            "nameserver": "",
            "network": [
              {
                "bridge": "vmbr0",
                "firewall": false,
                "id": 0,
                "link_down": false,
                "macaddr": "c2:c0:75:ff:d5:cf",
                "model": "virtio",
                "mtu": 0,
                "queues": 0,
                "rate": 0,
                "tag": 80
              }
            ],
            "numa": false,
            "onboot": true,
            "os_network_config": null,
            "os_type": "ubuntu",
            "pci": [],
            "pcis": [],
            "pool": "HA-3",
            "protection": false,
            "pxe": null,
            "qemu_os": "other",
            "reboot_required": false,
            "scsihw": "virtio-scsi-pci",
            "searchdomain": "",
            "serial": [
              {
                "id": 0,
                "type": "socket"
              }
            ],
            "skip_ipv4": false,
            "skip_ipv6": false,
            "smbios": [
              {
                "family": "",
                "manufacturer": "",
                "product": "",
                "serial": "",
                "sku": "",
                "uuid": "c300ffcd-86c1-44e1-820c-468400819ca0",
                "version": ""
              }
            ],
            "sockets": 0,
            "ssh_forward_ip": null,
            "ssh_host": "192.168.80.32",
            "ssh_port": "22",
            "ssh_private_key": null,
            "ssh_user": null,
            "sshkeys": "ssh-ed25519 AAAAC3NzaC1lZDI1NTE5AAAAIGBHWpYk7FDrlGcuQF1zYauvWa62Kmwj5Z/C/ksB0eK4 kevin@bessie\nssh-rsa AAAAB3NzaC1yc2EAAAADAQABAAABgQDCfKdycPd96nMVRwU166yImlMSlgjlClJP/JpDx6fUx4xECkpxfiRWyBELTmyFp1loC0ABLL6p86GQEeriABsuOkb9zwOiUTxvJEfwuVPKULvE3kt0nZrQQd0KpGFZ2qbhlTNAUVshU0eYGONevh9AwvjkGLZxakiwIl0XF1X/RzbotYmT7D4hA7yy2/8I97hMTL7a5xSLNMJpfd6rNzq9GwX/o4b06iJjlkyMmgUJevWst4ATb9XAgkJwuuPjXM9dSJi5MwjWYkwH0zCJvutPJ5Z28oy7M1R3+oCbGh+7xNmcOhrCcceV4Z5sq3uYOy/kRR3osCU2pFgirs9TxPwqLHTTiPlcxOvAaACNK9tQDSqI+XwNecBKt4NgvbavI4WgcilqAe3lmUlMskJllEwUi3QrnSGP53LaHu2PRxrPTLfLZI5DKReKzB29FE7ZsMiOCbcTB4SJrBRmxfVB7VSNepqqmLh3RyHb0vRWidKshsz9PXb1Zynpn7nGcbMKxFE= kevin@ansible\nssh-rsa AAAAB3NzaC1yc2EAAAADAQABAAABgQCqAJpgMNAvZsnnWEfg4vqU0LpmhNYN1+Pv9D8op3EGrCUHCmLAE9ur732ycHxBr7oKCe/G4xIV/kHivQglkGT0RrFdSNs5JY8gNo/CRICFVLsuBJPftX6b7pBdpIiEcvUugeqMJccxZ34fkiqE+z78v1T4vYSfTJwdRIiT243vJ/DxxLma3XyJgZTPi+2YTKYGKQsIHYicVeR838+mA/4hpTnRc0Oxqn1JPurhQ5wPptlUgpQCY5wGWn2Y17E8SnOmLq303SIvFdYAwZ8rxNJGm+vMuO4sUibcU4gszKI+wUR8lZtdQ2PihbHCxxF0RRtZIVYxZuy2KJsDsu2NRIxNgTU2k+Op+3igGYckYG2eJ814qScUL/KC3HcpBX2S808sT1QwfI4CxL0C3TWYKLsKqJWHLRahbnd6XPMRwi6EXrFxg5qWDD+RgWUND2Gr+2L2dTST8bvDehWbwUA+DeF2pMMT/QT1E7N9Dv71x+nx2MmiFKku9b8uA/AnngUKBn0= kevin@terraform\nssh-rsa AAAAB3NzaC1yc2EAAAADAQABAAABgQC5x5BmaQDMNAAPUXQ20hfeYzjcH4EenG4db8qPGhlojL5V2838XWNHKAn3+SBSnKDXONjomGB8ZXafILV9hr1BXRKoP/1HOj6IlhujJSk9lDWx5WOvRoZmBeLFuExkLJSlIU62eOAzXvxwHWgCHip947OV1toUy5GpPc+LUri9fHB9b4MV1BiNDA0Ad0rc2fjxQ2HOU5wq+g+zbTKB3HqewjfEdE56/6OHmXvJIXvucOCTFKep7r5nc6KFWt1I7r7eG+uZqDKotyfBHXe9nqh2dXkBYkT6G7+cRZSumhPsa2CMTGzY7aeHjKq1pJ2RYdFkp1jbUo+l2gLw5WPXZ2ugduR8aiwLazAMUN0+dhguMvomB+KbXUJfq1TEEuzdAohbxL6DNhBYXsXbJJwAEM+ovGT66tsl4+MFvjL+wO6X2d60EHfBxcFW0B7OQoE8bl7kg5ZBrobPjzN9g8dkGTwObWk+N9hCSSB+DUzz9osF+Q7gkv4TOWIT4M4WtrqGel8= kevin@fedora\n",
            "startup": "",
            "tablet": true,
            "tags": "",
            "target_node": "nuc3",
            "target_nodes": null,
            "timeouts": null,
            "tpm_state": [],
            "unused_disk": [],
            "usb": [],
            "usbs": [],
            "vcpus": 0,
            "vga": [],
            "vm_state": "running",
            "vmid": 148
          },
          "sensitive_attributes": [
            [
              {
                "type": "get_attr",
                "value": "cipassword"
              }
            ],
            [
              {
                "type": "get_attr",
                "value": "ssh_private_key"
              }
            ]
          ],
          "identity_schema_version": 0,
          "private": "eyJlMmJmYjczMC1lY2FhLTExZTYtOGY4OC0zNDM2M2JjN2M0YzAiOnsiY3JlYXRlIjoxMjAwMDAwMDAwMDAwLCJkZWZhdWx0IjoxMjAwMDAwMDAwMDAwLCJkZWxldGUiOjEyMDAwMDAwMDAwMDAsInJlYWQiOjEyMDAwMDAwMDAwMDAsInVwZGF0ZSI6MTIwMDAwMDAwMDAwMH19"
        }
      ]
    },
    {
      "module": "module.transmission",
      "mode": "managed",
      "type": "proxmox_vm_qemu",
      "name": "transmission",
      "provider": "module.transmission.provider[\"registry.terraform.io/telmate/proxmox\"]",
      "instances": [
        {
          "index_key": 0,
          "schema_version": 0,
          "attributes": {
            "additional_wait": 5,
            "agent": 0,
            "agent_timeout": 90,
            "args": "",
            "automatic_reboot": true,
            "balloon": 0,
            "bios": "seabios",
            "boot": "c",
            "bootdisk": "scsi0",
            "ci_wait": null,
            "cicustom": "",
            "cipassword": "obo74Cle",
            "ciupgrade": false,
            "ciuser": "kevin",
            "clone": "ubuntu-2404-cloud",
            "clone_id": null,
            "clone_wait": 10,
            "cores": 0,
            "cpu": [
              {
                "affinity": "",
                "cores": 1,
                "flags": [],
                "limit": 0,
                "numa": false,
                "sockets": 1,
                "type": "host",
                "units": 0,
                "vcores": 0
              }
            ],
            "cpu_type": "",
            "current_node": "pve",
            "default_ipv4_address": "192.168.50.9",
            "default_ipv6_address": "",
            "define_connection_info": true,
            "desc": "tf description",
            "disk": [],
            "disks": [
              {
                "ide": [
                  {
                    "ide0": [],
                    "ide1": [],
                    "ide2": [
                      {
                        "cdrom": [
                          {
                            "iso": "",
                            "passthrough": false
                          }
                        ],
                        "cloudinit": [],
                        "disk": [],
                        "ignore": false,
                        "passthrough": []
                      }
                    ],
                    "ide3": [
                      {
                        "cdrom": [],
                        "cloudinit": [
                          {
                            "storage": "ceph"
                          }
                        ],
                        "disk": [],
                        "ignore": false,
                        "passthrough": []
                      }
                    ]
                  }
                ],
                "sata": [],
                "scsi": [
                  {
                    "scsi0": [
                      {
                        "cdrom": [],
                        "cloudinit": [],
                        "disk": [
                          {
                            "asyncio": "",
                            "backup": true,
                            "cache": "",
                            "discard": false,
                            "emulatessd": false,
                            "format": "raw",
                            "id": 0,
                            "iops_r_burst": 0,
                            "iops_r_burst_length": 0,
                            "iops_r_concurrent": 0,
                            "iops_wr_burst": 0,
                            "iops_wr_burst_length": 0,
                            "iops_wr_concurrent": 0,
                            "iothread": false,
                            "linked_disk_id": -1,
                            "mbps_r_burst": 0,
                            "mbps_r_concurrent": 0,
                            "mbps_wr_burst": 0,
                            "mbps_wr_concurrent": 0,
                            "readonly": false,
                            "replicate": true,
                            "serial": "",
                            "size": "8G",
                            "storage": "ceph",
                            "wwn": ""
                          }
                        ],
                        "ignore": false,
                        "passthrough": []
                      }
                    ],
                    "scsi1": [],
                    "scsi10": [],
                    "scsi11": [],
                    "scsi12": [],
                    "scsi13": [],
                    "scsi14": [],
                    "scsi15": [],
                    "scsi16": [],
                    "scsi17": [],
                    "scsi18": [],
                    "scsi19": [],
                    "scsi2": [],
                    "scsi20": [],
                    "scsi21": [],
                    "scsi22": [],
                    "scsi23": [],
                    "scsi24": [],
                    "scsi25": [],
                    "scsi26": [],
                    "scsi27": [],
                    "scsi28": [],
                    "scsi29": [],
                    "scsi3": [],
                    "scsi30": [],
                    "scsi4": [],
                    "scsi5": [],
                    "scsi6": [],
                    "scsi7": [],
                    "scsi8": [],
                    "scsi9": []
                  }
                ],
                "virtio": []
              }
            ],
            "efidisk": [],
            "force_create": false,
            "force_recreate_on_change_of": null,
            "full_clone": true,
            "hagroup": "",
            "hastate": "",
            "hostpci": [],
            "hotplug": "network,disk,usb",
            "id": "pve/qemu/129",
            "ipconfig0": "ip=192.168.50.9/24,gw=192.168.50.1",
            "ipconfig1": "",
            "ipconfig10": "",
            "ipconfig11": "",
            "ipconfig12": "",
            "ipconfig13": "",
            "ipconfig14": "",
            "ipconfig15": "",
            "ipconfig2": "",
            "ipconfig3": "",
            "ipconfig4": "",
            "ipconfig5": "",
            "ipconfig6": "",
            "ipconfig7": "",
            "ipconfig8": "",
            "ipconfig9": "",
            "kvm": true,
            "linked_vmid": 0,
            "machine": "",
            "memory": 2048,
            "name": "transmission",
            "nameserver": "",
            "network": [
              {
                "bridge": "vmbr0",
                "firewall": false,
                "id": 0,
                "link_down": false,
                "macaddr": "42:fb:a1:4a:3b:1f",
                "model": "virtio",
                "mtu": 0,
                "queues": 0,
                "rate": 0,
                "tag": 50
              }
            ],
            "numa": false,
            "onboot": true,
            "os_network_config": null,
            "os_type": "ubuntu",
            "pci": [],
            "pcis": [],
            "pool": "personal",
            "protection": false,
            "pxe": null,
            "qemu_os": "other",
            "reboot_required": false,
            "scsihw": "virtio-scsi-pci",
            "searchdomain": "",
            "serial": [
              {
                "id": 0,
                "type": "socket"
              }
            ],
            "skip_ipv4": false,
            "skip_ipv6": false,
            "smbios": [
              {
                "family": "",
                "manufacturer": "",
                "product": "",
                "serial": "",
                "sku": "",
                "uuid": "e15b2397-8c75-467d-9f06-96a90294ff28",
                "version": ""
              }
            ],
            "sockets": 0,
            "ssh_forward_ip": null,
            "ssh_host": "192.168.50.9",
            "ssh_port": "22",
            "ssh_private_key": null,
            "ssh_user": null,
            "sshkeys": "ssh-ed25519 AAAAC3NzaC1lZDI1NTE5AAAAIGBHWpYk7FDrlGcuQF1zYauvWa62Kmwj5Z/C/ksB0eK4 kevin@bessie\nssh-rsa AAAAB3NzaC1yc2EAAAADAQABAAABgQDCfKdycPd96nMVRwU166yImlMSlgjlClJP/JpDx6fUx4xECkpxfiRWyBELTmyFp1loC0ABLL6p86GQEeriABsuOkb9zwOiUTxvJEfwuVPKULvE3kt0nZrQQd0KpGFZ2qbhlTNAUVshU0eYGONevh9AwvjkGLZxakiwIl0XF1X/RzbotYmT7D4hA7yy2/8I97hMTL7a5xSLNMJpfd6rNzq9GwX/o4b06iJjlkyMmgUJevWst4ATb9XAgkJwuuPjXM9dSJi5MwjWYkwH0zCJvutPJ5Z28oy7M1R3+oCbGh+7xNmcOhrCcceV4Z5sq3uYOy/kRR3osCU2pFgirs9TxPwqLHTTiPlcxOvAaACNK9tQDSqI+XwNecBKt4NgvbavI4WgcilqAe3lmUlMskJllEwUi3QrnSGP53LaHu2PRxrPTLfLZI5DKReKzB29FE7ZsMiOCbcTB4SJrBRmxfVB7VSNepqqmLh3RyHb0vRWidKshsz9PXb1Zynpn7nGcbMKxFE= kevin@ansible\nssh-rsa AAAAB3NzaC1yc2EAAAADAQABAAABgQCqAJpgMNAvZsnnWEfg4vqU0LpmhNYN1+Pv9D8op3EGrCUHCmLAE9ur732ycHxBr7oKCe/G4xIV/kHivQglkGT0RrFdSNs5JY8gNo/CRICFVLsuBJPftX6b7pBdpIiEcvUugeqMJccxZ34fkiqE+z78v1T4vYSfTJwdRIiT243vJ/DxxLma3XyJgZTPi+2YTKYGKQsIHYicVeR838+mA/4hpTnRc0Oxqn1JPurhQ5wPptlUgpQCY5wGWn2Y17E8SnOmLq303SIvFdYAwZ8rxNJGm+vMuO4sUibcU4gszKI+wUR8lZtdQ2PihbHCxxF0RRtZIVYxZuy2KJsDsu2NRIxNgTU2k+Op+3igGYckYG2eJ814qScUL/KC3HcpBX2S808sT1QwfI4CxL0C3TWYKLsKqJWHLRahbnd6XPMRwi6EXrFxg5qWDD+RgWUND2Gr+2L2dTST8bvDehWbwUA+DeF2pMMT/QT1E7N9Dv71x+nx2MmiFKku9b8uA/AnngUKBn0= kevin@terraform\nssh-rsa AAAAB3NzaC1yc2EAAAADAQABAAABgQC5x5BmaQDMNAAPUXQ20hfeYzjcH4EenG4db8qPGhlojL5V2838XWNHKAn3+SBSnKDXONjomGB8ZXafILV9hr1BXRKoP/1HOj6IlhujJSk9lDWx5WOvRoZmBeLFuExkLJSlIU62eOAzXvxwHWgCHip947OV1toUy5GpPc+LUri9fHB9b4MV1BiNDA0Ad0rc2fjxQ2HOU5wq+g+zbTKB3HqewjfEdE56/6OHmXvJIXvucOCTFKep7r5nc6KFWt1I7r7eG+uZqDKotyfBHXe9nqh2dXkBYkT6G7+cRZSumhPsa2CMTGzY7aeHjKq1pJ2RYdFkp1jbUo+l2gLw5WPXZ2ugduR8aiwLazAMUN0+dhguMvomB+KbXUJfq1TEEuzdAohbxL6DNhBYXsXbJJwAEM+ovGT66tsl4+MFvjL+wO6X2d60EHfBxcFW0B7OQoE8bl7kg5ZBrobPjzN9g8dkGTwObWk+N9hCSSB+DUzz9osF+Q7gkv4TOWIT4M4WtrqGel8= kevin@fedora\n",
            "startup": "",
            "tablet": true,
            "tags": "",
            "target_node": "pve",
            "target_nodes": null,
            "timeouts": null,
            "tpm_state": [],
            "unused_disk": [],
            "usb": [],
            "usbs": [],
            "vcpus": 0,
            "vga": [],
            "vm_state": "running",
            "vmid": 129
          },
          "sensitive_attributes": [
            [
              {
                "type": "get_attr",
                "value": "cipassword"
              }
            ],
            [
              {
                "type": "get_attr",
                "value": "ssh_private_key"
              }
            ]
          ],
          "identity_schema_version": 0,
          "private": "eyJlMmJmYjczMC1lY2FhLTExZTYtOGY4OC0zNDM2M2JjN2M0YzAiOnsiY3JlYXRlIjoxMjAwMDAwMDAwMDAwLCJkZWZhdWx0IjoxMjAwMDAwMDAwMDAwLCJkZWxldGUiOjEyMDAwMDAwMDAwMDAsInJlYWQiOjEyMDAwMDAwMDAwMDAsInVwZGF0ZSI6MTIwMDAwMDAwMDAwMH19"
        }
      ]
    },
    {
      "module": "module.wedding-prod1",
      "mode": "managed",
      "type": "proxmox_vm_qemu",
      "name": "wedding-prod1",
      "provider": "module.wedding-prod1.provider[\"registry.terraform.io/telmate/proxmox\"]",
      "instances": [
        {
          "index_key": 0,
          "schema_version": 0,
          "attributes": {
            "additional_wait": 5,
            "agent": 0,
            "agent_timeout": 90,
            "args": "",
            "automatic_reboot": true,
            "balloon": 0,
            "bios": "seabios",
            "boot": "c",
            "bootdisk": "scsi0",
            "ci_wait": null,
            "cicustom": "",
            "cipassword": "obo74Cle",
            "ciupgrade": false,
            "ciuser": "kevin",
            "clone": "ubuntu-2404-cloud",
            "clone_id": null,
            "clone_wait": 10,
            "cores": 0,
            "cpu": [
              {
                "affinity": "",
                "cores": 2,
                "flags": [],
                "limit": 0,
                "numa": false,
                "sockets": 1,
                "type": "host",
                "units": 0,
                "vcores": 0
              }
            ],
            "cpu_type": "",
            "current_node": "pve",
            "default_ipv4_address": "192.168.80.10",
            "default_ipv6_address": "",
            "define_connection_info": true,
            "desc": "tf description",
            "disk": [],
            "disks": [
              {
                "ide": [
                  {
                    "ide0": [],
                    "ide1": [],
                    "ide2": [
                      {
                        "cdrom": [
                          {
                            "iso": "",
                            "passthrough": false
                          }
                        ],
                        "cloudinit": [],
                        "disk": [],
                        "ignore": false,
                        "passthrough": []
                      }
                    ],
                    "ide3": [
                      {
                        "cdrom": [],
                        "cloudinit": [
                          {
                            "storage": "ceph"
                          }
                        ],
                        "disk": [],
                        "ignore": false,
                        "passthrough": []
                      }
                    ]
                  }
                ],
                "sata": [],
                "scsi": [
                  {
                    "scsi0": [
                      {
                        "cdrom": [],
                        "cloudinit": [],
                        "disk": [
                          {
                            "asyncio": "",
                            "backup": true,
                            "cache": "",
                            "discard": false,
                            "emulatessd": false,
                            "format": "raw",
                            "id": 0,
                            "iops_r_burst": 0,
                            "iops_r_burst_length": 0,
                            "iops_r_concurrent": 0,
                            "iops_wr_burst": 0,
                            "iops_wr_burst_length": 0,
                            "iops_wr_concurrent": 0,
                            "iothread": false,
                            "linked_disk_id": -1,
                            "mbps_r_burst": 0,
                            "mbps_r_concurrent": 0,
                            "mbps_wr_burst": 0,
                            "mbps_wr_concurrent": 0,
                            "readonly": false,
                            "replicate": true,
                            "serial": "",
                            "size": "8G",
                            "storage": "ceph",
                            "wwn": ""
                          }
                        ],
                        "ignore": false,
                        "passthrough": []
                      }
                    ],
                    "scsi1": [],
                    "scsi10": [],
                    "scsi11": [],
                    "scsi12": [],
                    "scsi13": [],
                    "scsi14": [],
                    "scsi15": [],
                    "scsi16": [],
                    "scsi17": [],
                    "scsi18": [],
                    "scsi19": [],
                    "scsi2": [],
                    "scsi20": [],
                    "scsi21": [],
                    "scsi22": [],
                    "scsi23": [],
                    "scsi24": [],
                    "scsi25": [],
                    "scsi26": [],
                    "scsi27": [],
                    "scsi28": [],
                    "scsi29": [],
                    "scsi3": [],
                    "scsi30": [],
                    "scsi4": [],
                    "scsi5": [],
                    "scsi6": [],
                    "scsi7": [],
                    "scsi8": [],
                    "scsi9": []
                  }
                ],
                "virtio": []
              }
            ],
            "efidisk": [],
            "force_create": false,
            "force_recreate_on_change_of": null,
            "full_clone": true,
            "hagroup": "",
            "hastate": "",
            "hostpci": [],
            "hotplug": "network,disk,usb",
            "id": "pve/qemu/111",
            "ipconfig0": "ip=192.168.80.10/24,gw=192.168.80.1",
            "ipconfig1": "",
            "ipconfig10": "",
            "ipconfig11": "",
            "ipconfig12": "",
            "ipconfig13": "",
            "ipconfig14": "",
            "ipconfig15": "",
            "ipconfig2": "",
            "ipconfig3": "",
            "ipconfig4": "",
            "ipconfig5": "",
            "ipconfig6": "",
            "ipconfig7": "",
            "ipconfig8": "",
            "ipconfig9": "",
            "kvm": true,
            "linked_vmid": 0,
            "machine": "",
            "memory": 1024,
            "name": "wedding-prod1",
            "nameserver": "",
            "network": [
              {
                "bridge": "vmbr0",
                "firewall": false,
                "id": 0,
                "link_down": false,
                "macaddr": "22:c1:88:a9:bc:a9",
                "model": "virtio",
                "mtu": 0,
                "queues": 0,
                "rate": 0,
                "tag": 80
              }
            ],
            "numa": false,
            "onboot": true,
            "os_network_config": null,
            "os_type": "ubuntu",
            "pci": [],
            "pcis": [],
            "pool": "personal",
            "protection": false,
            "pxe": null,
            "qemu_os": "other",
            "reboot_required": false,
            "scsihw": "virtio-scsi-pci",
            "searchdomain": "",
            "serial": [
              {
                "id": 0,
                "type": "socket"
              }
            ],
            "skip_ipv4": false,
            "skip_ipv6": false,
            "smbios": [
              {
                "family": "",
                "manufacturer": "",
                "product": "",
                "serial": "",
                "sku": "",
                "uuid": "cb6b6b36-3fd5-4443-8ed1-5f3aaf257947",
                "version": ""
              }
            ],
            "sockets": 0,
            "ssh_forward_ip": null,
            "ssh_host": "192.168.80.10",
            "ssh_port": "22",
            "ssh_private_key": null,
            "ssh_user": null,
            "sshkeys": "ssh-ed25519 AAAAC3NzaC1lZDI1NTE5AAAAIGBHWpYk7FDrlGcuQF1zYauvWa62Kmwj5Z/C/ksB0eK4 kevin@bessie\nssh-rsa AAAAB3NzaC1yc2EAAAADAQABAAABgQDCfKdycPd96nMVRwU166yImlMSlgjlClJP/JpDx6fUx4xECkpxfiRWyBELTmyFp1loC0ABLL6p86GQEeriABsuOkb9zwOiUTxvJEfwuVPKULvE3kt0nZrQQd0KpGFZ2qbhlTNAUVshU0eYGONevh9AwvjkGLZxakiwIl0XF1X/RzbotYmT7D4hA7yy2/8I97hMTL7a5xSLNMJpfd6rNzq9GwX/o4b06iJjlkyMmgUJevWst4ATb9XAgkJwuuPjXM9dSJi5MwjWYkwH0zCJvutPJ5Z28oy7M1R3+oCbGh+7xNmcOhrCcceV4Z5sq3uYOy/kRR3osCU2pFgirs9TxPwqLHTTiPlcxOvAaACNK9tQDSqI+XwNecBKt4NgvbavI4WgcilqAe3lmUlMskJllEwUi3QrnSGP53LaHu2PRxrPTLfLZI5DKReKzB29FE7ZsMiOCbcTB4SJrBRmxfVB7VSNepqqmLh3RyHb0vRWidKshsz9PXb1Zynpn7nGcbMKxFE= kevin@ansible\nssh-rsa AAAAB3NzaC1yc2EAAAADAQABAAABgQCqAJpgMNAvZsnnWEfg4vqU0LpmhNYN1+Pv9D8op3EGrCUHCmLAE9ur732ycHxBr7oKCe/G4xIV/kHivQglkGT0RrFdSNs5JY8gNo/CRICFVLsuBJPftX6b7pBdpIiEcvUugeqMJccxZ34fkiqE+z78v1T4vYSfTJwdRIiT243vJ/DxxLma3XyJgZTPi+2YTKYGKQsIHYicVeR838+mA/4hpTnRc0Oxqn1JPurhQ5wPptlUgpQCY5wGWn2Y17E8SnOmLq303SIvFdYAwZ8rxNJGm+vMuO4sUibcU4gszKI+wUR8lZtdQ2PihbHCxxF0RRtZIVYxZuy2KJsDsu2NRIxNgTU2k+Op+3igGYckYG2eJ814qScUL/KC3HcpBX2S808sT1QwfI4CxL0C3TWYKLsKqJWHLRahbnd6XPMRwi6EXrFxg5qWDD+RgWUND2Gr+2L2dTST8bvDehWbwUA+DeF2pMMT/QT1E7N9Dv71x+nx2MmiFKku9b8uA/AnngUKBn0= kevin@terraform\nssh-rsa AAAAB3NzaC1yc2EAAAADAQABAAABgQC5x5BmaQDMNAAPUXQ20hfeYzjcH4EenG4db8qPGhlojL5V2838XWNHKAn3+SBSnKDXONjomGB8ZXafILV9hr1BXRKoP/1HOj6IlhujJSk9lDWx5WOvRoZmBeLFuExkLJSlIU62eOAzXvxwHWgCHip947OV1toUy5GpPc+LUri9fHB9b4MV1BiNDA0Ad0rc2fjxQ2HOU5wq+g+zbTKB3HqewjfEdE56/6OHmXvJIXvucOCTFKep7r5nc6KFWt1I7r7eG+uZqDKotyfBHXe9nqh2dXkBYkT6G7+cRZSumhPsa2CMTGzY7aeHjKq1pJ2RYdFkp1jbUo+l2gLw5WPXZ2ugduR8aiwLazAMUN0+dhguMvomB+KbXUJfq1TEEuzdAohbxL6DNhBYXsXbJJwAEM+ovGT66tsl4+MFvjL+wO6X2d60EHfBxcFW0B7OQoE8bl7kg5ZBrobPjzN9g8dkGTwObWk+N9hCSSB+DUzz9osF+Q7gkv4TOWIT4M4WtrqGel8= kevin@fedora\n",
            "startup": "",
            "tablet": true,
            "tags": "",
            "target_node": "pve",
            "target_nodes": null,
            "timeouts": null,
            "tpm_state": [],
            "unused_disk": [],
            "usb": [],
            "usbs": [],
            "vcpus": 0,
            "vga": [],
            "vm_state": "running",
            "vmid": 111
          },
          "sensitive_attributes": [
            [
              {
                "type": "get_attr",
                "value": "cipassword"
              }
            ],
            [
              {
                "type": "get_attr",
                "value": "ssh_private_key"
              }
            ]
          ],
          "identity_schema_version": 0,
          "private": "eyJlMmJmYjczMC1lY2FhLTExZTYtOGY4OC0zNDM2M2JjN2M0YzAiOnsiY3JlYXRlIjoxMjAwMDAwMDAwMDAwLCJkZWZhdWx0IjoxMjAwMDAwMDAwMDAwLCJkZWxldGUiOjEyMDAwMDAwMDAwMDAsInJlYWQiOjEyMDAwMDAwMDAwMDAsInVwZGF0ZSI6MTIwMDAwMDAwMDAwMH19"
        }
      ]
    }
  ],
  "check_results": null
}
